<?xml version="1.0" encoding="utf-8"?>
<Project ToolsVersion="4.0" xmlns="http://schemas.microsoft.com/developer/msbuild/2003">
  <ItemGroup>
    <Filter Include="Source Files">
      <UniqueIdentifier>{4FC737F1-C7A5-4376-A066-2A32D752A2FF}</UniqueIdentifier>
      <Extensions>cpp;c;cc;cxx;def;odl;idl;hpj;bat;asm;asmx</Extensions>
    </Filter>
    <Filter Include="Resource Files">
      <UniqueIdentifier>{67DA6AB6-F800-4c08-8B7A-83BB121AAD01}</UniqueIdentifier>
      <Extensions>rc;ico;cur;bmp;dlg;rc2;rct;bin;rgs;gif;jpg;jpeg;jpe;resx;tiff;tif;png;wav;mfcribbon-ms</Extensions>
    </Filter>
    <Filter Include="Header Files">
      <UniqueIdentifier>{93995380-89BD-4b04-88EB-625FBE52EBFB}</UniqueIdentifier>
      <Extensions>h;hh;hpp;hxx;hm;inl;inc;xsd</Extensions>
    </Filter>
    <Filter Include="Header Files\System">
      <UniqueIdentifier>{35a0ad53-72d1-47cc-be83-6ab87cda5688}</UniqueIdentifier>
    </Filter>
    <Filter Include="Header Files\Streams">
      <UniqueIdentifier>{cc10d6e8-b56c-4746-911a-b4f749466e83}</UniqueIdentifier>
    </Filter>
    <Filter Include="Header Files\Sizers">
      <UniqueIdentifier>{febdb9fc-2421-477b-ab87-1e9d719c63a9}</UniqueIdentifier>
    </Filter>
    <Filter Include="Header Files\Events">
      <UniqueIdentifier>{bf54f086-d884-45dc-8670-5c65e6f09e19}</UniqueIdentifier>
    </Filter>
    <Filter Include="Header Files\GUI">
      <UniqueIdentifier>{6c310c16-9644-4de9-afd3-8862008629ff}</UniqueIdentifier>
    </Filter>
    <Filter Include="Header Files\GUI\Dialogs">
      <UniqueIdentifier>{0de5f247-aaf3-442a-bc48-a8a16daa22e7}</UniqueIdentifier>
    </Filter>
    <Filter Include="Header Files\GUI\Controls">
      <UniqueIdentifier>{5121c935-f7ad-4116-b589-cb0d930683c6}</UniqueIdentifier>
    </Filter>
    <Filter Include="Header Files\GUI\AUI">
      <UniqueIdentifier>{be656ce5-feb3-4b1b-b4f3-bd15257ac986}</UniqueIdentifier>
    </Filter>
    <Filter Include="Header Files\GUI\Windows">
      <UniqueIdentifier>{75e0a548-2dc9-4623-a2c1-9daef5598f15}</UniqueIdentifier>
    </Filter>
    <Filter Include="Source Files\Events">
      <UniqueIdentifier>{e19724b4-11bc-44f5-a040-78994c9ee6ab}</UniqueIdentifier>
    </Filter>
    <Filter Include="Source Files\Streams">
      <UniqueIdentifier>{721309c3-9280-403a-863b-7f43020c5be9}</UniqueIdentifier>
    </Filter>
    <Filter Include="Source Files\System">
      <UniqueIdentifier>{849b76ae-a5dc-47bf-8753-1b70f7aa091a}</UniqueIdentifier>
    </Filter>
    <Filter Include="Source Files\GUI">
      <UniqueIdentifier>{60049398-3826-4dd1-9fea-0cca7f82949e}</UniqueIdentifier>
    </Filter>
    <Filter Include="Source Files\GUI\AUI">
      <UniqueIdentifier>{3e8be801-67ab-4b56-978f-86556053e602}</UniqueIdentifier>
    </Filter>
    <Filter Include="Source Files\GUI\Dialogs">
      <UniqueIdentifier>{b38ef96b-40e1-4dff-a767-e3fb73f75187}</UniqueIdentifier>
    </Filter>
    <Filter Include="Source Files\GUI\Windows">
      <UniqueIdentifier>{74472426-6df0-499b-9379-045dc38d5d4f}</UniqueIdentifier>
    </Filter>
    <Filter Include="Header Files\GUI\Menus">
      <UniqueIdentifier>{f2b5ce1f-c739-47f9-bf55-bcbe305ca3f2}</UniqueIdentifier>
    </Filter>
    <Filter Include="Source Files\GUI\Menus">
      <UniqueIdentifier>{4f8ee5ef-125d-45f2-8fa5-32764cd79734}</UniqueIdentifier>
    </Filter>
    <Filter Include="Header Files\General">
      <UniqueIdentifier>{78ce2f9b-2a99-4d3f-8e20-2ce7526e49da}</UniqueIdentifier>
    </Filter>
    <Filter Include="Source Files\General">
      <UniqueIdentifier>{04351464-70db-4e69-82eb-8d33f862f80f}</UniqueIdentifier>
    </Filter>
    <Filter Include="Source Files\GUI\Controls">
      <UniqueIdentifier>{f01e130d-7ea9-414e-b8c5-c061c1b75cf9}</UniqueIdentifier>
    </Filter>
    <Filter Include="Source Files\Misc">
      <UniqueIdentifier>{9369ebc3-44af-42ee-9987-724cc1b026c9}</UniqueIdentifier>
    </Filter>
    <Filter Include="Header Files\Misc">
      <UniqueIdentifier>{ce660ee4-5cc9-4fad-b667-b1c3c2924a59}</UniqueIdentifier>
    </Filter>
    <Filter Include="Header Files\GUI\DataView2">
      <UniqueIdentifier>{eb022c58-7685-4933-83db-3ae2a7c99660}</UniqueIdentifier>
    </Filter>
    <Filter Include="Source Files\GUI\DataView2">
      <UniqueIdentifier>{fa41b0a9-7ee7-4c1a-bfa0-7986c249353d}</UniqueIdentifier>
    </Filter>
    <Filter Include="Header Files\GUI\DataView2\Renderers">
      <UniqueIdentifier>{da4451a3-78ba-4565-93b1-f88adc5ac89e}</UniqueIdentifier>
    </Filter>
    <Filter Include="Header Files\GUI\DataView2\Editors">
      <UniqueIdentifier>{bc00aaeb-8f46-4ec8-a154-9824fdddd46d}</UniqueIdentifier>
    </Filter>
    <Filter Include="Source Files\GUI\DataView2\Renderers">
      <UniqueIdentifier>{faa6af25-b64e-43b3-ad87-e31b4b5c1615}</UniqueIdentifier>
    </Filter>
    <Filter Include="Source Files\GUI\DataView2\Editors">
      <UniqueIdentifier>{321f7c2c-c979-46bd-b38d-fc6ed07d9e83}</UniqueIdentifier>
    </Filter>
    <Filter Include="Header Files\General\ComponentSystem">
      <UniqueIdentifier>{b296e85e-06b9-48e1-820c-8ee15beb6b5d}</UniqueIdentifier>
    </Filter>
    <Filter Include="Source Files\General\ComponentSystem">
      <UniqueIdentifier>{4a75dadd-4514-4c7e-9ed8-32e75e3b7eb5}</UniqueIdentifier>
    </Filter>
    <Filter Include="Kx">
      <UniqueIdentifier>{b754c7f1-7cfc-4648-b498-fd9750d8b242}</UniqueIdentifier>
    </Filter>
    <Filter Include="Kx\Threading">
      <UniqueIdentifier>{ccbec7f3-86f7-4bda-acbe-9a8176c4626d}</UniqueIdentifier>
    </Filter>
    <Filter Include="Kx\Threading\Events">
      <UniqueIdentifier>{737b854d-e62c-4e0c-94df-859ffce23b3f}</UniqueIdentifier>
    </Filter>
    <Filter Include="Kx\System">
      <UniqueIdentifier>{7b228bc2-9ef1-4a57-ad08-f8ed2e2297f8}</UniqueIdentifier>
    </Filter>
    <Filter Include="Kx\EventSystem">
      <UniqueIdentifier>{92dd9a25-4dd3-43b6-93d2-2e7e3aca0fee}</UniqueIdentifier>
    </Filter>
    <Filter Include="Kx\EventSystem\Events">
      <UniqueIdentifier>{d9095824-780a-4122-9f03-6015b95cf0ec}</UniqueIdentifier>
    </Filter>
    <Filter Include="Kx\Utility">
      <UniqueIdentifier>{52fc7bb7-70b1-4c6a-bf5f-529badf3d413}</UniqueIdentifier>
    </Filter>
    <Filter Include="Kx\Async">
      <UniqueIdentifier>{fc09224a-8afc-4d5f-8e30-38510a31f4ff}</UniqueIdentifier>
    </Filter>
    <Filter Include="Kx\Async\Coroutine">
      <UniqueIdentifier>{5af1a9f7-b496-4a12-82b1-164394d2a34c}</UniqueIdentifier>
    </Filter>
    <Filter Include="Kx\RTTI">
      <UniqueIdentifier>{9f4d2d8d-8aa1-4b1f-a11f-51ca03f6bba8}</UniqueIdentifier>
    </Filter>
    <Filter Include="Kx\Sciter">
      <UniqueIdentifier>{d52584cf-315c-4912-80d6-95b031065ed1}</UniqueIdentifier>
    </Filter>
    <Filter Include="Kx\Sciter\Windows">
      <UniqueIdentifier>{651bbcaa-5289-4581-90c4-73dc49119514}</UniqueIdentifier>
    </Filter>
    <Filter Include="Kx\Sciter\Controls">
      <UniqueIdentifier>{aacb0ec0-4f97-43ee-a76e-16f29cea9351}</UniqueIdentifier>
    </Filter>
    <Filter Include="Kx\Sciter\Events">
      <UniqueIdentifier>{49eb5c51-d7e1-45ec-9167-7e05b2a547ae}</UniqueIdentifier>
    </Filter>
    <Filter Include="Kx\Sciter\Renderers">
      <UniqueIdentifier>{79730e57-63ef-4d10-a119-9ef02463b0b9}</UniqueIdentifier>
    </Filter>
    <Filter Include="Kx\Sciter\Widgets">
      <UniqueIdentifier>{7a7710b7-f10d-4cdd-aab6-3deb50927777}</UniqueIdentifier>
    </Filter>
    <Filter Include="Kx\Sciter\GraphicsRenderer">
      <UniqueIdentifier>{d79eb026-949d-4566-8c1b-6a403a1f46f0}</UniqueIdentifier>
    </Filter>
    <Filter Include="Kx\Sciter\Utility">
      <UniqueIdentifier>{8e318e71-b1be-4b4e-9f7b-d62888b30ea5}</UniqueIdentifier>
    </Filter>
    <Filter Include="Kx\FileSystem">
      <UniqueIdentifier>{a95e1a0b-7728-4fee-bdea-a3a34c440c70}</UniqueIdentifier>
    </Filter>
    <Filter Include="Kx\General">
      <UniqueIdentifier>{7777f244-e0e6-49ac-b259-199b1aed7a28}</UniqueIdentifier>
    </Filter>
    <Filter Include="Kx\Compression">
      <UniqueIdentifier>{1ffb3494-f392-4267-b778-6c908ff721ea}</UniqueIdentifier>
    </Filter>
    <Filter Include="Kx\UI">
      <UniqueIdentifier>{d35e1c06-a587-42a8-897d-b06fd84ea9cf}</UniqueIdentifier>
    </Filter>
    <Filter Include="Kx\System\Private">
      <UniqueIdentifier>{01514fbc-31c6-49d0-9360-d06809164ea6}</UniqueIdentifier>
    </Filter>
    <Filter Include="Kx\FileSystem\Private">
      <UniqueIdentifier>{8d4abda0-ae07-4c67-8215-582952c35bd2}</UniqueIdentifier>
    </Filter>
    <Filter Include="Kx\General\Private">
      <UniqueIdentifier>{9bddb8ad-b98d-4558-90ae-2b5b7048b860}</UniqueIdentifier>
    </Filter>
    <Filter Include="Kx\wxWidgets">
      <UniqueIdentifier>{025a1a1a-8594-467f-b759-9e5ca71ddd88}</UniqueIdentifier>
    </Filter>
    <Filter Include="Kx\Crypto">
      <UniqueIdentifier>{a22e20b9-4de3-47e4-ace6-bcc7101c470c}</UniqueIdentifier>
    </Filter>
    <Filter Include="Kx\Network">
      <UniqueIdentifier>{503679ad-0476-4a11-beb0-ba123ce47580}</UniqueIdentifier>
    </Filter>
    <Filter Include="Kx\General\Private\HTML">
      <UniqueIdentifier>{aff7ee86-f7ed-4189-957b-55c4c7417581}</UniqueIdentifier>
    </Filter>
    <Filter Include="Kx\Network\Private">
      <UniqueIdentifier>{297f6ab2-a16f-4533-8457-4978880f4f39}</UniqueIdentifier>
    </Filter>
    <Filter Include="Kx\Network\CURL">
      <UniqueIdentifier>{7a962409-a4c6-438c-bc0a-e182899e59fb}</UniqueIdentifier>
    </Filter>
    <Filter Include="Kx\Network\WebSocket">
      <UniqueIdentifier>{2a3b5b6b-016a-40ee-a07e-4b956e81b039}</UniqueIdentifier>
    </Filter>
    <Filter Include="Kx\Network\CURL\Private">
      <UniqueIdentifier>{356be2a4-c6d5-4264-a9c0-cc7e9c6e4d8a}</UniqueIdentifier>
    </Filter>
    <Filter Include="Kx\Drawing">
      <UniqueIdentifier>{fbcc6e41-fe9c-453d-967a-8c07c5a548f6}</UniqueIdentifier>
    </Filter>
    <Filter Include="Kx\Drawing\Private">
      <UniqueIdentifier>{d0521874-4a25-4cdf-b542-c5159ced03de}</UniqueIdentifier>
    </Filter>
    <Filter Include="Kx\Localization">
      <UniqueIdentifier>{78fcd35b-5cf3-4408-b0d1-c3feaddb2f37}</UniqueIdentifier>
    </Filter>
  </ItemGroup>
  <ItemGroup>
    <ClInclude Include="KxStdAfx.h" />
    <ClInclude Include="KxFramework\KxSystemAPI.h">
      <Filter>Header Files\System</Filter>
    </ClInclude>
    <ClInclude Include="KxFramework\KxLibrary.h">
      <Filter>Header Files\System</Filter>
    </ClInclude>
    <ClInclude Include="KxFramework\KxFileStream.h">
      <Filter>Header Files\Streams</Filter>
    </ClInclude>
    <ClInclude Include="KxFramework\KxShell.h">
      <Filter>Header Files\System</Filter>
    </ClInclude>
    <ClInclude Include="KxFramework\KxShellLink.h">
      <Filter>Header Files\System</Filter>
    </ClInclude>
    <ClInclude Include="KxFramework\KxProcess.h">
      <Filter>Header Files\System</Filter>
    </ClInclude>
    <ClInclude Include="KxFramework\KxProcessThread.h">
      <Filter>Header Files\System</Filter>
    </ClInclude>
    <ClInclude Include="KxFramework\KxTopLevelWindow.h">
      <Filter>Header Files\GUI\Windows</Filter>
    </ClInclude>
    <ClInclude Include="KxFramework\KxStandardID.h">
      <Filter>Header Files\General</Filter>
    </ClInclude>
    <ClInclude Include="KxFramework\KxTranslation.h">
      <Filter>Header Files\General</Filter>
    </ClInclude>
    <ClInclude Include="KxFramework\KxFrame.h">
      <Filter>Header Files\GUI\Windows</Filter>
    </ClInclude>
    <ClInclude Include="KxFramework\KxPanel.h">
      <Filter>Header Files\GUI\Windows</Filter>
    </ClInclude>
    <ClInclude Include="KxFramework\KxSplitterWindow.h">
      <Filter>Header Files\GUI\Windows</Filter>
    </ClInclude>
    <ClInclude Include="KxFramework\KxStdDialogButtonSizer.h">
      <Filter>Header Files\Sizers</Filter>
    </ClInclude>
    <ClInclude Include="KxFramework\KxButton.h">
      <Filter>Header Files\GUI\Controls</Filter>
    </ClInclude>
    <ClInclude Include="KxFramework\KxCollapsiblePane.h">
      <Filter>Header Files\GUI\Windows</Filter>
    </ClInclude>
    <ClInclude Include="KxFramework\KxLabel.h">
      <Filter>Header Files\GUI\Controls</Filter>
    </ClInclude>
    <ClInclude Include="KxFramework\KxComboBox.h">
      <Filter>Header Files\GUI\Controls</Filter>
    </ClInclude>
    <ClInclude Include="KxFramework\KxBitmapComboBox.h">
      <Filter>Header Files\GUI\Controls</Filter>
    </ClInclude>
    <ClInclude Include="KxFramework\KxComboControl.h">
      <Filter>Header Files\GUI\Controls</Filter>
    </ClInclude>
    <ClInclude Include="KxFramework\KxComboPopup.h">
      <Filter>Header Files\GUI\Controls</Filter>
    </ClInclude>
    <ClInclude Include="KxFramework\KxHTMLWindow.h">
      <Filter>Header Files\GUI\Controls</Filter>
    </ClInclude>
    <ClInclude Include="KxFramework\KxImageView.h">
      <Filter>Header Files\GUI\Controls</Filter>
    </ClInclude>
    <ClInclude Include="KxFramework\KxProgressBar.h">
      <Filter>Header Files\GUI\Controls</Filter>
    </ClInclude>
    <ClInclude Include="KxFramework\KxRadioButton.h">
      <Filter>Header Files\GUI\Controls</Filter>
    </ClInclude>
    <ClInclude Include="KxFramework\KxCheckBox.h">
      <Filter>Header Files\GUI\Controls</Filter>
    </ClInclude>
    <ClInclude Include="KxFramework\KxSlider.h">
      <Filter>Header Files\GUI\Controls</Filter>
    </ClInclude>
    <ClInclude Include="KxFramework\KxStaticBitmap.h">
      <Filter>Header Files\GUI\Controls</Filter>
    </ClInclude>
    <ClInclude Include="KxFramework\KxStaticText.h">
      <Filter>Header Files\GUI\Controls</Filter>
    </ClInclude>
    <ClInclude Include="KxFramework\KxStatusBar.h">
      <Filter>Header Files\GUI\Controls</Filter>
    </ClInclude>
    <ClInclude Include="KxFramework\KxStatusBarEx.h">
      <Filter>Header Files\GUI\Controls</Filter>
    </ClInclude>
    <ClInclude Include="KxFramework\KxStyledTextBox.h">
      <Filter>Header Files\GUI\Controls</Filter>
    </ClInclude>
    <ClInclude Include="KxFramework\KxStyledTextBox_Scintilla.h">
      <Filter>Header Files\GUI\Controls</Filter>
    </ClInclude>
    <ClInclude Include="KxFramework\KxStyledTextBox_SciPosition.h">
      <Filter>Header Files\GUI\Controls</Filter>
    </ClInclude>
    <ClInclude Include="KxFramework\KxTextBox.h">
      <Filter>Header Files\GUI\Controls</Filter>
    </ClInclude>
    <ClInclude Include="KxFramework\KxThumbView.h">
      <Filter>Header Files\GUI\Controls</Filter>
    </ClInclude>
    <ClInclude Include="KxFramework\KxListView.h">
      <Filter>Header Files\GUI\Controls</Filter>
    </ClInclude>
    <ClInclude Include="KxFramework\KxListBox.h">
      <Filter>Header Files\GUI\Controls</Filter>
    </ClInclude>
    <ClInclude Include="KxFramework\KxWebView.h">
      <Filter>Header Files\GUI\Controls</Filter>
    </ClInclude>
    <ClInclude Include="KxFramework\KxAuiToolBarItem.h">
      <Filter>Header Files\GUI\AUI</Filter>
    </ClInclude>
    <ClInclude Include="KxFramework\KxAuiToolBar.h">
      <Filter>Header Files\GUI\AUI</Filter>
    </ClInclude>
    <ClInclude Include="KxFramework\KxAuiNotebook.h">
      <Filter>Header Files\GUI\AUI</Filter>
    </ClInclude>
    <ClInclude Include="KxFramework\KxNotebook.h">
      <Filter>Header Files\GUI\Controls</Filter>
    </ClInclude>
    <ClInclude Include="KxFramework\KxSimplebook.h">
      <Filter>Header Files\GUI\Controls</Filter>
    </ClInclude>
    <ClInclude Include="KxFramework\KxDialog.h">
      <Filter>Header Files\GUI\Dialogs</Filter>
    </ClInclude>
    <ClInclude Include="KxFramework\KxStdDialog.h">
      <Filter>Header Files\GUI\Dialogs</Filter>
    </ClInclude>
    <ClInclude Include="KxFramework\KxStdDialogSimple.h">
      <Filter>Header Files\GUI\Dialogs</Filter>
    </ClInclude>
    <ClInclude Include="KxFramework\KxTextBoxDialog.h">
      <Filter>Header Files\GUI\Dialogs</Filter>
    </ClInclude>
    <ClInclude Include="KxFramework\KxProgressDialog.h">
      <Filter>Header Files\GUI\Dialogs</Filter>
    </ClInclude>
    <ClInclude Include="KxFramework\KxListBoxDialog.h">
      <Filter>Header Files\GUI\Dialogs</Filter>
    </ClInclude>
    <ClInclude Include="KxFramework\KxComboBoxDialog.h">
      <Filter>Header Files\GUI\Dialogs</Filter>
    </ClInclude>
    <ClInclude Include="KxFramework\KxDualInputDialog.h">
      <Filter>Header Files\GUI\Dialogs</Filter>
    </ClInclude>
    <ClInclude Include="KxFramework\KxDualProgressDialog.h">
      <Filter>Header Files\GUI\Dialogs</Filter>
    </ClInclude>
    <ClInclude Include="KxFramework\KxFileBrowseDialog.h">
      <Filter>Header Files\GUI\Dialogs</Filter>
    </ClInclude>
    <ClInclude Include="KxFramework\KxTaskDialog.h">
      <Filter>Header Files\GUI\Dialogs</Filter>
    </ClInclude>
    <ClInclude Include="KxFramework\KxAuiToolBarEvent.h">
      <Filter>Header Files\Events</Filter>
    </ClInclude>
    <ClInclude Include="KxFramework\KxMenuEvent.h">
      <Filter>Header Files\Events</Filter>
    </ClInclude>
    <ClInclude Include="KxFramework\KxProcessEvent.h">
      <Filter>Header Files\Events</Filter>
    </ClInclude>
    <ClInclude Include="KxFramework\KxApp.h">
      <Filter>Header Files\General</Filter>
    </ClInclude>
    <ClInclude Include="KxFramework\KxMenu.h">
      <Filter>Header Files\GUI\Menus</Filter>
    </ClInclude>
    <ClInclude Include="KxFramework\KxMenuItem.h">
      <Filter>Header Files\GUI\Menus</Filter>
    </ClInclude>
    <ClInclude Include="KxFramework\KxShellMenu.h">
      <Filter>Header Files\GUI\Menus</Filter>
    </ClInclude>
    <ClInclude Include="KxFramework\KxSplashWindow.h">
      <Filter>Header Files\GUI\Windows</Filter>
    </ClInclude>
    <ClInclude Include="KxFramework\KxSearchBox.h">
      <Filter>Header Files\GUI\Controls</Filter>
    </ClInclude>
    <ClInclude Include="KxFramework\KxCredentialsDialog.h">
      <Filter>Header Files\GUI\Dialogs</Filter>
    </ClInclude>
    <ClInclude Include="KxFramework\KxFramework.h">
      <Filter>Header Files</Filter>
    </ClInclude>
    <ClInclude Include="KxFramework\KxWithDropdownMenu.h">
      <Filter>Header Files\Misc</Filter>
    </ClInclude>
    <ClInclude Include="KxFramework\KxTaskScheduler.h">
      <Filter>Header Files\System</Filter>
    </ClInclude>
    <ClInclude Include="KxFramework\KxIProgressBar.h">
      <Filter>Header Files\GUI</Filter>
    </ClInclude>
    <ClInclude Include="KxFramework\KxSharedMemory.h">
      <Filter>Header Files\System</Filter>
    </ClInclude>
    <ClInclude Include="KxFramework\KxIncludeWindows.h">
      <Filter>Header Files\Misc</Filter>
    </ClInclude>
    <ClInclude Include="KxFramework\KxButtonType.h">
      <Filter>Header Files\General</Filter>
    </ClInclude>
    <ClInclude Include="KxFramework\KxIconType.h">
      <Filter>Header Files\General</Filter>
    </ClInclude>
    <ClInclude Include="KxFramework\KxShellDefs.h">
      <Filter>Header Files\System</Filter>
    </ClInclude>
    <ClInclude Include="KxFramework\KxIncludes.h">
      <Filter>Header Files</Filter>
    </ClInclude>
    <ClInclude Include="KxFramework\KxMainDefs.h">
      <Filter>Header Files</Filter>
    </ClInclude>
    <ClInclude Include="KxFramework\KxTypedefs.h">
      <Filter>Header Files</Filter>
    </ClInclude>
    <ClInclude Include="KxFramework\DataView2\DataView2.h">
      <Filter>Header Files\GUI\DataView2</Filter>
    </ClInclude>
    <ClInclude Include="KxFramework\DataView2\Editor.h">
      <Filter>Header Files\GUI\DataView2</Filter>
    </ClInclude>
    <ClInclude Include="KxFramework\DataView2\HeaderCtrl.h">
      <Filter>Header Files\GUI\DataView2</Filter>
    </ClInclude>
    <ClInclude Include="KxFramework\DataView2\MainWindow.h">
      <Filter>Header Files\GUI\DataView2</Filter>
    </ClInclude>
    <ClInclude Include="KxFramework\DataView2\Node.h">
      <Filter>Header Files\GUI\DataView2</Filter>
    </ClInclude>
    <ClInclude Include="KxFramework\DataView2\Renderer.h">
      <Filter>Header Files\GUI\DataView2</Filter>
    </ClInclude>
    <ClInclude Include="KxFramework\DataView2\Column.h">
      <Filter>Header Files\GUI\DataView2</Filter>
    </ClInclude>
    <ClInclude Include="KxFramework\DataView2\View.h">
      <Filter>Header Files\GUI\DataView2</Filter>
    </ClInclude>
    <ClInclude Include="KxFramework\DataView2\SortOrder.h">
      <Filter>Header Files\GUI\DataView2</Filter>
    </ClInclude>
    <ClInclude Include="KxFramework\DataView2\CellState.h">
      <Filter>Header Files\GUI\DataView2</Filter>
    </ClInclude>
    <ClInclude Include="KxFramework\DataView2\Row.h">
      <Filter>Header Files\GUI\DataView2</Filter>
    </ClInclude>
    <ClInclude Include="KxFramework\DataView2\Model.h">
      <Filter>Header Files\GUI\DataView2</Filter>
    </ClInclude>
    <ClInclude Include="KxFramework\KxDataView2Event.h">
      <Filter>Header Files\Events</Filter>
    </ClInclude>
    <ClInclude Include="KxFramework\DataView2\Common.h">
      <Filter>Header Files\GUI\DataView2</Filter>
    </ClInclude>
    <ClInclude Include="KxFramework\DataView2\Renderers\TextRenderer.h">
      <Filter>Header Files\GUI\DataView2\Renderers</Filter>
    </ClInclude>
    <ClInclude Include="KxFramework\DataView2\Editors\TextEditor.h">
      <Filter>Header Files\GUI\DataView2\Editors</Filter>
    </ClInclude>
    <ClInclude Include="KxFramework\DataView2\Renderers\NullRenderer.h">
      <Filter>Header Files\GUI\DataView2\Renderers</Filter>
    </ClInclude>
    <ClInclude Include="KxFramework\DataView2\RenderEngine.h">
      <Filter>Header Files\GUI\DataView2</Filter>
    </ClInclude>
    <ClInclude Include="KxFramework\DataView2\Renderers\ToggleRenderer.h">
      <Filter>Header Files\GUI\DataView2\Renderers</Filter>
    </ClInclude>
    <ClInclude Include="KxFramework\DataView2\Renderers\BitmapRenderer.h">
      <Filter>Header Files\GUI\DataView2\Renderers</Filter>
    </ClInclude>
    <ClInclude Include="KxFramework\DataView2\Renderers\BitmapTextRenderer.h">
      <Filter>Header Files\GUI\DataView2\Renderers</Filter>
    </ClInclude>
    <ClInclude Include="KxFramework\DataView2\Renderers\BitmapTextToggleRenderer.h">
      <Filter>Header Files\GUI\DataView2\Renderers</Filter>
    </ClInclude>
    <ClInclude Include="KxFramework\DataView2\Renderers\ProgressRenderer.h">
      <Filter>Header Files\GUI\DataView2\Renderers</Filter>
    </ClInclude>
    <ClInclude Include="KxFramework\DataView2\Renderers\HTMLRenderer.h">
      <Filter>Header Files\GUI\DataView2\Renderers</Filter>
    </ClInclude>
    <ClInclude Include="KxFramework\DataView2\Renderers\BitmapListRenderer.h">
      <Filter>Header Files\GUI\DataView2\Renderers</Filter>
    </ClInclude>
    <ClInclude Include="KxFramework\DataView2\CellAttributes.h">
      <Filter>Header Files\GUI\DataView2</Filter>
    </ClInclude>
    <ClInclude Include="KxFramework\DataView2\Editors\TimeEditor.h">
      <Filter>Header Files\GUI\DataView2\Editors</Filter>
    </ClInclude>
    <ClInclude Include="KxFramework\DataView2\Editors\DateEditor.h">
      <Filter>Header Files\GUI\DataView2\Editors</Filter>
    </ClInclude>
    <ClInclude Include="KxFramework\DataView2\Editors\ComboBoxEditor.h">
      <Filter>Header Files\GUI\DataView2\Editors</Filter>
    </ClInclude>
    <ClInclude Include="KxFramework\DataView2\Editors\ColorEditor.h">
      <Filter>Header Files\GUI\DataView2\Editors</Filter>
    </ClInclude>
    <ClInclude Include="KxFramework\DataView2\Editors\SpinEditor.h">
      <Filter>Header Files\GUI\DataView2\Editors</Filter>
    </ClInclude>
    <ClInclude Include="KxFramework\DataView2\TypeAliases.h">
      <Filter>Header Files\GUI\DataView2</Filter>
    </ClInclude>
    <ClInclude Include="KxFramework\DataView2\ColumnID.h">
      <Filter>Header Files\GUI\DataView2</Filter>
    </ClInclude>
    <ClInclude Include="KxFramework\DataView2\DataView2Fwd.h">
      <Filter>Header Files\GUI\DataView2</Filter>
    </ClInclude>
    <ClInclude Include="KxFramework\DataView2\DragAndDrop.h">
      <Filter>Header Files\GUI\DataView2</Filter>
    </ClInclude>
    <ClInclude Include="KxFramework\KxComponentSystem.h">
      <Filter>Header Files\General</Filter>
    </ClInclude>
    <ClInclude Include="KxFramework\ComponentSystem\ComponentItem.h">
      <Filter>Header Files\General\ComponentSystem</Filter>
    </ClInclude>
    <ClInclude Include="KxFramework\ComponentSystem\IComponentContainer.h">
      <Filter>Header Files\General\ComponentSystem</Filter>
    </ClInclude>
    <ClInclude Include="KxFramework\ComponentSystem\Component.h">
      <Filter>Header Files\General\ComponentSystem</Filter>
    </ClInclude>
    <ClInclude Include="KxFramework\ComponentSystem\ComponentContainer.h">
      <Filter>Header Files\General\ComponentSystem</Filter>
    </ClInclude>
    <ClInclude Include="KxFramework\DataView2\ToolTip.h">
      <Filter>Header Files\GUI\DataView2</Filter>
    </ClInclude>
    <ClInclude Include="KxFramework\KxToolTipEx.h">
      <Filter>Header Files\GUI\Windows</Filter>
    </ClInclude>
    <ClInclude Include="KxFramework\KxRichToolTip.h">
      <Filter>Header Files\GUI\Windows</Filter>
    </ClInclude>
    <ClInclude Include="KxFramework\DataView2\CellAttributeOptions.h">
      <Filter>Header Files\GUI\DataView2</Filter>
    </ClInclude>
    <ClInclude Include="KxFramework\DataView2\Renderers\ImageListRenderer.h">
      <Filter>Header Files\GUI\DataView2\Renderers</Filter>
    </ClInclude>
    <ClInclude Include="KxFramework\KxClusterMap.h">
      <Filter>Header Files\GUI\Controls</Filter>
    </ClInclude>
    <ClInclude Include="KxFramework\KxEvent.h">
      <Filter>Header Files\Events</Filter>
    </ClInclude>
    <ClInclude Include="Kx\Threading.hpp">
      <Filter>Kx</Filter>
    </ClInclude>
    <ClInclude Include="Kx\Threading\Common.h">
      <Filter>Kx\Threading</Filter>
    </ClInclude>
    <ClInclude Include="Kx\Common.hpp">
      <Filter>Kx</Filter>
    </ClInclude>
    <ClInclude Include="Kx\Threading\Events\ThreadEvent.h">
      <Filter>Kx\Threading\Events</Filter>
    </ClInclude>
    <ClInclude Include="KxFramework\KxCommandEvent.h">
      <Filter>Header Files\Events</Filter>
    </ClInclude>
    <ClInclude Include="KxFramework\KxNotifyEvent.h">
      <Filter>Header Files\Events</Filter>
    </ClInclude>
    <ClInclude Include="Kx\System.hpp">
      <Filter>Kx</Filter>
    </ClInclude>
    <ClInclude Include="Kx\System\Common.h">
      <Filter>Kx\System</Filter>
    </ClInclude>
    <ClInclude Include="Kx\EventSystem.hpp">
      <Filter>Kx</Filter>
    </ClInclude>
    <ClInclude Include="Kx\EventSystem\BasicEvtHandler.h">
      <Filter>Kx\EventSystem</Filter>
    </ClInclude>
    <ClInclude Include="Kx\EventSystem\BroadcastProcessor.h">
      <Filter>Kx\EventSystem</Filter>
    </ClInclude>
    <ClInclude Include="Kx\EventSystem\CallWrapper.h">
      <Filter>Kx\EventSystem</Filter>
    </ClInclude>
    <ClInclude Include="Kx\EventSystem\Common.h">
      <Filter>Kx\EventSystem</Filter>
    </ClInclude>
    <ClInclude Include="Kx\EventSystem\Event.h">
      <Filter>Kx\EventSystem</Filter>
    </ClInclude>
    <ClInclude Include="Kx\EventSystem\EventBuilder.h">
      <Filter>Kx\EventSystem</Filter>
    </ClInclude>
    <ClInclude Include="Kx\EventSystem\EvtHandler.h">
      <Filter>Kx\EventSystem</Filter>
    </ClInclude>
    <ClInclude Include="Kx\EventSystem\Events\IndirectCallEvent.h">
      <Filter>Kx\EventSystem\Events</Filter>
    </ClInclude>
    <ClInclude Include="Kx\EventSystem\Events\NotifyEvent.h">
      <Filter>Kx\EventSystem\Events</Filter>
    </ClInclude>
    <ClInclude Include="Kx\EventSystem\Events\CommandEvent.h">
      <Filter>Kx\EventSystem\Events</Filter>
    </ClInclude>
    <ClInclude Include="Kx\Utility.hpp">
      <Filter>Kx</Filter>
    </ClInclude>
    <ClInclude Include="Kx\Utility\Common.h">
      <Filter>Kx\Utility</Filter>
    </ClInclude>
    <ClInclude Include="Kx\Utility\TypeTraits.h">
      <Filter>Kx\Utility</Filter>
    </ClInclude>
    <ClInclude Include="Kx\Async\Common.h">
      <Filter>Kx\Async</Filter>
    </ClInclude>
    <ClInclude Include="Kx\Async.hpp">
      <Filter>Kx</Filter>
    </ClInclude>
    <ClInclude Include="Kx\Async\Coroutine\Coroutine.h">
      <Filter>Kx\Async\Coroutine</Filter>
    </ClInclude>
    <ClInclude Include="Kx\Async\Coroutine\CoroutineImpl.h">
      <Filter>Kx\Async\Coroutine</Filter>
    </ClInclude>
    <ClInclude Include="Kx\Async\Coroutine.h">
      <Filter>Kx\Async</Filter>
    </ClInclude>
    <ClInclude Include="Kx\Async\DelayedCall.h">
      <Filter>Kx\Async</Filter>
    </ClInclude>
    <ClInclude Include="Kx\RTTI.hpp">
      <Filter>Kx</Filter>
    </ClInclude>
    <ClInclude Include="Kx\RTTI\QueryInterface.h">
      <Filter>Kx\RTTI</Filter>
    </ClInclude>
    <ClInclude Include="Kx\RTTI\Common.h">
      <Filter>Kx\RTTI</Filter>
    </ClInclude>
    <ClInclude Include="KxFramework\DataView2\HeaderCtrl2.h">
      <Filter>Header Files\GUI\DataView2</Filter>
    </ClInclude>
    <ClInclude Include="Kx\Sciter.hpp">
      <Filter>Kx</Filter>
    </ClInclude>
    <ClInclude Include="Kx\Sciter\Common.h">
      <Filter>Kx\Sciter</Filter>
    </ClInclude>
    <ClInclude Include="Kx\Sciter\Node.h">
      <Filter>Kx\Sciter</Filter>
    </ClInclude>
    <ClInclude Include="Kx\Sciter\Element.h">
      <Filter>Kx\Sciter</Filter>
    </ClInclude>
    <ClInclude Include="Kx\Sciter\Controls\Label.h">
      <Filter>Kx\Sciter\Controls</Filter>
    </ClInclude>
    <ClInclude Include="Kx\Sciter\Host.h">
      <Filter>Kx\Sciter</Filter>
    </ClInclude>
    <ClInclude Include="Kx\Sciter\WrapperWindow.h">
      <Filter>Kx\Sciter</Filter>
    </ClInclude>
    <ClInclude Include="Kx\Sciter\SciterAPI.h">
      <Filter>Kx\Sciter</Filter>
    </ClInclude>
    <ClInclude Include="Kx\Sciter\Internal.h">
      <Filter>Kx\Sciter</Filter>
    </ClInclude>
    <ClInclude Include="Kx\Sciter\Events.h">
      <Filter>Kx\Sciter</Filter>
    </ClInclude>
    <ClInclude Include="Kx\Sciter\Events\Event.h">
      <Filter>Kx\Sciter\Events</Filter>
    </ClInclude>
    <ClInclude Include="Kx\Sciter\Events\KeyEvent.h">
      <Filter>Kx\Sciter\Events</Filter>
    </ClInclude>
    <ClInclude Include="Kx\Sciter\Events\MouseEvent.h">
      <Filter>Kx\Sciter\Events</Filter>
    </ClInclude>
    <ClInclude Include="Kx\Sciter\Events\FocusEvent.h">
      <Filter>Kx\Sciter\Events</Filter>
    </ClInclude>
    <ClInclude Include="Kx\Sciter\Events\TimerEvent.h">
      <Filter>Kx\Sciter\Events</Filter>
    </ClInclude>
    <ClInclude Include="Kx\Sciter\Events\SizeEvent.h">
      <Filter>Kx\Sciter\Events</Filter>
    </ClInclude>
    <ClInclude Include="Kx\Sciter\Events\ScrollEvent.h">
      <Filter>Kx\Sciter\Events</Filter>
    </ClInclude>
    <ClInclude Include="Kx\Sciter\Events\PaintEvent.h">
      <Filter>Kx\Sciter\Events</Filter>
    </ClInclude>
    <ClInclude Include="Kx\Sciter\Events\BehaviorEvent.h">
      <Filter>Kx\Sciter\Events</Filter>
    </ClInclude>
    <ClInclude Include="Kx\Sciter\IWindowRenderer.h">
      <Filter>Kx\Sciter</Filter>
    </ClInclude>
    <ClInclude Include="Kx\Sciter\Renderers\DirectX.h">
      <Filter>Kx\Sciter\Renderers</Filter>
    </ClInclude>
    <ClInclude Include="Kx\Sciter\Renderers\FPSCounter.h">
      <Filter>Kx\Sciter\Renderers</Filter>
    </ClInclude>
    <ClInclude Include="Kx\Sciter\Widget.h">
      <Filter>Kx\Sciter</Filter>
    </ClInclude>
    <ClInclude Include="Kx\EventSystem\EventHandlerStack.h">
      <Filter>Kx\EventSystem</Filter>
    </ClInclude>
    <ClInclude Include="Kx\Sciter\EventDispatcher.h">
      <Filter>Kx\Sciter</Filter>
    </ClInclude>
    <ClInclude Include="Kx\Sciter\CommonDefs.h">
      <Filter>Kx\Sciter</Filter>
    </ClInclude>
    <ClInclude Include="Kx\Sciter\WidgetFactory.h">
      <Filter>Kx\Sciter</Filter>
    </ClInclude>
    <ClInclude Include="Kx\Sciter\ScriptValue.h">
      <Filter>Kx\Sciter</Filter>
    </ClInclude>
    <ClInclude Include="Kx\Sciter\GraphicsRenderer\GraphicsBitmap.h">
      <Filter>Kx\Sciter\GraphicsRenderer</Filter>
    </ClInclude>
    <ClInclude Include="Kx\Sciter\GraphicsRenderer\GraphicsText.h">
      <Filter>Kx\Sciter\GraphicsRenderer</Filter>
    </ClInclude>
    <ClInclude Include="Kx\Sciter\Utility\HandleWrapper.h">
      <Filter>Kx\Sciter\Utility</Filter>
    </ClInclude>
    <ClInclude Include="Kx\Sciter\GraphicsRenderer\GraphicsPath.h">
      <Filter>Kx\Sciter\GraphicsRenderer</Filter>
    </ClInclude>
    <ClInclude Include="Kx\Sciter\GraphicsRenderer\GraphicsContext.h">
      <Filter>Kx\Sciter\GraphicsRenderer</Filter>
    </ClInclude>
    <ClInclude Include="Kx\FileSystem.hpp">
      <Filter>Kx</Filter>
    </ClInclude>
    <ClInclude Include="Kx\FileSystem\FSPath.h">
      <Filter>Kx\FileSystem</Filter>
    </ClInclude>
    <ClInclude Include="Kx\FileSystem\Common.h">
      <Filter>Kx\FileSystem</Filter>
    </ClInclude>
    <ClInclude Include="Kx\General\Common.h">
      <Filter>Kx\General</Filter>
    </ClInclude>
    <ClInclude Include="Kx\General\NativeUUID.h">
      <Filter>Kx\General</Filter>
    </ClInclude>
    <ClInclude Include="Kx\Async\Coroutine\YieldInstruction.h">
      <Filter>Kx\Async\Coroutine</Filter>
    </ClInclude>
    <ClInclude Include="Kx\System\ShellFileType.h">
      <Filter>Kx\System</Filter>
    </ClInclude>
    <ClInclude Include="Kx\System\ShellFileTypeInfo.h">
      <Filter>Kx\System</Filter>
    </ClInclude>
    <ClInclude Include="Kx\System\ShellFileTypeManager.h">
      <Filter>Kx\System</Filter>
    </ClInclude>
    <ClInclude Include="Kx\Threading\JoinableThread.h">
      <Filter>Kx\Threading</Filter>
    </ClInclude>
    <ClInclude Include="Kx\Threading\AutoThread.h">
      <Filter>Kx\Threading</Filter>
    </ClInclude>
    <ClInclude Include="Kx\FileSystem\FileOperations.h">
      <Filter>Kx\FileSystem</Filter>
    </ClInclude>
    <ClInclude Include="Kx\General\BinarySize.h">
      <Filter>Kx\General</Filter>
    </ClInclude>
    <ClInclude Include="Kx\FileSystem\FileItem.h">
      <Filter>Kx\FileSystem</Filter>
    </ClInclude>
    <ClInclude Include="Kx\General\ExtraData.h">
      <Filter>Kx\General</Filter>
    </ClInclude>
    <ClInclude Include="Kx\FileSystem\IFileSystem.h">
      <Filter>Kx\FileSystem</Filter>
    </ClInclude>
    <ClInclude Include="Kx\FileSystem\NativeFileSystem.h">
      <Filter>Kx\FileSystem</Filter>
    </ClInclude>
    <ClInclude Include="Kx\Utility\CallAtScopeExit.h">
      <Filter>Kx\Utility</Filter>
    </ClInclude>
    <ClInclude Include="Kx\General\Singleton.h">
      <Filter>Kx\General</Filter>
    </ClInclude>
    <ClInclude Include="Kx\FileSystem\LegacyVolume.h">
      <Filter>Kx\FileSystem</Filter>
    </ClInclude>
    <ClInclude Include="Kx\FileSystem\StorageVolume.h">
      <Filter>Kx\FileSystem</Filter>
    </ClInclude>
    <ClInclude Include="Kx\FileSystem\RecycleBin.h">
      <Filter>Kx\FileSystem</Filter>
    </ClInclude>
    <ClInclude Include="Kx\System\ShellOperations.h">
      <Filter>Kx\System</Filter>
    </ClInclude>
    <ClInclude Include="Kx\System\COM.h">
      <Filter>Kx\System</Filter>
    </ClInclude>
    <ClInclude Include="Kx\System\ErrorCode.h">
      <Filter>Kx\System</Filter>
    </ClInclude>
    <ClInclude Include="Kx\System\UndefWindows.h">
      <Filter>Kx\System</Filter>
    </ClInclude>
    <ClInclude Include="Kx\System\ErrorCodeValue.h">
      <Filter>Kx\System</Filter>
    </ClInclude>
    <ClInclude Include="Kx\FileSystem\NativeFileSystemUtility.h">
      <Filter>Kx\FileSystem</Filter>
    </ClInclude>
    <ClInclude Include="Kx\Compression\Common.h">
      <Filter>Kx\Compression</Filter>
    </ClInclude>
    <ClInclude Include="Kx\Compression\IArchive.h">
      <Filter>Kx\Compression</Filter>
    </ClInclude>
    <ClInclude Include="Kx\Compression\IArchiveImpl.h">
      <Filter>Kx\Compression</Filter>
    </ClInclude>
    <ClInclude Include="Kx\Compression.hpp">
      <Filter>Kx</Filter>
    </ClInclude>
    <ClInclude Include="Kx\UI\Common.h">
      <Filter>Kx\UI</Filter>
    </ClInclude>
    <ClInclude Include="Kx\UI\Validator.h">
      <Filter>Kx\UI</Filter>
    </ClInclude>
    <ClInclude Include="Kx\UI.hpp">
      <Filter>Kx</Filter>
    </ClInclude>
    <ClInclude Include="Kx\General\StreamDelegate.h">
      <Filter>Kx\General</Filter>
    </ClInclude>
    <ClInclude Include="Kx\General.hpp">
      <Filter>Kx</Filter>
    </ClInclude>
    <ClInclude Include="Kx\General\EnumClass.h">
      <Filter>Kx\General</Filter>
    </ClInclude>
    <ClInclude Include="Kx\General\StreamWrappers.h">
      <Filter>Kx\General</Filter>
    </ClInclude>
    <ClInclude Include="Kx\General\MemoryStream.h">
      <Filter>Kx\General</Filter>
    </ClInclude>
    <ClInclude Include="Kx\Compression\ZLibStream.h">
      <Filter>Kx\Compression</Filter>
    </ClInclude>
    <ClInclude Include="Kx\Compression\LZ4Stream.h">
      <Filter>Kx\Compression</Filter>
    </ClInclude>
    <ClInclude Include="Kx\System\Private\BeginIncludeCOM.h">
      <Filter>Kx\System\Private</Filter>
    </ClInclude>
    <ClInclude Include="Kx\FileSystem\Private\NamespacePrefix.h">
      <Filter>Kx\FileSystem\Private</Filter>
    </ClInclude>
    <ClInclude Include="Kx\General\Private\ExtraData.h">
      <Filter>Kx\General\Private</Filter>
    </ClInclude>
    <ClInclude Include="Kx\System\Private\IncludeNtStatus.h">
      <Filter>Kx\System\Private</Filter>
    </ClInclude>
    <ClInclude Include="Kx\System\Private\EndIncludeCOM.h">
      <Filter>Kx\System\Private</Filter>
    </ClInclude>
    <ClInclude Include="Kx\General\Version.h">
      <Filter>Kx\General</Filter>
    </ClInclude>
    <ClInclude Include="Kx\General\Private\VersionImpl.h">
      <Filter>Kx\General\Private</Filter>
    </ClInclude>
    <ClInclude Include="Kx\General\MemorySpan.h">
      <Filter>Kx\General</Filter>
    </ClInclude>
    <ClInclude Include="Kx\General\Any.h">
      <Filter>Kx\General</Filter>
    </ClInclude>
    <ClInclude Include="Kx\General\Color.h">
      <Filter>Kx\General</Filter>
    </ClInclude>
    <ClInclude Include="Kx\General\ColorDefines.h">
      <Filter>Kx\General</Filter>
    </ClInclude>
    <ClInclude Include="Kx\Utility\Numeric.h">
      <Filter>Kx\Utility</Filter>
    </ClInclude>
    <ClInclude Include="Kx\General\UniversallyUniqueID.h">
      <Filter>Kx\General</Filter>
    </ClInclude>
    <ClInclude Include="Kx\General\String.h">
      <Filter>Kx\General</Filter>
    </ClInclude>
    <ClInclude Include="Kx\General\Private\String.h">
      <Filter>Kx\General\Private</Filter>
    </ClInclude>
    <ClInclude Include="Kx\General\StringFormater.h">
      <Filter>Kx\General</Filter>
    </ClInclude>
    <ClInclude Include="Kx\General\StringFormaterTraits.h">
      <Filter>Kx\General</Filter>
    </ClInclude>
    <ClInclude Include="Kx\Utility\String.h">
      <Filter>Kx\Utility</Filter>
    </ClInclude>
    <ClInclude Include="Kx\System\NativeAPI.h">
      <Filter>Kx\System</Filter>
    </ClInclude>
    <ClInclude Include="Kx\System\SystemInformation.h">
      <Filter>Kx\System</Filter>
    </ClInclude>
    <ClInclude Include="Kx\System\SystemInformationDefines.h">
      <Filter>Kx\System</Filter>
    </ClInclude>
    <ClInclude Include="Kx\System\CredentialStore.h">
      <Filter>Kx\System</Filter>
    </ClInclude>
    <ClInclude Include="Kx\wxWidgets\Setup.h">
      <Filter>Kx\wxWidgets</Filter>
    </ClInclude>
    <ClInclude Include="Kx\Crypto\Crypto.h">
      <Filter>Kx\Crypto</Filter>
    </ClInclude>
    <ClInclude Include="Kx\Crypto\Common.h">
      <Filter>Kx\Crypto</Filter>
    </ClInclude>
    <ClInclude Include="Kx\Crypto.hpp">
      <Filter>Kx</Filter>
    </ClInclude>
    <ClInclude Include="Kx\Crypto\HashValue.h">
      <Filter>Kx\Crypto</Filter>
    </ClInclude>
    <ClInclude Include="Kx\Crypto\SecretValue.h">
      <Filter>Kx\Crypto</Filter>
    </ClInclude>
    <ClInclude Include="Kx\Crypto\ISecretStore.h">
      <Filter>Kx\Crypto</Filter>
    </ClInclude>
    <ClInclude Include="Kx\System\CFunction.h">
      <Filter>Kx\System</Filter>
    </ClInclude>
    <ClInclude Include="Kx\System\Private\CFunction.h">
      <Filter>Kx\System\Private</Filter>
    </ClInclude>
    <ClInclude Include="Kx\System\CFunctionCompiler.h">
      <Filter>Kx\System</Filter>
    </ClInclude>
    <ClInclude Include="Kx\System\Private\CFunctionCompiler.h">
      <Filter>Kx\System\Private</Filter>
    </ClInclude>
    <ClInclude Include="Kx\System\Registry.h">
      <Filter>Kx\System</Filter>
    </ClInclude>
    <ClInclude Include="Kx\Network.hpp">
      <Filter>Kx</Filter>
    </ClInclude>
    <ClInclude Include="Kx\Network\Common.h">
      <Filter>Kx\Network</Filter>
    </ClInclude>
    <ClInclude Include="Kx\RTTI\WxRTTI.h">
      <Filter>Kx\RTTI</Filter>
    </ClInclude>
    <ClInclude Include="Kx\UI\StdButton.h">
      <Filter>Kx\UI</Filter>
    </ClInclude>
    <ClInclude Include="Kx\UI\StdIcon.h">
      <Filter>Kx\UI</Filter>
    </ClInclude>
    <ClInclude Include="Kx\General\StandardID.h">
      <Filter>Kx\General</Filter>
    </ClInclude>
    <ClInclude Include="Kx\Utility\Container.h">
      <Filter>Kx\Utility</Filter>
    </ClInclude>
    <ClInclude Include="Kx\Utility\Drawing.h">
      <Filter>Kx\Utility</Filter>
    </ClInclude>
    <ClInclude Include="Kx\Utility\System.h">
      <Filter>Kx\Utility</Filter>
    </ClInclude>
    <ClInclude Include="Kx\General\IndexedEnum.h">
      <Filter>Kx\General</Filter>
    </ClInclude>
    <ClInclude Include="Kx\General\Private\XDocument.h">
      <Filter>Kx\General\Private</Filter>
    </ClInclude>
    <ClInclude Include="Kx\General\INIDocument.h">
      <Filter>Kx\General</Filter>
    </ClInclude>
    <ClInclude Include="Kx\General\JSONDocument.h">
      <Filter>Kx\General</Filter>
    </ClInclude>
    <ClInclude Include="Kx\General\Private\XML.h">
      <Filter>Kx\General\Private</Filter>
    </ClInclude>
    <ClInclude Include="Kx\General\XMLDocument.h">
      <Filter>Kx\General</Filter>
    </ClInclude>
    <ClInclude Include="Kx\General\Private\TinyXML2 HTML5 Printer.h">
      <Filter>Kx\General\Private</Filter>
    </ClInclude>
    <ClInclude Include="Kx\General\XDocument.h">
      <Filter>Kx\General</Filter>
    </ClInclude>
    <ClInclude Include="Kx\General\HTMLDocument.h">
      <Filter>Kx\General</Filter>
    </ClInclude>
    <ClInclude Include="Kx\General\Private\HTML\error.h">
      <Filter>Kx\General\Private\HTML</Filter>
    </ClInclude>
    <ClInclude Include="Kx\General\Private\HTML\insertion_mode.h">
      <Filter>Kx\General\Private\HTML</Filter>
    </ClInclude>
    <ClInclude Include="Kx\General\Private\HTML\string_buffer.h">
      <Filter>Kx\General\Private\HTML</Filter>
    </ClInclude>
    <ClInclude Include="Kx\General\Private\HTML\token_type.h">
      <Filter>Kx\General\Private\HTML</Filter>
    </ClInclude>
    <ClInclude Include="Kx\General\TextDocument.h">
      <Filter>Kx\General</Filter>
    </ClInclude>
    <ClInclude Include="Kx\Utility\Memory.h">
      <Filter>Kx\Utility</Filter>
    </ClInclude>
    <ClInclude Include="Kx\Network\URI.h">
      <Filter>Kx\Network</Filter>
    </ClInclude>
    <ClInclude Include="Kx\Network\URL.h">
      <Filter>Kx\Network</Filter>
    </ClInclude>
    <ClInclude Include="Kx\Network\Private\URXHelper.h">
      <Filter>Kx\Network\Private</Filter>
    </ClInclude>
    <ClInclude Include="Kx\Network\HTTPStatusCode.h">
      <Filter>Kx\Network</Filter>
    </ClInclude>
    <ClInclude Include="Kx\FileSystem\FileOperationEvent.h">
      <Filter>Kx\FileSystem</Filter>
    </ClInclude>
    <ClInclude Include="Kx\Network\CURL.h">
      <Filter>Kx\Network</Filter>
    </ClInclude>
    <ClInclude Include="Kx\Compression\ArchiveEvent.h">
      <Filter>Kx\Compression</Filter>
    </ClInclude>
    <ClInclude Include="Kx\Network\WebSocket.h">
      <Filter>Kx\Network</Filter>
    </ClInclude>
    <ClInclude Include="Kx\Network\WebSocket\SecureClient.h">
      <Filter>Kx\Network\WebSocket</Filter>
    </ClInclude>
    <ClInclude Include="Kx\Network\WebSocket\IClient.h">
      <Filter>Kx\Network\WebSocket</Filter>
    </ClInclude>
    <ClInclude Include="Kx\Network\WebSocket\CloseCode.h">
      <Filter>Kx\Network\WebSocket</Filter>
    </ClInclude>
    <ClInclude Include="Kx\Network\WebSocket\Event.h">
      <Filter>Kx\Network\WebSocket</Filter>
    </ClInclude>
    <ClInclude Include="Kx\Network\CURL\Private\CURL.h">
      <Filter>Kx\Network\CURL\Private</Filter>
    </ClInclude>
    <ClInclude Include="Kx\Network\CURL\Event.h">
      <Filter>Kx\Network\CURL</Filter>
    </ClInclude>
    <ClInclude Include="Kx\Network\CURL\Session.h">
      <Filter>Kx\Network\CURL</Filter>
    </ClInclude>
    <ClInclude Include="Kx\Network\CURL\Reply.h">
      <Filter>Kx\Network\CURL</Filter>
    </ClInclude>
    <ClInclude Include="Kx\Drawing.hpp">
      <Filter>Kx</Filter>
    </ClInclude>
    <ClInclude Include="Kx\Drawing\Common.h">
      <Filter>Kx\Drawing</Filter>
    </ClInclude>
    <ClInclude Include="Kx\Drawing\ImageList.h">
      <Filter>Kx\Drawing</Filter>
    </ClInclude>
    <ClInclude Include="Kx\Drawing\ImageSet.h">
      <Filter>Kx\Drawing</Filter>
    </ClInclude>
    <ClInclude Include="Kx\Drawing\WithImageList.h">
      <Filter>Kx\Drawing</Filter>
    </ClInclude>
    <ClInclude Include="KxFramework\KxDataViewComboBox.h">
      <Filter>Header Files\GUI\Controls</Filter>
    </ClInclude>
    <ClInclude Include="Kx\Drawing\GraphicsCanvas.h">
      <Filter>Kx\Drawing</Filter>
    </ClInclude>
    <ClInclude Include="Kx\Drawing\BitmapGraphicsCanvas.h">
      <Filter>Kx\Drawing</Filter>
    </ClInclude>
    <ClInclude Include="Kx\Drawing\Private\GraphicsCanvas.h">
      <Filter>Kx\Drawing\Private</Filter>
    </ClInclude>
    <ClInclude Include="Kx\Drawing\ImageGraphicsCanvas.h">
      <Filter>Kx\Drawing</Filter>
    </ClInclude>
    <ClInclude Include="Kx\Drawing\DCOperations.h">
      <Filter>Kx\Drawing</Filter>
    </ClInclude>
    <ClInclude Include="Kx\Drawing\GCOperations.h">
      <Filter>Kx\Drawing</Filter>
    </ClInclude>
    <ClInclude Include="Kx\Drawing\Private\UxThemeDefines.h">
      <Filter>Kx\Drawing\Private</Filter>
    </ClInclude>
    <ClInclude Include="Kx\Drawing\UxTheme.h">
      <Filter>Kx\Drawing</Filter>
    </ClInclude>
    <ClInclude Include="Kx\General\Angle.h">
      <Filter>Kx\General</Filter>
    </ClInclude>
    <ClInclude Include="Kx\General\Math.h">
      <Filter>Kx\General</Filter>
    </ClInclude>
    <ClInclude Include="Kx\General\WithOptions.h">
      <Filter>Kx\General</Filter>
    </ClInclude>
    <ClInclude Include="Kx\General\OptionSet.h">
      <Filter>Kx\General</Filter>
    </ClInclude>
    <ClInclude Include="Kx\System\DPIAwareness.h">
      <Filter>Kx\System</Filter>
    </ClInclude>
    <ClInclude Include="Kx\System\WOW64FSRedirection.h">
      <Filter>Kx\System</Filter>
    </ClInclude>
    <ClInclude Include="Kx\UI\HiDPIEnabledWindow.h">
      <Filter>Kx\UI</Filter>
    </ClInclude>
    <ClInclude Include="Kx\UI\WindowUpdateLocker.h">
      <Filter>Kx\UI</Filter>
    </ClInclude>
    <ClInclude Include="Kx\UI\WindowRefreshScheduler.h">
      <Filter>Kx\UI</Filter>
    </ClInclude>
    <ClInclude Include="Kx\Localization.hpp">
      <Filter>Kx</Filter>
    </ClInclude>
    <ClInclude Include="Kx\Localization\Common.h">
      <Filter>Kx\Localization</Filter>
    </ClInclude>
  </ItemGroup>
  <ItemGroup>
    <ClCompile Include="KxStdAfx.cpp" />
    <ClCompile Include="KxFramework\KxSystemAPI.cpp">
      <Filter>Source Files\System</Filter>
    </ClCompile>
    <ClCompile Include="KxFramework\KxLibrary.cpp">
      <Filter>Source Files\System</Filter>
    </ClCompile>
    <ClCompile Include="KxFramework\KxFileStream.cpp">
      <Filter>Source Files\Streams</Filter>
    </ClCompile>
    <ClCompile Include="KxFramework\KxShell.cpp">
      <Filter>Source Files\System</Filter>
    </ClCompile>
    <ClCompile Include="KxFramework\KxShellFolders.cpp">
      <Filter>Source Files\System</Filter>
    </ClCompile>
    <ClCompile Include="KxFramework\KxShellLink.cpp">
      <Filter>Source Files\System</Filter>
    </ClCompile>
    <ClCompile Include="KxFramework\KxProcess.cpp">
      <Filter>Source Files\System</Filter>
    </ClCompile>
    <ClCompile Include="KxFramework\KxProcessThread.cpp">
      <Filter>Source Files\System</Filter>
    </ClCompile>
    <ClCompile Include="KxFramework\KxTopLevelWindow.cpp">
      <Filter>Source Files\GUI\Windows</Filter>
    </ClCompile>
    <ClCompile Include="KxFramework\KxTranslation.cpp">
      <Filter>Source Files\General</Filter>
    </ClCompile>
    <ClCompile Include="KxFramework\KxFrame.cpp">
      <Filter>Source Files\GUI\Windows</Filter>
    </ClCompile>
    <ClCompile Include="KxFramework\KxPanel.cpp">
      <Filter>Source Files\GUI\Windows</Filter>
    </ClCompile>
    <ClCompile Include="KxFramework\KxSplitterWindow.cpp">
      <Filter>Source Files\GUI\Windows</Filter>
    </ClCompile>
    <ClCompile Include="KxFramework\KxButton.cpp">
      <Filter>Source Files\GUI\Controls</Filter>
    </ClCompile>
    <ClCompile Include="KxFramework\KxCollapsiblePane.cpp">
      <Filter>Source Files\GUI\Windows</Filter>
    </ClCompile>
    <ClCompile Include="KxFramework\KxLabel.cpp">
      <Filter>Source Files\GUI\Controls</Filter>
    </ClCompile>
    <ClCompile Include="KxFramework\KxComboBox.cpp">
      <Filter>Source Files\GUI\Controls</Filter>
    </ClCompile>
    <ClCompile Include="KxFramework\KxBitmapComboBox.cpp">
      <Filter>Source Files\GUI\Controls</Filter>
    </ClCompile>
    <ClCompile Include="KxFramework\KxComboControl.cpp">
      <Filter>Source Files\GUI\Controls</Filter>
    </ClCompile>
    <ClCompile Include="KxFramework\KxComboPopup.cpp">
      <Filter>Source Files\GUI\Controls</Filter>
    </ClCompile>
    <ClCompile Include="KxFramework\KxHTMLWindow.cpp">
      <Filter>Source Files\GUI\Controls</Filter>
    </ClCompile>
    <ClCompile Include="KxFramework\KxImageView.cpp">
      <Filter>Source Files\GUI\Controls</Filter>
    </ClCompile>
    <ClCompile Include="KxFramework\KxProgressBar.cpp">
      <Filter>Source Files\GUI\Controls</Filter>
    </ClCompile>
    <ClCompile Include="KxFramework\KxRadioButton.cpp">
      <Filter>Source Files\GUI\Controls</Filter>
    </ClCompile>
    <ClCompile Include="KxFramework\KxCheckBox.cpp">
      <Filter>Source Files\GUI\Controls</Filter>
    </ClCompile>
    <ClCompile Include="KxFramework\KxSlider.cpp">
      <Filter>Source Files\GUI\Controls</Filter>
    </ClCompile>
    <ClCompile Include="KxFramework\KxStaticBitmap.cpp">
      <Filter>Source Files\GUI\Controls</Filter>
    </ClCompile>
    <ClCompile Include="KxFramework\KxStaticText.cpp">
      <Filter>Source Files\GUI\Controls</Filter>
    </ClCompile>
    <ClCompile Include="KxFramework\KxStatusBar.cpp">
      <Filter>Source Files\GUI\Controls</Filter>
    </ClCompile>
    <ClCompile Include="KxFramework\KxStatusBarEx.cpp">
      <Filter>Source Files\GUI\Controls</Filter>
    </ClCompile>
    <ClCompile Include="KxFramework\KxStyledTextBox.cpp">
      <Filter>Source Files\GUI\Controls</Filter>
    </ClCompile>
    <ClCompile Include="KxFramework\KxTextBox.cpp">
      <Filter>Source Files\GUI\Controls</Filter>
    </ClCompile>
    <ClCompile Include="KxFramework\KxThumbView.cpp">
      <Filter>Source Files\GUI\Controls</Filter>
    </ClCompile>
    <ClCompile Include="KxFramework\KxListView.cpp">
      <Filter>Source Files\GUI\Controls</Filter>
    </ClCompile>
    <ClCompile Include="KxFramework\KxListBox.cpp">
      <Filter>Source Files\GUI\Controls</Filter>
    </ClCompile>
    <ClCompile Include="KxFramework\KxWebView.cpp">
      <Filter>Source Files\GUI\Controls</Filter>
    </ClCompile>
    <ClCompile Include="KxFramework\KxAuiNotebook.cpp">
      <Filter>Source Files\GUI\AUI</Filter>
    </ClCompile>
    <ClCompile Include="KxFramework\KxAuiToolBar.cpp">
      <Filter>Source Files\GUI\AUI</Filter>
    </ClCompile>
    <ClCompile Include="KxFramework\KxAuiToolBarItem.cpp">
      <Filter>Source Files\GUI\AUI</Filter>
    </ClCompile>
    <ClCompile Include="KxFramework\KxNotebook.cpp">
      <Filter>Source Files\GUI\Controls</Filter>
    </ClCompile>
    <ClCompile Include="KxFramework\KxSimplebook.cpp">
      <Filter>Source Files\GUI\Controls</Filter>
    </ClCompile>
    <ClCompile Include="KxFramework\KxDialog.cpp">
      <Filter>Source Files\GUI\Dialogs</Filter>
    </ClCompile>
    <ClCompile Include="KxFramework\KxStdDialog.cpp">
      <Filter>Source Files\GUI\Dialogs</Filter>
    </ClCompile>
    <ClCompile Include="KxFramework\KxStdDialogSimple.cpp">
      <Filter>Source Files\GUI\Dialogs</Filter>
    </ClCompile>
    <ClCompile Include="KxFramework\KxTextBoxDialog.cpp">
      <Filter>Source Files\GUI\Dialogs</Filter>
    </ClCompile>
    <ClCompile Include="KxFramework\KxProgressDialog.cpp">
      <Filter>Source Files\GUI\Dialogs</Filter>
    </ClCompile>
    <ClCompile Include="KxFramework\KxListBoxDialog.cpp">
      <Filter>Source Files\GUI\Dialogs</Filter>
    </ClCompile>
    <ClCompile Include="KxFramework\KxComboBoxDialog.cpp">
      <Filter>Source Files\GUI\Dialogs</Filter>
    </ClCompile>
    <ClCompile Include="KxFramework\KxDualInputDialog.cpp">
      <Filter>Source Files\GUI\Dialogs</Filter>
    </ClCompile>
    <ClCompile Include="KxFramework\KxDualProgressDialog.cpp">
      <Filter>Source Files\GUI\Dialogs</Filter>
    </ClCompile>
    <ClCompile Include="KxFramework\KxFileBrowseDialog.cpp">
      <Filter>Source Files\GUI\Dialogs</Filter>
    </ClCompile>
    <ClCompile Include="KxFramework\KxTaskDialog.cpp">
      <Filter>Source Files\GUI\Dialogs</Filter>
    </ClCompile>
    <ClCompile Include="KxFramework\KxAuiToolBarEvent.cpp">
      <Filter>Source Files\Events</Filter>
    </ClCompile>
    <ClCompile Include="KxFramework\KxMenuEvent.cpp">
      <Filter>Source Files\Events</Filter>
    </ClCompile>
    <ClCompile Include="KxFramework\KxProcessEvent.cpp">
      <Filter>Source Files\Events</Filter>
    </ClCompile>
    <ClCompile Include="KxFramework\KxApp.cpp">
      <Filter>Source Files\General</Filter>
    </ClCompile>
    <ClCompile Include="KxFramework\KxMenu.cpp">
      <Filter>Source Files\GUI\Menus</Filter>
    </ClCompile>
    <ClCompile Include="KxFramework\KxMenuItem.cpp">
      <Filter>Source Files\GUI\Menus</Filter>
    </ClCompile>
    <ClCompile Include="KxFramework\KxShellMenu.cpp">
      <Filter>Source Files\GUI\Menus</Filter>
    </ClCompile>
    <ClCompile Include="KxFramework\KxSplashWindow.cpp">
      <Filter>Source Files\GUI\Windows</Filter>
    </ClCompile>
    <ClCompile Include="KxFramework\KxSearchBox.cpp">
      <Filter>Source Files\GUI\Controls</Filter>
    </ClCompile>
    <ClCompile Include="KxFramework\KxCredentialsDialog.cpp">
      <Filter>Source Files\GUI\Dialogs</Filter>
    </ClCompile>
    <ClCompile Include="KxFramework\KxWithDropdownMenu.cpp">
      <Filter>Source Files\Misc</Filter>
    </ClCompile>
    <ClCompile Include="KxFramework\KxTaskScheduler.cpp">
      <Filter>Source Files\System</Filter>
    </ClCompile>
    <ClCompile Include="KxFramework\KxIProgressBar.cpp">
      <Filter>Source Files\GUI</Filter>
    </ClCompile>
    <ClCompile Include="KxFramework\KxSharedMemory.cpp">
      <Filter>Source Files\System</Filter>
    </ClCompile>
    <ClCompile Include="KxFramework\DataView2\Editor.cpp">
      <Filter>Source Files\GUI\DataView2</Filter>
    </ClCompile>
    <ClCompile Include="KxFramework\DataView2\HeaderCtrl.cpp">
      <Filter>Source Files\GUI\DataView2</Filter>
    </ClCompile>
    <ClCompile Include="KxFramework\DataView2\MainWindow.cpp">
      <Filter>Source Files\GUI\DataView2</Filter>
    </ClCompile>
    <ClCompile Include="KxFramework\DataView2\Node.cpp">
      <Filter>Source Files\GUI\DataView2</Filter>
    </ClCompile>
    <ClCompile Include="KxFramework\DataView2\Renderer.cpp">
      <Filter>Source Files\GUI\DataView2</Filter>
    </ClCompile>
    <ClCompile Include="KxFramework\DataView2\Column.cpp">
      <Filter>Source Files\GUI\DataView2</Filter>
    </ClCompile>
    <ClCompile Include="KxFramework\DataView2\View.cpp">
      <Filter>Source Files\GUI\DataView2</Filter>
    </ClCompile>
    <ClCompile Include="KxFramework\DataView2\Model.cpp">
      <Filter>Source Files\GUI\DataView2</Filter>
    </ClCompile>
    <ClCompile Include="KxFramework\KxDataView2Event.cpp">
      <Filter>Source Files\Events</Filter>
    </ClCompile>
    <ClCompile Include="KxFramework\DataView2\Renderers\TextRenderer.cpp">
      <Filter>Source Files\GUI\DataView2\Renderers</Filter>
    </ClCompile>
    <ClCompile Include="KxFramework\DataView2\Editors\TextEditor.cpp">
      <Filter>Source Files\GUI\DataView2\Editors</Filter>
    </ClCompile>
    <ClCompile Include="KxFramework\DataView2\RenderEngine.cpp">
      <Filter>Source Files\GUI\DataView2</Filter>
    </ClCompile>
    <ClCompile Include="KxFramework\DataView2\Renderers\ToggleRenderer.cpp">
      <Filter>Source Files\GUI\DataView2\Renderers</Filter>
    </ClCompile>
    <ClCompile Include="KxFramework\DataView2\Renderers\BitmapRenderer.cpp">
      <Filter>Source Files\GUI\DataView2\Renderers</Filter>
    </ClCompile>
    <ClCompile Include="KxFramework\DataView2\Renderers\BitmapTextRenderer.cpp">
      <Filter>Source Files\GUI\DataView2\Renderers</Filter>
    </ClCompile>
    <ClCompile Include="KxFramework\DataView2\Renderers\BitmapTextToggleRenderer.cpp">
      <Filter>Source Files\GUI\DataView2\Renderers</Filter>
    </ClCompile>
    <ClCompile Include="KxFramework\DataView2\Renderers\ProgressRenderer.cpp">
      <Filter>Source Files\GUI\DataView2\Renderers</Filter>
    </ClCompile>
    <ClCompile Include="KxFramework\DataView2\Renderers\HTMLRenderer.cpp">
      <Filter>Source Files\GUI\DataView2\Renderers</Filter>
    </ClCompile>
    <ClCompile Include="KxFramework\DataView2\Renderers\BitmapListRenderer.cpp">
      <Filter>Source Files\GUI\DataView2\Renderers</Filter>
    </ClCompile>
    <ClCompile Include="KxFramework\DataView2\CellAttributes.cpp">
      <Filter>Source Files\GUI\DataView2</Filter>
    </ClCompile>
    <ClCompile Include="KxFramework\DataView2\Editors\TimeEditor.cpp">
      <Filter>Source Files\GUI\DataView2\Editors</Filter>
    </ClCompile>
    <ClCompile Include="KxFramework\DataView2\Editors\DateEditor.cpp">
      <Filter>Source Files\GUI\DataView2\Editors</Filter>
    </ClCompile>
    <ClCompile Include="KxFramework\DataView2\Editors\ComboBoxEditor.cpp">
      <Filter>Source Files\GUI\DataView2\Editors</Filter>
    </ClCompile>
    <ClCompile Include="KxFramework\DataView2\Editors\ColorEditor.cpp">
      <Filter>Source Files\GUI\DataView2\Editors</Filter>
    </ClCompile>
    <ClCompile Include="KxFramework\DataView2\Editors\SpinEditor.cpp">
      <Filter>Source Files\GUI\DataView2\Editors</Filter>
    </ClCompile>
    <ClCompile Include="KxFramework\DataView2\DragAndDrop.cpp">
      <Filter>Source Files\GUI\DataView2</Filter>
    </ClCompile>
    <ClCompile Include="KxFramework\DataView2\Common.cpp">
      <Filter>Source Files\GUI\DataView2</Filter>
    </ClCompile>
    <ClCompile Include="KxFramework\ComponentSystem\ComponentItem.cpp">
      <Filter>Source Files\General\ComponentSystem</Filter>
    </ClCompile>
    <ClCompile Include="KxFramework\ComponentSystem\IComponentContainer.cpp">
      <Filter>Source Files\General\ComponentSystem</Filter>
    </ClCompile>
    <ClCompile Include="KxFramework\ComponentSystem\Component.cpp">
      <Filter>Source Files\General\ComponentSystem</Filter>
    </ClCompile>
    <ClCompile Include="KxFramework\ComponentSystem\ComponentContainer.cpp">
      <Filter>Source Files\General\ComponentSystem</Filter>
    </ClCompile>
    <ClCompile Include="KxFramework\DataView2\CellState.cpp">
      <Filter>Source Files\GUI\DataView2</Filter>
    </ClCompile>
    <ClCompile Include="KxFramework\DataView2\ToolTip.cpp">
      <Filter>Source Files\GUI\DataView2</Filter>
    </ClCompile>
    <ClCompile Include="KxFramework\KxRichToolTip.cpp">
      <Filter>Source Files\GUI\Windows</Filter>
    </ClCompile>
    <ClCompile Include="KxFramework\KxToolTipEx.cpp">
      <Filter>Source Files\GUI\Windows</Filter>
    </ClCompile>
    <ClCompile Include="KxFramework\DataView2\Renderers\ImageListRenderer.cpp">
      <Filter>Source Files\GUI\DataView2\Renderers</Filter>
    </ClCompile>
    <ClCompile Include="KxFramework\KxClusterMap.cpp">
      <Filter>Source Files\GUI\Controls</Filter>
    </ClCompile>
    <ClCompile Include="KxFramework\KxCommandEvent.cpp">
      <Filter>Source Files\Events</Filter>
    </ClCompile>
    <ClCompile Include="KxFramework\KxNotifyEvent.cpp">
      <Filter>Source Files\Events</Filter>
    </ClCompile>
    <ClCompile Include="Kx\EventSystem\BroadcastProcessor.cpp">
      <Filter>Kx\EventSystem</Filter>
    </ClCompile>
    <ClCompile Include="Kx\EventSystem\EventBuilder.cpp">
      <Filter>Kx\EventSystem</Filter>
    </ClCompile>
    <ClCompile Include="Kx\Async\Coroutine\CoroutineImpl.cpp">
      <Filter>Kx\Async\Coroutine</Filter>
    </ClCompile>
    <ClCompile Include="KxFramework\DataView2\HeaderCtrl2.cpp">
      <Filter>Source Files\GUI\DataView2</Filter>
    </ClCompile>
    <ClCompile Include="Kx\Sciter\Node.cpp">
      <Filter>Kx\Sciter</Filter>
    </ClCompile>
    <ClCompile Include="Kx\Sciter\Element.cpp">
      <Filter>Kx\Sciter</Filter>
    </ClCompile>
    <ClCompile Include="Kx\Sciter\Controls\Label.cpp">
      <Filter>Kx\Sciter\Controls</Filter>
    </ClCompile>
    <ClCompile Include="Kx\Sciter\Host.cpp">
      <Filter>Kx\Sciter</Filter>
    </ClCompile>
    <ClCompile Include="Kx\Sciter\Common.cpp">
      <Filter>Kx\Sciter</Filter>
    </ClCompile>
    <ClCompile Include="Kx\Sciter\SciterAPI.cpp">
      <Filter>Kx\Sciter</Filter>
    </ClCompile>
    <ClCompile Include="Kx\Sciter\Internal.cpp">
      <Filter>Kx\Sciter</Filter>
    </ClCompile>
    <ClCompile Include="Kx\Sciter\Events\Event.cpp">
      <Filter>Kx\Sciter\Events</Filter>
    </ClCompile>
    <ClCompile Include="Kx\Sciter\IWindowRenderer.cpp">
      <Filter>Kx\Sciter</Filter>
    </ClCompile>
    <ClCompile Include="Kx\Sciter\Renderers\DirectX.cpp">
      <Filter>Kx\Sciter\Renderers</Filter>
    </ClCompile>
    <ClCompile Include="Kx\Sciter\Renderers\FPSCounter.cpp">
      <Filter>Kx\Sciter\Renderers</Filter>
    </ClCompile>
    <ClCompile Include="Kx\Sciter\Widget.cpp">
      <Filter>Kx\Sciter</Filter>
    </ClCompile>
    <ClCompile Include="Kx\EventSystem\EventHandlerStack.cpp">
      <Filter>Kx\EventSystem</Filter>
    </ClCompile>
    <ClCompile Include="Kx\Sciter\EventDispatcher.cpp">
      <Filter>Kx\Sciter</Filter>
    </ClCompile>
    <ClCompile Include="Kx\Sciter\WidgetFactory.cpp">
      <Filter>Kx\Sciter</Filter>
    </ClCompile>
    <ClCompile Include="Kx\Sciter\ScriptValue.cpp">
      <Filter>Kx\Sciter</Filter>
    </ClCompile>
    <ClCompile Include="Kx\Sciter\GraphicsRenderer\GraphicsBitmap.cpp">
      <Filter>Kx\Sciter\GraphicsRenderer</Filter>
    </ClCompile>
    <ClCompile Include="Kx\Sciter\GraphicsRenderer\GraphicsText.cpp">
      <Filter>Kx\Sciter\GraphicsRenderer</Filter>
    </ClCompile>
    <ClCompile Include="Kx\Sciter\GraphicsRenderer\GraphicsPath.cpp">
      <Filter>Kx\Sciter\GraphicsRenderer</Filter>
    </ClCompile>
    <ClCompile Include="Kx\Sciter\GraphicsRenderer\GraphicsContext.cpp">
      <Filter>Kx\Sciter\GraphicsRenderer</Filter>
    </ClCompile>
    <ClCompile Include="Kx\Sciter\Events\PaintEvent.cpp">
      <Filter>Kx\Sciter\Events</Filter>
    </ClCompile>
    <ClCompile Include="Kx\FileSystem\FSPath.cpp">
      <Filter>Kx\FileSystem</Filter>
    </ClCompile>
    <ClCompile Include="Kx\FileSystem\Common.cpp">
      <Filter>Kx\FileSystem</Filter>
    </ClCompile>
    <ClCompile Include="Kx\System\ShellFileType.cpp">
      <Filter>Kx\System</Filter>
    </ClCompile>
    <ClCompile Include="Kx\System\ShellFileTypeInfo.cpp">
      <Filter>Kx\System</Filter>
    </ClCompile>
    <ClCompile Include="Kx\System\ShellFileTypeManager.cpp">
      <Filter>Kx\System</Filter>
    </ClCompile>
    <ClCompile Include="Kx\Threading\JoinableThread.cpp">
      <Filter>Kx\Threading</Filter>
    </ClCompile>
    <ClCompile Include="Kx\FileSystem\FileOperations.cpp">
      <Filter>Kx\FileSystem</Filter>
    </ClCompile>
    <ClCompile Include="Kx\General\BinarySize.cpp">
      <Filter>Kx\General</Filter>
    </ClCompile>
    <ClCompile Include="Kx\FileSystem\FileItem.cpp">
      <Filter>Kx\FileSystem</Filter>
    </ClCompile>
    <ClCompile Include="Kx\FileSystem\NativeFileSystem.cpp">
      <Filter>Kx\FileSystem</Filter>
    </ClCompile>
    <ClCompile Include="Kx\FileSystem\LegacyVolume.cpp">
      <Filter>Kx\FileSystem</Filter>
    </ClCompile>
    <ClCompile Include="Kx\FileSystem\StorageVolume.cpp">
      <Filter>Kx\FileSystem</Filter>
    </ClCompile>
    <ClCompile Include="Kx\FileSystem\RecycleBin.cpp">
      <Filter>Kx\FileSystem</Filter>
    </ClCompile>
    <ClCompile Include="Kx\System\ShellOperations.cpp">
      <Filter>Kx\System</Filter>
    </ClCompile>
    <ClCompile Include="Kx\System\COM.cpp">
      <Filter>Kx\System</Filter>
    </ClCompile>
    <ClCompile Include="Kx\System\ErrorCodeValue.cpp">
      <Filter>Kx\System</Filter>
    </ClCompile>
    <ClCompile Include="Kx\System\ErrorCode.cpp">
      <Filter>Kx\System</Filter>
    </ClCompile>
    <ClCompile Include="Kx\Compression\IArchive.cpp">
      <Filter>Kx\Compression</Filter>
    </ClCompile>
    <ClCompile Include="Kx\UI\Validator.cpp">
      <Filter>Kx\UI</Filter>
    </ClCompile>
    <ClCompile Include="Kx\General\MemoryStream.cpp">
      <Filter>Kx\General</Filter>
    </ClCompile>
    <ClCompile Include="Kx\Compression\ZLibStream.cpp">
      <Filter>Kx\Compression</Filter>
    </ClCompile>
    <ClCompile Include="Kx\Compression\LZ4Stream.cpp">
      <Filter>Kx\Compression</Filter>
    </ClCompile>
    <ClCompile Include="Kx\General\Version.cpp">
      <Filter>Kx\General</Filter>
    </ClCompile>
    <ClCompile Include="Kx\General\Private\VersionImpl.cpp">
      <Filter>Kx\General\Private</Filter>
    </ClCompile>
    <ClCompile Include="Kx\General\Any.cpp">
      <Filter>Kx\General</Filter>
    </ClCompile>
    <ClCompile Include="Kx\General\Color.cpp">
      <Filter>Kx\General</Filter>
    </ClCompile>
    <ClCompile Include="Kx\General\UniversallyUniqueID.cpp">
      <Filter>Kx\General</Filter>
    </ClCompile>
    <ClCompile Include="Kx\General\String.cpp">
      <Filter>Kx\General</Filter>
    </ClCompile>
    <ClCompile Include="Kx\General\StringFormater.cpp">
      <Filter>Kx\General</Filter>
    </ClCompile>
    <ClCompile Include="Kx\System\NativeAPI.cpp">
      <Filter>Kx\System</Filter>
    </ClCompile>
    <ClCompile Include="Kx\System\SystemInformation.cpp">
      <Filter>Kx\System</Filter>
    </ClCompile>
    <ClCompile Include="Kx\System\CredentialStore.cpp">
      <Filter>Kx\System</Filter>
    </ClCompile>
    <ClCompile Include="Kx\Crypto\Crypto.cpp">
      <Filter>Kx\Crypto</Filter>
    </ClCompile>
    <ClCompile Include="Kx\Crypto\Common.cpp">
      <Filter>Kx\Crypto</Filter>
    </ClCompile>
    <ClCompile Include="Kx\Crypto\SecretValue.cpp">
      <Filter>Kx\Crypto</Filter>
    </ClCompile>
    <ClCompile Include="Kx\System\CFunctionCompiler.cpp">
      <Filter>Kx\System</Filter>
    </ClCompile>
    <ClCompile Include="Kx\System\Registry.cpp">
      <Filter>Kx\System</Filter>
    </ClCompile>
    <ClCompile Include="Kx\Network\Common.cpp">
      <Filter>Kx\Network</Filter>
    </ClCompile>
    <ClCompile Include="Kx\Utility\String.cpp">
      <Filter>Kx\Utility</Filter>
    </ClCompile>
    <ClCompile Include="Kx\Utility\System.cpp">
      <Filter>Kx\Utility</Filter>
    </ClCompile>
    <ClCompile Include="Kx\General\INIDocument.cpp">
      <Filter>Kx\General</Filter>
    </ClCompile>
    <ClCompile Include="Kx\General\JSONDocument.cpp">
      <Filter>Kx\General</Filter>
    </ClCompile>
    <ClCompile Include="Kx\General\XMLNode.cpp">
      <Filter>Kx\General</Filter>
    </ClCompile>
    <ClCompile Include="Kx\General\XMLAttribute.cpp">
      <Filter>Kx\General</Filter>
    </ClCompile>
    <ClCompile Include="Kx\General\XMLDocument.cpp">
      <Filter>Kx\General</Filter>
    </ClCompile>
    <ClCompile Include="Kx\General\XDocument.cpp">
      <Filter>Kx\General</Filter>
    </ClCompile>
    <ClCompile Include="Kx\General\HTMLNode.cpp">
      <Filter>Kx\General</Filter>
    </ClCompile>
    <ClCompile Include="Kx\General\HTMLDocument.cpp">
      <Filter>Kx\General</Filter>
    </ClCompile>
    <ClCompile Include="Kx\General\Private\HTML\serialize.cpp">
      <Filter>Kx\General\Private\HTML</Filter>
    </ClCompile>
    <ClCompile Include="Kx\General\Private\HTML\clean_text.cpp">
      <Filter>Kx\General\Private\HTML</Filter>
    </ClCompile>
    <ClCompile Include="Kx\General\TextDocument.cpp">
      <Filter>Kx\General</Filter>
    </ClCompile>
    <ClCompile Include="Kx\Network\URI.cpp">
      <Filter>Kx\Network</Filter>
    </ClCompile>
    <ClCompile Include="Kx\Network\URL.cpp">
      <Filter>Kx\Network</Filter>
    </ClCompile>
    <ClCompile Include="Kx\Network\CURL.cpp">
      <Filter>Kx\Network</Filter>
    </ClCompile>
    <ClCompile Include="Kx\Compression\ArchiveEvent.cpp">
      <Filter>Kx\Compression</Filter>
    </ClCompile>
    <ClCompile Include="Kx\FileSystem\FileOperationEvent.cpp">
      <Filter>Kx\FileSystem</Filter>
    </ClCompile>
    <ClCompile Include="Kx\Network\WebSocket.cpp">
      <Filter>Kx\Network</Filter>
    </ClCompile>
    <ClCompile Include="Kx\Network\WebSocket\SecureClient.cpp">
      <Filter>Kx\Network\WebSocket</Filter>
    </ClCompile>
    <ClCompile Include="Kx\Network\WebSocket\Event.cpp">
      <Filter>Kx\Network\WebSocket</Filter>
    </ClCompile>
    <ClCompile Include="Kx\Network\CURL\Private\CURL.cpp">
      <Filter>Kx\Network\CURL\Private</Filter>
    </ClCompile>
    <ClCompile Include="Kx\Network\CURL\Event.cpp">
      <Filter>Kx\Network\CURL</Filter>
    </ClCompile>
    <ClCompile Include="Kx\Network\CURL\Session.cpp">
      <Filter>Kx\Network\CURL</Filter>
    </ClCompile>
    <ClCompile Include="Kx\Network\CURL\Reply.cpp">
      <Filter>Kx\Network\CURL</Filter>
    </ClCompile>
    <ClCompile Include="Kx\Drawing\Common.cpp">
      <Filter>Kx\Drawing</Filter>
    </ClCompile>
    <ClCompile Include="Kx\Drawing\ImageList.cpp">
      <Filter>Kx\Drawing</Filter>
    </ClCompile>
    <ClCompile Include="Kx\Drawing\ImageSet.cpp">
      <Filter>Kx\Drawing</Filter>
    </ClCompile>
    <ClCompile Include="KxFramework\KxDataViewComboBox.cpp">
      <Filter>Source Files\GUI\Controls</Filter>
    </ClCompile>
    <ClCompile Include="Kx\Drawing\DCOperations.cpp">
      <Filter>Kx\Drawing</Filter>
    </ClCompile>
    <ClCompile Include="Kx\Drawing\UxTheme.cpp">
      <Filter>Kx\Drawing</Filter>
    </ClCompile>
    <ClCompile Include="Kx\General\Math.cpp">
      <Filter>Kx\General</Filter>
    </ClCompile>
    <ClCompile Include="Kx\System\DPIAwareness.cpp">
      <Filter>Kx\System</Filter>
    </ClCompile>
    <ClCompile Include="Kx\System\WOW64FSRedirection.cpp">
      <Filter>Kx\System</Filter>
    </ClCompile>
    <ClCompile Include="Kx\UI\HiDPIEnabledWindow.cpp">
      <Filter>Kx\UI</Filter>
    </ClCompile>
    <ClCompile Include="Kx\Localization\Common.cpp">
      <Filter>Kx\Localization</Filter>
    </ClCompile>
  </ItemGroup>
  <ItemGroup>
    <None Include="Kx\System\Private\ErrorCodeNtStatus.i">
      <Filter>Kx\System\Private</Filter>
    </None>
    <None Include=".gitattributes">
      <Filter>Resource Files</Filter>
    </None>
    <None Include=".gitignore">
      <Filter>Resource Files</Filter>
    </None>
    <None Include="Copyright header template">
      <Filter>Resource Files</Filter>
    </None>
    <None Include="LICENSE">
      <Filter>Resource Files</Filter>
    </None>
    <None Include="README.md">
      <Filter>Resource Files</Filter>
    </None>
    <None Include="cpp.hint">
      <Filter>Resource Files</Filter>
    </None>
  </ItemGroup>
  <ItemGroup>
    <Natvis Include="Kx\General\Color.natvis">
      <Filter>Kx\General</Filter>
    </Natvis>
  </ItemGroup>
</Project>