<?xml version="1.0" encoding="utf-8"?>
<Project ToolsVersion="4.0" xmlns="http://schemas.microsoft.com/developer/msbuild/2003">
  <ItemGroup>
    <Filter Include="Resource Files">
      <UniqueIdentifier>{67DA6AB6-F800-4c08-8B7A-83BB121AAD01}</UniqueIdentifier>
      <Extensions>rc;ico;cur;bmp;dlg;rc2;rct;bin;rgs;gif;jpg;jpeg;jpe;resx;tiff;tif;png;wav;mfcribbon-ms</Extensions>
    </Filter>
    <Filter Include="kxf">
      <UniqueIdentifier>{b754c7f1-7cfc-4648-b498-fd9750d8b242}</UniqueIdentifier>
    </Filter>
    <Filter Include="kxf\Threading">
      <UniqueIdentifier>{ccbec7f3-86f7-4bda-acbe-9a8176c4626d}</UniqueIdentifier>
    </Filter>
    <Filter Include="kxf\System">
      <UniqueIdentifier>{7b228bc2-9ef1-4a57-ad08-f8ed2e2297f8}</UniqueIdentifier>
    </Filter>
    <Filter Include="kxf\EventSystem">
      <UniqueIdentifier>{92dd9a25-4dd3-43b6-93d2-2e7e3aca0fee}</UniqueIdentifier>
    </Filter>
    <Filter Include="kxf\Utility">
      <UniqueIdentifier>{52fc7bb7-70b1-4c6a-bf5f-529badf3d413}</UniqueIdentifier>
    </Filter>
    <Filter Include="kxf\Async">
      <UniqueIdentifier>{fc09224a-8afc-4d5f-8e30-38510a31f4ff}</UniqueIdentifier>
    </Filter>
    <Filter Include="kxf\Async\Coroutine">
      <UniqueIdentifier>{5af1a9f7-b496-4a12-82b1-164394d2a34c}</UniqueIdentifier>
    </Filter>
    <Filter Include="kxf\RTTI">
      <UniqueIdentifier>{9f4d2d8d-8aa1-4b1f-a11f-51ca03f6bba8}</UniqueIdentifier>
    </Filter>
    <Filter Include="kxf\Sciter">
      <UniqueIdentifier>{d52584cf-315c-4912-80d6-95b031065ed1}</UniqueIdentifier>
    </Filter>
    <Filter Include="kxf\Sciter\Windows">
      <UniqueIdentifier>{651bbcaa-5289-4581-90c4-73dc49119514}</UniqueIdentifier>
    </Filter>
    <Filter Include="kxf\Sciter\Controls">
      <UniqueIdentifier>{aacb0ec0-4f97-43ee-a76e-16f29cea9351}</UniqueIdentifier>
    </Filter>
    <Filter Include="kxf\Sciter\Events">
      <UniqueIdentifier>{49eb5c51-d7e1-45ec-9167-7e05b2a547ae}</UniqueIdentifier>
    </Filter>
    <Filter Include="kxf\Sciter\Renderers">
      <UniqueIdentifier>{79730e57-63ef-4d10-a119-9ef02463b0b9}</UniqueIdentifier>
    </Filter>
    <Filter Include="kxf\Sciter\Widgets">
      <UniqueIdentifier>{7a7710b7-f10d-4cdd-aab6-3deb50927777}</UniqueIdentifier>
    </Filter>
    <Filter Include="kxf\Sciter\GraphicsRenderer">
      <UniqueIdentifier>{d79eb026-949d-4566-8c1b-6a403a1f46f0}</UniqueIdentifier>
    </Filter>
    <Filter Include="kxf\Sciter\Utility">
      <UniqueIdentifier>{8e318e71-b1be-4b4e-9f7b-d62888b30ea5}</UniqueIdentifier>
    </Filter>
    <Filter Include="kxf\FileSystem">
      <UniqueIdentifier>{a95e1a0b-7728-4fee-bdea-a3a34c440c70}</UniqueIdentifier>
    </Filter>
    <Filter Include="kxf\General">
      <UniqueIdentifier>{7777f244-e0e6-49ac-b259-199b1aed7a28}</UniqueIdentifier>
    </Filter>
    <Filter Include="kxf\Compression">
      <UniqueIdentifier>{1ffb3494-f392-4267-b778-6c908ff721ea}</UniqueIdentifier>
    </Filter>
    <Filter Include="kxf\UI">
      <UniqueIdentifier>{d35e1c06-a587-42a8-897d-b06fd84ea9cf}</UniqueIdentifier>
    </Filter>
    <Filter Include="kxf\System\Private">
      <UniqueIdentifier>{01514fbc-31c6-49d0-9360-d06809164ea6}</UniqueIdentifier>
    </Filter>
    <Filter Include="kxf\FileSystem\Private">
      <UniqueIdentifier>{8d4abda0-ae07-4c67-8215-582952c35bd2}</UniqueIdentifier>
    </Filter>
    <Filter Include="kxf\General\Private">
      <UniqueIdentifier>{9bddb8ad-b98d-4558-90ae-2b5b7048b860}</UniqueIdentifier>
    </Filter>
    <Filter Include="kxf\wxWidgets">
      <UniqueIdentifier>{025a1a1a-8594-467f-b759-9e5ca71ddd88}</UniqueIdentifier>
    </Filter>
    <Filter Include="kxf\Crypto">
      <UniqueIdentifier>{a22e20b9-4de3-47e4-ace6-bcc7101c470c}</UniqueIdentifier>
    </Filter>
    <Filter Include="kxf\Network">
      <UniqueIdentifier>{503679ad-0476-4a11-beb0-ba123ce47580}</UniqueIdentifier>
    </Filter>
    <Filter Include="kxf\Network\Private">
      <UniqueIdentifier>{297f6ab2-a16f-4533-8457-4978880f4f39}</UniqueIdentifier>
    </Filter>
    <Filter Include="kxf\Network\CURL">
      <UniqueIdentifier>{7a962409-a4c6-438c-bc0a-e182899e59fb}</UniqueIdentifier>
    </Filter>
    <Filter Include="kxf\Network\WebSocket">
      <UniqueIdentifier>{2a3b5b6b-016a-40ee-a07e-4b956e81b039}</UniqueIdentifier>
    </Filter>
    <Filter Include="kxf\Network\CURL\Private">
      <UniqueIdentifier>{356be2a4-c6d5-4264-a9c0-cc7e9c6e4d8a}</UniqueIdentifier>
    </Filter>
    <Filter Include="kxf\Drawing">
      <UniqueIdentifier>{fbcc6e41-fe9c-453d-967a-8c07c5a548f6}</UniqueIdentifier>
    </Filter>
    <Filter Include="kxf\Drawing\Private">
      <UniqueIdentifier>{d0521874-4a25-4cdf-b542-c5159ced03de}</UniqueIdentifier>
    </Filter>
    <Filter Include="kxf\Localization">
      <UniqueIdentifier>{78fcd35b-5cf3-4408-b0d1-c3feaddb2f37}</UniqueIdentifier>
    </Filter>
    <Filter Include="kxf\Localization\Private">
      <UniqueIdentifier>{11dc96d7-85e1-4fc8-bdc8-d72ddfd34013}</UniqueIdentifier>
    </Filter>
    <Filter Include="kxf\System\SystemProcess">
      <UniqueIdentifier>{a47c3ad0-99a9-47ac-abb2-cebc2abc27b9}</UniqueIdentifier>
    </Filter>
    <Filter Include="kxf\UI\Windows">
      <UniqueIdentifier>{9450c2a9-a27f-432e-b708-f3e989d2763e}</UniqueIdentifier>
    </Filter>
    <Filter Include="kxf\UI\Menus">
      <UniqueIdentifier>{c3edb610-29df-482b-bdff-75b57ad747ff}</UniqueIdentifier>
    </Filter>
    <Filter Include="kxf\UI\Dialogs">
      <UniqueIdentifier>{9a1c22ff-1e4f-4029-a1a7-eb61d618611e}</UniqueIdentifier>
    </Filter>
    <Filter Include="kxf\UI\Controls">
      <UniqueIdentifier>{10404d08-ff3e-46e1-a037-fafea63e7a3f}</UniqueIdentifier>
    </Filter>
    <Filter Include="kxf\UI\Controls\DataView">
      <UniqueIdentifier>{f9fe5111-7aa9-4688-9f65-1c21caf83ac0}</UniqueIdentifier>
    </Filter>
    <Filter Include="kxf\UI\Controls\AUI">
      <UniqueIdentifier>{51ba4e52-464f-4d32-a8b4-d68239db9572}</UniqueIdentifier>
    </Filter>
    <Filter Include="VCPkg">
      <UniqueIdentifier>{cca4e5fe-4a6a-4c71-9b15-0192dbe9f56a}</UniqueIdentifier>
    </Filter>
    <Filter Include="VCPkg\ports">
      <UniqueIdentifier>{ae77cf63-eee5-4ec9-a5ff-ec2a598f59a9}</UniqueIdentifier>
    </Filter>
    <Filter Include="VCPkg\ports\kxframework">
      <UniqueIdentifier>{f9a22f03-a441-4cbc-86b4-ef8ad6849955}</UniqueIdentifier>
    </Filter>
    <Filter Include="VCPkg\triplets">
      <UniqueIdentifier>{b1c52d0b-84cd-499f-a89c-93d979873dfd}</UniqueIdentifier>
    </Filter>
    <Filter Include="VCPkg\triplets\community">
      <UniqueIdentifier>{7962b0c5-a73a-435e-81c8-d700627df6f1}</UniqueIdentifier>
    </Filter>
    <Filter Include="kxf\UI\Dialogs\Private">
      <UniqueIdentifier>{8748a1a3-30f0-4977-9c4b-3fffaf785b0e}</UniqueIdentifier>
    </Filter>
    <Filter Include="kxf\UI\Controls\DataView\Editors">
      <UniqueIdentifier>{88feb086-33ff-447b-9a97-120aa1397e12}</UniqueIdentifier>
    </Filter>
    <Filter Include="kxf\UI\Controls\DataView\Renderers">
      <UniqueIdentifier>{687104a4-b178-491f-9bbd-4786d1510946}</UniqueIdentifier>
    </Filter>
    <Filter Include="kxf\UI\Controls\&lt;Controls&gt;">
      <UniqueIdentifier>{8d89f944-d9f8-4f7c-b28d-82616536aae2}</UniqueIdentifier>
    </Filter>
    <Filter Include="kxf\UI\&lt;UI&gt;">
      <UniqueIdentifier>{e51dc976-b3e3-4424-aac5-de85a4e6e3c5}</UniqueIdentifier>
    </Filter>
    <Filter Include="kxf\General\DateTime">
      <UniqueIdentifier>{073e2d6c-cfc9-4471-90ed-fc3f9dc3733b}</UniqueIdentifier>
    </Filter>
    <Filter Include="kxf\General\DateTime\Private">
      <UniqueIdentifier>{1927ba84-01dd-4b98-90dd-7496ee4a3211}</UniqueIdentifier>
    </Filter>
    <Filter Include="kxf\Compression\SevenZip">
      <UniqueIdentifier>{e925ebf1-8615-496c-8539-4d57df6010b2}</UniqueIdentifier>
    </Filter>
    <Filter Include="kxf\Compression\SevenZip\Private">
      <UniqueIdentifier>{3e4e5918-a4e0-4d0e-8dd9-d971bab2c7f2}</UniqueIdentifier>
    </Filter>
    <Filter Include="kxf\Compression\SevenZip\Private\&lt;Callbacks&gt;">
      <UniqueIdentifier>{cefcf3af-f989-4dca-bbb8-ae79f80f2972}</UniqueIdentifier>
    </Filter>
    <Filter Include="kxf\Compression\SevenZip\Private\&lt;Streams&gt;">
      <UniqueIdentifier>{4cd40067-8aaf-42f0-9ad0-fa76e583456c}</UniqueIdentifier>
    </Filter>
    <Filter Include="kxf\IO">
      <UniqueIdentifier>{de7b204d-217c-4b3d-ac55-74c08fc3930b}</UniqueIdentifier>
    </Filter>
    <Filter Include="kxf\Serialization">
      <UniqueIdentifier>{f34bfbbf-c4d4-44d9-aae9-1a5044feca3c}</UniqueIdentifier>
    </Filter>
    <Filter Include="kxf\Serialization\HTML">
      <UniqueIdentifier>{181171dd-f685-4fc8-9aba-d64337ce9a34}</UniqueIdentifier>
    </Filter>
    <Filter Include="kxf\Serialization\XML">
      <UniqueIdentifier>{9f7a3a06-47af-45d2-aa9c-9ca3dbb2ee68}</UniqueIdentifier>
    </Filter>
    <Filter Include="kxf\Serialization\INI">
      <UniqueIdentifier>{ea84b5da-f198-4366-b3ea-6f2322d241eb}</UniqueIdentifier>
    </Filter>
    <Filter Include="kxf\Serialization\JSON">
      <UniqueIdentifier>{8a0ddea9-a858-424b-82e0-7cc061bc45e6}</UniqueIdentifier>
    </Filter>
    <Filter Include="kxf\Serialization\Private">
      <UniqueIdentifier>{f74a3b57-ecbc-4712-8534-722a35d34c99}</UniqueIdentifier>
    </Filter>
    <Filter Include="kxf\Serialization\HTML\Private">
      <UniqueIdentifier>{a45b3a1c-bccb-4efd-92c2-acbf00400b7b}</UniqueIdentifier>
    </Filter>
    <Filter Include="kxf\Serialization\XML\Private">
      <UniqueIdentifier>{47ee576b-53f3-4dcb-9ad0-30fad244c27d}</UniqueIdentifier>
    </Filter>
    <Filter Include="kxf/Modules">
      <UniqueIdentifier>{916829f1-4a51-4891-9918-1b9723789c5a}</UniqueIdentifier>
    </Filter>
    <Filter Include="kxf\EventSystem\Private">
      <UniqueIdentifier>{e7c63a0b-034c-4708-8a62-fc4a638ddd39}</UniqueIdentifier>
    </Filter>
    <Filter Include="kxf\EventSystem\CRTP">
      <UniqueIdentifier>{d019425f-df57-4975-820f-f341593aa5c1}</UniqueIdentifier>
    </Filter>
    <Filter Include="kxf\EventSystem\&lt;Events&gt;">
      <UniqueIdentifier>{2dfd2894-0e32-4b6c-b500-91d335aaf7b3}</UniqueIdentifier>
    </Filter>
    <Filter Include="kxf\Application">
      <UniqueIdentifier>{356e3ec5-ad3c-4ca0-b603-1fda76f8610a}</UniqueIdentifier>
    </Filter>
    <Filter Include="kxf\Application\Private">
      <UniqueIdentifier>{3db6fd7c-0ce9-430a-951d-f57a0c9b7fad}</UniqueIdentifier>
    </Filter>
  </ItemGroup>
  <ItemGroup>
    <ClInclude Include="kxf\Threading\Common.h">
      <Filter>kxf\Threading</Filter>
    </ClInclude>
    <ClInclude Include="kxf\Common.hpp">
      <Filter>kxf</Filter>
    </ClInclude>
    <ClInclude Include="kxf\System\Common.h">
      <Filter>kxf\System</Filter>
    </ClInclude>
    <ClInclude Include="kxf\EventSystem\BroadcastProcessor.h">
      <Filter>kxf\EventSystem</Filter>
    </ClInclude>
    <ClInclude Include="kxf\EventSystem\Common.h">
      <Filter>kxf\EventSystem</Filter>
    </ClInclude>
    <ClInclude Include="kxf\EventSystem\EventBuilder.h">
      <Filter>kxf\EventSystem</Filter>
    </ClInclude>
    <ClInclude Include="kxf\Utility\Common.h">
      <Filter>kxf\Utility</Filter>
    </ClInclude>
    <ClInclude Include="kxf\Utility\TypeTraits.h">
      <Filter>kxf\Utility</Filter>
    </ClInclude>
    <ClInclude Include="kxf\Async\Common.h">
      <Filter>kxf\Async</Filter>
    </ClInclude>
    <ClInclude Include="kxf\Async\Coroutine\Coroutine.h">
      <Filter>kxf\Async\Coroutine</Filter>
    </ClInclude>
    <ClInclude Include="kxf\Async\Coroutine\CoroutineImpl.h">
      <Filter>kxf\Async\Coroutine</Filter>
    </ClInclude>
    <ClInclude Include="kxf\Async\Coroutine.h">
      <Filter>kxf\Async</Filter>
    </ClInclude>
    <ClInclude Include="kxf\Async\DelayedCall.h">
      <Filter>kxf\Async</Filter>
    </ClInclude>
    <ClInclude Include="kxf\RTTI\QueryInterface.h">
      <Filter>kxf\RTTI</Filter>
    </ClInclude>
    <ClInclude Include="kxf\RTTI\Common.h">
      <Filter>kxf\RTTI</Filter>
    </ClInclude>
    <ClInclude Include="kxf\Sciter\Common.h">
      <Filter>kxf\Sciter</Filter>
    </ClInclude>
    <ClInclude Include="kxf\Sciter\Node.h">
      <Filter>kxf\Sciter</Filter>
    </ClInclude>
    <ClInclude Include="kxf\Sciter\Element.h">
      <Filter>kxf\Sciter</Filter>
    </ClInclude>
    <ClInclude Include="kxf\Sciter\Controls\Label.h">
      <Filter>kxf\Sciter\Controls</Filter>
    </ClInclude>
    <ClInclude Include="kxf\Sciter\Host.h">
      <Filter>kxf\Sciter</Filter>
    </ClInclude>
    <ClInclude Include="kxf\Sciter\WrapperWindow.h">
      <Filter>kxf\Sciter</Filter>
    </ClInclude>
    <ClInclude Include="kxf\Sciter\SciterAPI.h">
      <Filter>kxf\Sciter</Filter>
    </ClInclude>
    <ClInclude Include="kxf\Sciter\Internal.h">
      <Filter>kxf\Sciter</Filter>
    </ClInclude>
    <ClInclude Include="kxf\Sciter\Events.h">
      <Filter>kxf\Sciter</Filter>
    </ClInclude>
    <ClInclude Include="kxf\Sciter\Events\Event.h">
      <Filter>kxf\Sciter\Events</Filter>
    </ClInclude>
    <ClInclude Include="kxf\Sciter\Events\KeyEvent.h">
      <Filter>kxf\Sciter\Events</Filter>
    </ClInclude>
    <ClInclude Include="kxf\Sciter\Events\MouseEvent.h">
      <Filter>kxf\Sciter\Events</Filter>
    </ClInclude>
    <ClInclude Include="kxf\Sciter\Events\FocusEvent.h">
      <Filter>kxf\Sciter\Events</Filter>
    </ClInclude>
    <ClInclude Include="kxf\Sciter\Events\TimerEvent.h">
      <Filter>kxf\Sciter\Events</Filter>
    </ClInclude>
    <ClInclude Include="kxf\Sciter\Events\SizeEvent.h">
      <Filter>kxf\Sciter\Events</Filter>
    </ClInclude>
    <ClInclude Include="kxf\Sciter\Events\ScrollEvent.h">
      <Filter>kxf\Sciter\Events</Filter>
    </ClInclude>
    <ClInclude Include="kxf\Sciter\Events\PaintEvent.h">
      <Filter>kxf\Sciter\Events</Filter>
    </ClInclude>
    <ClInclude Include="kxf\Sciter\Events\BehaviorEvent.h">
      <Filter>kxf\Sciter\Events</Filter>
    </ClInclude>
    <ClInclude Include="kxf\Sciter\IWindowRenderer.h">
      <Filter>kxf\Sciter</Filter>
    </ClInclude>
    <ClInclude Include="kxf\Sciter\Renderers\DirectX.h">
      <Filter>kxf\Sciter\Renderers</Filter>
    </ClInclude>
    <ClInclude Include="kxf\Sciter\Renderers\FPSCounter.h">
      <Filter>kxf\Sciter\Renderers</Filter>
    </ClInclude>
    <ClInclude Include="kxf\Sciter\Widget.h">
      <Filter>kxf\Sciter</Filter>
    </ClInclude>
    <ClInclude Include="kxf\EventSystem\EventHandlerStack.h">
      <Filter>kxf\EventSystem</Filter>
    </ClInclude>
    <ClInclude Include="kxf\Sciter\EventDispatcher.h">
      <Filter>kxf\Sciter</Filter>
    </ClInclude>
    <ClInclude Include="kxf\Sciter\CommonDefs.h">
      <Filter>kxf\Sciter</Filter>
    </ClInclude>
    <ClInclude Include="kxf\Sciter\WidgetFactory.h">
      <Filter>kxf\Sciter</Filter>
    </ClInclude>
    <ClInclude Include="kxf\Sciter\ScriptValue.h">
      <Filter>kxf\Sciter</Filter>
    </ClInclude>
    <ClInclude Include="kxf\Sciter\GraphicsRenderer\GraphicsBitmap.h">
      <Filter>kxf\Sciter\GraphicsRenderer</Filter>
    </ClInclude>
    <ClInclude Include="kxf\Sciter\GraphicsRenderer\GraphicsText.h">
      <Filter>kxf\Sciter\GraphicsRenderer</Filter>
    </ClInclude>
    <ClInclude Include="kxf\Sciter\Utility\HandleWrapper.h">
      <Filter>kxf\Sciter\Utility</Filter>
    </ClInclude>
    <ClInclude Include="kxf\Sciter\GraphicsRenderer\GraphicsPath.h">
      <Filter>kxf\Sciter\GraphicsRenderer</Filter>
    </ClInclude>
    <ClInclude Include="kxf\Sciter\GraphicsRenderer\GraphicsContext.h">
      <Filter>kxf\Sciter\GraphicsRenderer</Filter>
    </ClInclude>
    <ClInclude Include="kxf\FileSystem\FSPath.h">
      <Filter>kxf\FileSystem</Filter>
    </ClInclude>
    <ClInclude Include="kxf\FileSystem\Common.h">
      <Filter>kxf\FileSystem</Filter>
    </ClInclude>
    <ClInclude Include="kxf\General\Common.h">
      <Filter>kxf\General</Filter>
    </ClInclude>
    <ClInclude Include="kxf\General\NativeUUID.h">
      <Filter>kxf\General</Filter>
    </ClInclude>
    <ClInclude Include="kxf\Async\Coroutine\YieldInstruction.h">
      <Filter>kxf\Async\Coroutine</Filter>
    </ClInclude>
    <ClInclude Include="kxf\System\ShellFileType.h">
      <Filter>kxf\System</Filter>
    </ClInclude>
    <ClInclude Include="kxf\System\ShellFileTypeInfo.h">
      <Filter>kxf\System</Filter>
    </ClInclude>
    <ClInclude Include="kxf\System\ShellFileTypeManager.h">
      <Filter>kxf\System</Filter>
    </ClInclude>
    <ClInclude Include="kxf\Threading\JoinableThread.h">
      <Filter>kxf\Threading</Filter>
    </ClInclude>
    <ClInclude Include="kxf\Threading\AutoThread.h">
      <Filter>kxf\Threading</Filter>
    </ClInclude>
    <ClInclude Include="kxf\FileSystem\FileOperations.h">
      <Filter>kxf\FileSystem</Filter>
    </ClInclude>
    <ClInclude Include="kxf\General\BinarySize.h">
      <Filter>kxf\General</Filter>
    </ClInclude>
    <ClInclude Include="kxf\FileSystem\FileItem.h">
      <Filter>kxf\FileSystem</Filter>
    </ClInclude>
    <ClInclude Include="kxf\General\ExtraData.h">
      <Filter>kxf\General</Filter>
    </ClInclude>
    <ClInclude Include="kxf\FileSystem\IFileSystem.h">
      <Filter>kxf\FileSystem</Filter>
    </ClInclude>
    <ClInclude Include="kxf\FileSystem\NativeFileSystem.h">
      <Filter>kxf\FileSystem</Filter>
    </ClInclude>
    <ClInclude Include="kxf\Utility\CallAtScopeExit.h">
      <Filter>kxf\Utility</Filter>
    </ClInclude>
    <ClInclude Include="kxf\General\Singleton.h">
      <Filter>kxf\General</Filter>
    </ClInclude>
    <ClInclude Include="kxf\FileSystem\LegacyVolume.h">
      <Filter>kxf\FileSystem</Filter>
    </ClInclude>
    <ClInclude Include="kxf\FileSystem\StorageVolume.h">
      <Filter>kxf\FileSystem</Filter>
    </ClInclude>
    <ClInclude Include="kxf\FileSystem\RecycleBin.h">
      <Filter>kxf\FileSystem</Filter>
    </ClInclude>
    <ClInclude Include="kxf\System\ShellOperations.h">
      <Filter>kxf\System</Filter>
    </ClInclude>
    <ClInclude Include="kxf\System\COM.h">
      <Filter>kxf\System</Filter>
    </ClInclude>
    <ClInclude Include="kxf\System\ErrorCode.h">
      <Filter>kxf\System</Filter>
    </ClInclude>
    <ClInclude Include="kxf\System\UndefWindows.h">
      <Filter>kxf\System</Filter>
    </ClInclude>
    <ClInclude Include="kxf\System\ErrorCodeValue.h">
      <Filter>kxf\System</Filter>
    </ClInclude>
    <ClInclude Include="kxf\Compression\Common.h">
      <Filter>kxf\Compression</Filter>
    </ClInclude>
    <ClInclude Include="kxf\Compression\IArchive.h">
      <Filter>kxf\Compression</Filter>
    </ClInclude>
    <ClInclude Include="kxf\Compression\ZLibStream.h">
      <Filter>kxf\Compression</Filter>
    </ClInclude>
    <ClInclude Include="kxf\Compression\LZ4Stream.h">
      <Filter>kxf\Compression</Filter>
    </ClInclude>
    <ClInclude Include="kxf\System\Private\BeginIncludeCOM.h">
      <Filter>kxf\System\Private</Filter>
    </ClInclude>
    <ClInclude Include="kxf\FileSystem\Private\NamespacePrefix.h">
      <Filter>kxf\FileSystem\Private</Filter>
    </ClInclude>
    <ClInclude Include="kxf\General\Private\ExtraData.h">
      <Filter>kxf\General\Private</Filter>
    </ClInclude>
    <ClInclude Include="kxf\System\Private\IncludeNtStatus.h">
      <Filter>kxf\System\Private</Filter>
    </ClInclude>
    <ClInclude Include="kxf\System\Private\EndIncludeCOM.h">
      <Filter>kxf\System\Private</Filter>
    </ClInclude>
    <ClInclude Include="kxf\General\Version.h">
      <Filter>kxf\General</Filter>
    </ClInclude>
    <ClInclude Include="kxf\General\Private\VersionImpl.h">
      <Filter>kxf\General\Private</Filter>
    </ClInclude>
    <ClInclude Include="kxf\General\MemorySpan.h">
      <Filter>kxf\General</Filter>
    </ClInclude>
    <ClInclude Include="kxf\General\Any.h">
      <Filter>kxf\General</Filter>
    </ClInclude>
    <ClInclude Include="kxf\General\Color.h">
      <Filter>kxf\General</Filter>
    </ClInclude>
    <ClInclude Include="kxf\General\ColorDefines.h">
      <Filter>kxf\General</Filter>
    </ClInclude>
    <ClInclude Include="kxf\Utility\Numeric.h">
      <Filter>kxf\Utility</Filter>
    </ClInclude>
    <ClInclude Include="kxf\General\UniversallyUniqueID.h">
      <Filter>kxf\General</Filter>
    </ClInclude>
    <ClInclude Include="kxf\General\String.h">
      <Filter>kxf\General</Filter>
    </ClInclude>
    <ClInclude Include="kxf\General\Private\String.h">
      <Filter>kxf\General\Private</Filter>
    </ClInclude>
    <ClInclude Include="kxf\General\StringFormater.h">
      <Filter>kxf\General</Filter>
    </ClInclude>
    <ClInclude Include="kxf\General\StringFormaterTraits.h">
      <Filter>kxf\General</Filter>
    </ClInclude>
    <ClInclude Include="kxf\Utility\String.h">
      <Filter>kxf\Utility</Filter>
    </ClInclude>
    <ClInclude Include="kxf\System\NativeAPI.h">
      <Filter>kxf\System</Filter>
    </ClInclude>
    <ClInclude Include="kxf\System\SystemInformation.h">
      <Filter>kxf\System</Filter>
    </ClInclude>
    <ClInclude Include="kxf\System\SystemInformationDefines.h">
      <Filter>kxf\System</Filter>
    </ClInclude>
    <ClInclude Include="kxf\System\CredentialStore.h">
      <Filter>kxf\System</Filter>
    </ClInclude>
    <ClInclude Include="kxf\wxWidgets\Setup.h">
      <Filter>kxf\wxWidgets</Filter>
    </ClInclude>
    <ClInclude Include="kxf\Crypto\Crypto.h">
      <Filter>kxf\Crypto</Filter>
    </ClInclude>
    <ClInclude Include="kxf\Crypto\Common.h">
      <Filter>kxf\Crypto</Filter>
    </ClInclude>
    <ClInclude Include="kxf\Crypto\HashValue.h">
      <Filter>kxf\Crypto</Filter>
    </ClInclude>
    <ClInclude Include="kxf\Crypto\SecretValue.h">
      <Filter>kxf\Crypto</Filter>
    </ClInclude>
    <ClInclude Include="kxf\Crypto\ISecretStore.h">
      <Filter>kxf\Crypto</Filter>
    </ClInclude>
    <ClInclude Include="kxf\System\CFunction.h">
      <Filter>kxf\System</Filter>
    </ClInclude>
    <ClInclude Include="kxf\System\Private\CFunction.h">
      <Filter>kxf\System\Private</Filter>
    </ClInclude>
    <ClInclude Include="kxf\System\CFunctionCompiler.h">
      <Filter>kxf\System</Filter>
    </ClInclude>
    <ClInclude Include="kxf\System\Private\CFunctionCompiler.h">
      <Filter>kxf\System\Private</Filter>
    </ClInclude>
    <ClInclude Include="kxf\System\Registry.h">
      <Filter>kxf\System</Filter>
    </ClInclude>
    <ClInclude Include="kxf\Network\Common.h">
      <Filter>kxf\Network</Filter>
    </ClInclude>
    <ClInclude Include="kxf\Utility\Container.h">
      <Filter>kxf\Utility</Filter>
    </ClInclude>
    <ClInclude Include="kxf\Utility\Drawing.h">
      <Filter>kxf\Utility</Filter>
    </ClInclude>
    <ClInclude Include="kxf\Utility\System.h">
      <Filter>kxf\Utility</Filter>
    </ClInclude>
    <ClInclude Include="kxf\General\IndexedEnum.h">
      <Filter>kxf\General</Filter>
    </ClInclude>
    <ClInclude Include="kxf\Utility\Memory.h">
      <Filter>kxf\Utility</Filter>
    </ClInclude>
    <ClInclude Include="kxf\Network\URI.h">
      <Filter>kxf\Network</Filter>
    </ClInclude>
    <ClInclude Include="kxf\Network\URL.h">
      <Filter>kxf\Network</Filter>
    </ClInclude>
    <ClInclude Include="kxf\Network\Private\URXHelper.h">
      <Filter>kxf\Network\Private</Filter>
    </ClInclude>
    <ClInclude Include="kxf\Network\HTTPStatusCode.h">
      <Filter>kxf\Network</Filter>
    </ClInclude>
    <ClInclude Include="kxf\FileSystem\FileOperationEvent.h">
      <Filter>kxf\FileSystem</Filter>
    </ClInclude>
    <ClInclude Include="kxf\Network\CURL.h">
      <Filter>kxf\Network</Filter>
    </ClInclude>
    <ClInclude Include="kxf\Compression\ArchiveEvent.h">
      <Filter>kxf\Compression</Filter>
    </ClInclude>
    <ClInclude Include="kxf\Network\WebSocket.h">
      <Filter>kxf\Network</Filter>
    </ClInclude>
    <ClInclude Include="kxf\Network\WebSocket\SecureClient.h">
      <Filter>kxf\Network\WebSocket</Filter>
    </ClInclude>
    <ClInclude Include="kxf\Network\WebSocket\IClient.h">
      <Filter>kxf\Network\WebSocket</Filter>
    </ClInclude>
    <ClInclude Include="kxf\Network\WebSocket\CloseCode.h">
      <Filter>kxf\Network\WebSocket</Filter>
    </ClInclude>
    <ClInclude Include="kxf\Network\WebSocket\Event.h">
      <Filter>kxf\Network\WebSocket</Filter>
    </ClInclude>
    <ClInclude Include="kxf\Network\CURL\Private\CURL.h">
      <Filter>kxf\Network\CURL\Private</Filter>
    </ClInclude>
    <ClInclude Include="kxf\Network\CURL\Event.h">
      <Filter>kxf\Network\CURL</Filter>
    </ClInclude>
    <ClInclude Include="kxf\Network\CURL\Session.h">
      <Filter>kxf\Network\CURL</Filter>
    </ClInclude>
    <ClInclude Include="kxf\Network\CURL\Reply.h">
      <Filter>kxf\Network\CURL</Filter>
    </ClInclude>
    <ClInclude Include="kxf\Drawing\Common.h">
      <Filter>kxf\Drawing</Filter>
    </ClInclude>
    <ClInclude Include="kxf\Drawing\ImageList.h">
      <Filter>kxf\Drawing</Filter>
    </ClInclude>
    <ClInclude Include="kxf\Drawing\ImageSet.h">
      <Filter>kxf\Drawing</Filter>
    </ClInclude>
    <ClInclude Include="kxf\Drawing\WithImageList.h">
      <Filter>kxf\Drawing</Filter>
    </ClInclude>
    <ClInclude Include="kxf\Drawing\GraphicsCanvas.h">
      <Filter>kxf\Drawing</Filter>
    </ClInclude>
    <ClInclude Include="kxf\Drawing\BitmapGraphicsCanvas.h">
      <Filter>kxf\Drawing</Filter>
    </ClInclude>
    <ClInclude Include="kxf\Drawing\Private\GraphicsCanvas.h">
      <Filter>kxf\Drawing\Private</Filter>
    </ClInclude>
    <ClInclude Include="kxf\Drawing\ImageGraphicsCanvas.h">
      <Filter>kxf\Drawing</Filter>
    </ClInclude>
    <ClInclude Include="kxf\Drawing\DCOperations.h">
      <Filter>kxf\Drawing</Filter>
    </ClInclude>
    <ClInclude Include="kxf\Drawing\GCOperations.h">
      <Filter>kxf\Drawing</Filter>
    </ClInclude>
    <ClInclude Include="kxf\Drawing\Private\UxThemeDefines.h">
      <Filter>kxf\Drawing\Private</Filter>
    </ClInclude>
    <ClInclude Include="kxf\Drawing\UxTheme.h">
      <Filter>kxf\Drawing</Filter>
    </ClInclude>
    <ClInclude Include="kxf\General\Angle.h">
      <Filter>kxf\General</Filter>
    </ClInclude>
    <ClInclude Include="kxf\General\Math.h">
      <Filter>kxf\General</Filter>
    </ClInclude>
    <ClInclude Include="kxf\General\WithOptions.h">
      <Filter>kxf\General</Filter>
    </ClInclude>
    <ClInclude Include="kxf\System\DPIAwareness.h">
      <Filter>kxf\System</Filter>
    </ClInclude>
    <ClInclude Include="kxf\System\WOW64FSRedirection.h">
      <Filter>kxf\System</Filter>
    </ClInclude>
    <ClInclude Include="kxf\Localization\Common.h">
      <Filter>kxf\Localization</Filter>
    </ClInclude>
    <ClInclude Include="kxf\Localization\Private\StandardLocalization.h">
      <Filter>kxf\Localization\Private</Filter>
    </ClInclude>
    <ClInclude Include="kxf\Localization\Locale.h">
      <Filter>kxf\Localization</Filter>
    </ClInclude>
    <ClInclude Include="kxf\Localization\Private\LocaleOptions.h">
      <Filter>kxf\Localization\Private</Filter>
    </ClInclude>
    <ClInclude Include="kxf\General\StdID.h">
      <Filter>kxf\General</Filter>
    </ClInclude>
    <ClInclude Include="kxf\System\Private\ErrorCodeValue.h">
      <Filter>kxf\System\Private</Filter>
    </ClInclude>
    <ClInclude Include="kxf\Async.hpp">
      <Filter>kxf/Modules</Filter>
    </ClInclude>
    <ClInclude Include="kxf\Compression.hpp">
      <Filter>kxf/Modules</Filter>
    </ClInclude>
    <ClInclude Include="kxf\Crypto.hpp">
      <Filter>kxf/Modules</Filter>
    </ClInclude>
    <ClInclude Include="kxf\Drawing.hpp">
      <Filter>kxf/Modules</Filter>
    </ClInclude>
    <ClInclude Include="kxf\EventSystem.hpp">
      <Filter>kxf/Modules</Filter>
    </ClInclude>
    <ClInclude Include="kxf\FileSystem.hpp">
      <Filter>kxf/Modules</Filter>
    </ClInclude>
    <ClInclude Include="kxf\General.hpp">
      <Filter>kxf/Modules</Filter>
    </ClInclude>
    <ClInclude Include="kxf\Localization.hpp">
      <Filter>kxf/Modules</Filter>
    </ClInclude>
    <ClInclude Include="kxf\Network.hpp">
      <Filter>kxf/Modules</Filter>
    </ClInclude>
    <ClInclude Include="kxf\RTTI.hpp">
      <Filter>kxf/Modules</Filter>
    </ClInclude>
    <ClInclude Include="kxf\Sciter.hpp">
      <Filter>kxf/Modules</Filter>
    </ClInclude>
    <ClInclude Include="kxf\System.hpp">
      <Filter>kxf/Modules</Filter>
    </ClInclude>
    <ClInclude Include="kxf\Threading.hpp">
      <Filter>kxf/Modules</Filter>
    </ClInclude>
    <ClInclude Include="kxf\UI.hpp">
      <Filter>kxf/Modules</Filter>
    </ClInclude>
    <ClInclude Include="kxf\Utility.hpp">
      <Filter>kxf/Modules</Filter>
    </ClInclude>
    <ClInclude Include="kxf\System\ShellLink.h">
      <Filter>kxf\System</Filter>
    </ClInclude>
    <ClInclude Include="kxf\System\Private\Shell.h">
      <Filter>kxf\System\Private</Filter>
    </ClInclude>
    <ClInclude Include="kxf\System\TaskScheduler.h">
      <Filter>kxf\System</Filter>
    </ClInclude>
    <ClInclude Include="kxf\System\SharedMemory.h">
      <Filter>kxf\System</Filter>
    </ClInclude>
    <ClInclude Include="kxf\System\KnownDirectoryID.h">
      <Filter>kxf\System</Filter>
    </ClInclude>
    <ClInclude Include="kxf\System\Private\KnownDirectoryDefinition.h">
      <Filter>kxf\System\Private</Filter>
    </ClInclude>
    <ClInclude Include="kxf\System\Private\KnownDirectoryGUID.h">
      <Filter>kxf\System\Private</Filter>
    </ClInclude>
    <ClInclude Include="stdafx.h" />
    <ClInclude Include="kxf\RTTI\ComponentSystem.h">
      <Filter>kxf\RTTI</Filter>
    </ClInclude>
    <ClInclude Include="kxf\wxWidgets\RTTI.h">
      <Filter>kxf\wxWidgets</Filter>
    </ClInclude>
    <ClInclude Include="kxf\System\DynamicLibrary.h">
      <Filter>kxf\System</Filter>
    </ClInclude>
    <ClInclude Include="kxf\System\Private\System.h">
      <Filter>kxf\System\Private</Filter>
    </ClInclude>
    <ClInclude Include="kxf\System\Private\BinaryResourceDefines.h">
      <Filter>kxf\System\Private</Filter>
    </ClInclude>
    <ClInclude Include="kxf\System\ExecutableVersionResource.h">
      <Filter>kxf\System</Filter>
    </ClInclude>
    <ClInclude Include="kxf\System\SystemProcess\RunningSystemProcess.h">
      <Filter>kxf\System\SystemProcess</Filter>
    </ClInclude>
    <ClInclude Include="kxf\System\SystemProcess\ISystemProcess.h">
      <Filter>kxf\System\SystemProcess</Filter>
    </ClInclude>
    <ClInclude Include="kxf\System\SystemProcess\ISystemProcessStdIO.h">
      <Filter>kxf\System\SystemProcess</Filter>
    </ClInclude>
    <ClInclude Include="kxf\System\SystemProcess\SystemProcessInfo.h">
      <Filter>kxf\System\SystemProcess</Filter>
    </ClInclude>
    <ClInclude Include="kxf\System\SystemProcess\RunningSystemProcessStdIO.h">
      <Filter>kxf\System\SystemProcess</Filter>
    </ClInclude>
    <ClInclude Include="kxf\System\SystemProcess\ProcessEvent.h">
      <Filter>kxf\System\SystemProcess</Filter>
    </ClInclude>
    <ClInclude Include="kxf\System\SystemProcess\CreateProcessExecutor.h">
      <Filter>kxf\System\SystemProcess</Filter>
    </ClInclude>
    <ClInclude Include="kxf\System\SystemProcess.h">
      <Filter>kxf\System</Filter>
    </ClInclude>
    <ClInclude Include="kxf\UI\Windows\SplashWindow.h">
      <Filter>kxf\UI\Windows</Filter>
    </ClInclude>
    <ClInclude Include="kxf\UI\Windows\SplitterWindow.h">
      <Filter>kxf\UI\Windows</Filter>
    </ClInclude>
    <ClInclude Include="kxf\UI\Windows\TopLevelWindow.h">
      <Filter>kxf\UI\Windows</Filter>
    </ClInclude>
    <ClInclude Include="kxf\UI\Windows\ToolTipEx.h">
      <Filter>kxf\UI\Windows</Filter>
    </ClInclude>
    <ClInclude Include="kxf\UI\Windows\RichToolTip.h">
      <Filter>kxf\UI\Windows</Filter>
    </ClInclude>
    <ClInclude Include="kxf\UI\Windows\CollapsiblePane.h">
      <Filter>kxf\UI\Windows</Filter>
    </ClInclude>
    <ClInclude Include="kxf\UI\Windows\Panel.h">
      <Filter>kxf\UI\Windows</Filter>
    </ClInclude>
    <ClInclude Include="kxf\UI\Windows\DrawablePanel.h">
      <Filter>kxf\UI\Windows</Filter>
    </ClInclude>
    <ClInclude Include="kxf\UI\Windows\Frame.h">
      <Filter>kxf\UI\Windows</Filter>
    </ClInclude>
    <ClInclude Include="kxf\UI\Controls\AUI\AuiNotebook.h">
      <Filter>kxf\UI\Controls\AUI</Filter>
    </ClInclude>
    <ClInclude Include="kxf\UI\Controls\AUI\AuiToolBar.h">
      <Filter>kxf\UI\Controls\AUI</Filter>
    </ClInclude>
    <ClInclude Include="kxf\UI\Controls\AUI\AuiToolBarEvent.h">
      <Filter>kxf\UI\Controls\AUI</Filter>
    </ClInclude>
    <ClInclude Include="kxf\UI\Controls\AUI\AuiToolBarItem.h">
      <Filter>kxf\UI\Controls\AUI</Filter>
    </ClInclude>
    <ClInclude Include="kxf\UI\Dialogs\Dialog.h">
      <Filter>kxf\UI\Dialogs</Filter>
    </ClInclude>
    <ClInclude Include="kxf\UI\Dialogs\StdDialog.h">
      <Filter>kxf\UI\Dialogs</Filter>
    </ClInclude>
    <ClInclude Include="kxf\UI\Dialogs\ComboBoxDialog.h">
      <Filter>kxf\UI\Dialogs</Filter>
    </ClInclude>
    <ClInclude Include="kxf\UI\Dialogs\SimpleStdDialog.h">
      <Filter>kxf\UI\Dialogs</Filter>
    </ClInclude>
    <ClInclude Include="kxf\UI\Dialogs\TextBoxDialog.h">
      <Filter>kxf\UI\Dialogs</Filter>
    </ClInclude>
    <ClInclude Include="kxf\UI\Dialogs\ProgressDialog.h">
      <Filter>kxf\UI\Dialogs</Filter>
    </ClInclude>
    <ClInclude Include="kxf\UI\Dialogs\CredentialsDialog.h">
      <Filter>kxf\UI\Dialogs</Filter>
    </ClInclude>
    <ClInclude Include="kxf\UI\Dialogs\FileBrowseDialog.h">
      <Filter>kxf\UI\Dialogs</Filter>
    </ClInclude>
    <ClInclude Include="kxf\UI\Dialogs\Private\FileBrowseDialogEvents.h">
      <Filter>kxf\UI\Dialogs\Private</Filter>
    </ClInclude>
    <ClInclude Include="kxf\UI\Dialogs\TaskDialog.h">
      <Filter>kxf\UI\Dialogs</Filter>
    </ClInclude>
    <ClInclude Include="kxf\System\Private\COM.h">
      <Filter>kxf\System\Private</Filter>
    </ClInclude>
    <ClInclude Include="kxf\UI\Dialogs\Private\TaskDialogNativeInfo.h">
      <Filter>kxf\UI\Dialogs\Private</Filter>
    </ClInclude>
    <ClInclude Include="kxf\UI\Menus\MenuEvent.h">
      <Filter>kxf\UI\Menus</Filter>
    </ClInclude>
    <ClInclude Include="kxf\UI\Menus\MenuItem.h">
      <Filter>kxf\UI\Menus</Filter>
    </ClInclude>
    <ClInclude Include="kxf\UI\Menus\Menu.h">
      <Filter>kxf\UI\Menus</Filter>
    </ClInclude>
    <ClInclude Include="kxf\UI\Menus\ShellMenu.h">
      <Filter>kxf\UI\Menus</Filter>
    </ClInclude>
    <ClInclude Include="kxf\UI\Controls\DataView\CellState.h">
      <Filter>kxf\UI\Controls\DataView</Filter>
    </ClInclude>
    <ClInclude Include="kxf\UI\Controls\DataView\Column.h">
      <Filter>kxf\UI\Controls\DataView</Filter>
    </ClInclude>
    <ClInclude Include="kxf\UI\Controls\DataView\ColumnID.h">
      <Filter>kxf\UI\Controls\DataView</Filter>
    </ClInclude>
    <ClInclude Include="kxf\UI\Controls\DataView\Common.h">
      <Filter>kxf\UI\Controls\DataView</Filter>
    </ClInclude>
    <ClInclude Include="kxf\UI\Controls\DataView\DragAndDrop.h">
      <Filter>kxf\UI\Controls\DataView</Filter>
    </ClInclude>
    <ClInclude Include="kxf\UI\Controls\DataView\Editor.h">
      <Filter>kxf\UI\Controls\DataView</Filter>
    </ClInclude>
    <ClInclude Include="kxf\UI\Controls\DataView\Event.h">
      <Filter>kxf\UI\Controls\DataView</Filter>
    </ClInclude>
    <ClInclude Include="kxf\UI\Controls\DataView\HeaderCtrl.h">
      <Filter>kxf\UI\Controls\DataView</Filter>
    </ClInclude>
    <ClInclude Include="kxf\UI\Controls\DataView\HeaderCtrl2.h">
      <Filter>kxf\UI\Controls\DataView</Filter>
    </ClInclude>
    <ClInclude Include="kxf\UI\Controls\DataView\MainWindow.h">
      <Filter>kxf\UI\Controls\DataView</Filter>
    </ClInclude>
    <ClInclude Include="kxf\UI\Controls\DataView\Model.h">
      <Filter>kxf\UI\Controls\DataView</Filter>
    </ClInclude>
    <ClInclude Include="kxf\UI\Controls\DataView\Node.h">
      <Filter>kxf\UI\Controls\DataView</Filter>
    </ClInclude>
    <ClInclude Include="kxf\UI\Controls\DataView\RenderEngine.h">
      <Filter>kxf\UI\Controls\DataView</Filter>
    </ClInclude>
    <ClInclude Include="kxf\UI\Controls\DataView\Renderer.h">
      <Filter>kxf\UI\Controls\DataView</Filter>
    </ClInclude>
    <ClInclude Include="kxf\UI\Controls\DataView\Row.h">
      <Filter>kxf\UI\Controls\DataView</Filter>
    </ClInclude>
    <ClInclude Include="kxf\UI\Controls\DataView\SortOrder.h">
      <Filter>kxf\UI\Controls\DataView</Filter>
    </ClInclude>
    <ClInclude Include="kxf\UI\Controls\DataView\ToolTip.h">
      <Filter>kxf\UI\Controls\DataView</Filter>
    </ClInclude>
    <ClInclude Include="kxf\UI\Controls\DataView\View.h">
      <Filter>kxf\UI\Controls\DataView</Filter>
    </ClInclude>
    <ClInclude Include="kxf\UI\Controls\DataView\CellAttributeOptions.h">
      <Filter>kxf\UI\Controls\DataView</Filter>
    </ClInclude>
    <ClInclude Include="kxf\UI\Controls\DataView\Editors\ColorEditor.h">
      <Filter>kxf\UI\Controls\DataView\Editors</Filter>
    </ClInclude>
    <ClInclude Include="kxf\UI\Controls\DataView\Editors\ComboBoxEditor.h">
      <Filter>kxf\UI\Controls\DataView\Editors</Filter>
    </ClInclude>
    <ClInclude Include="kxf\UI\Controls\DataView\Editors\DateEditor.h">
      <Filter>kxf\UI\Controls\DataView\Editors</Filter>
    </ClInclude>
    <ClInclude Include="kxf\UI\Controls\DataView\Editors\SpinEditor.h">
      <Filter>kxf\UI\Controls\DataView\Editors</Filter>
    </ClInclude>
    <ClInclude Include="kxf\UI\Controls\DataView\Editors\TextEditor.h">
      <Filter>kxf\UI\Controls\DataView\Editors</Filter>
    </ClInclude>
    <ClInclude Include="kxf\UI\Controls\DataView\Editors\TimeEditor.h">
      <Filter>kxf\UI\Controls\DataView\Editors</Filter>
    </ClInclude>
    <ClInclude Include="kxf\UI\Controls\DataView\Renderers\BitmapRenderer.h">
      <Filter>kxf\UI\Controls\DataView\Renderers</Filter>
    </ClInclude>
    <ClInclude Include="kxf\UI\Controls\DataView\Renderers\BitmapTextRenderer.h">
      <Filter>kxf\UI\Controls\DataView\Renderers</Filter>
    </ClInclude>
    <ClInclude Include="kxf\UI\Controls\DataView\Renderers\BitmapTextToggleRenderer.h">
      <Filter>kxf\UI\Controls\DataView\Renderers</Filter>
    </ClInclude>
    <ClInclude Include="kxf\UI\Controls\DataView\Renderers\HTMLRenderer.h">
      <Filter>kxf\UI\Controls\DataView\Renderers</Filter>
    </ClInclude>
    <ClInclude Include="kxf\UI\Controls\DataView\Renderers\ImageListRenderer.h">
      <Filter>kxf\UI\Controls\DataView\Renderers</Filter>
    </ClInclude>
    <ClInclude Include="kxf\UI\Controls\DataView\Renderers\NullRenderer.h">
      <Filter>kxf\UI\Controls\DataView\Renderers</Filter>
    </ClInclude>
    <ClInclude Include="kxf\UI\Controls\DataView\Renderers\ProgressRenderer.h">
      <Filter>kxf\UI\Controls\DataView\Renderers</Filter>
    </ClInclude>
    <ClInclude Include="kxf\UI\Controls\DataView\Renderers\TextRenderer.h">
      <Filter>kxf\UI\Controls\DataView\Renderers</Filter>
    </ClInclude>
    <ClInclude Include="kxf\UI\Controls\DataView\Renderers\ToggleRenderer.h">
      <Filter>kxf\UI\Controls\DataView\Renderers</Filter>
    </ClInclude>
    <ClInclude Include="kxf\UI\Controls\DataView\Renderers\BitmapListRenderer.h">
      <Filter>kxf\UI\Controls\DataView\Renderers</Filter>
    </ClInclude>
    <ClInclude Include="kxf\UI\Controls\BitmapComboBox.h">
      <Filter>kxf\UI\Controls\&lt;Controls&gt;</Filter>
    </ClInclude>
    <ClInclude Include="kxf\UI\Controls\Button.h">
      <Filter>kxf\UI\Controls\&lt;Controls&gt;</Filter>
    </ClInclude>
    <ClInclude Include="kxf\UI\Controls\CheckBox.h">
      <Filter>kxf\UI\Controls\&lt;Controls&gt;</Filter>
    </ClInclude>
    <ClInclude Include="kxf\UI\Controls\ClusterMap.h">
      <Filter>kxf\UI\Controls\&lt;Controls&gt;</Filter>
    </ClInclude>
    <ClInclude Include="kxf\UI\Controls\ComboBox.h">
      <Filter>kxf\UI\Controls\&lt;Controls&gt;</Filter>
    </ClInclude>
    <ClInclude Include="kxf\UI\Controls\ComboControl.h">
      <Filter>kxf\UI\Controls\&lt;Controls&gt;</Filter>
    </ClInclude>
    <ClInclude Include="kxf\UI\Controls\ComboPopup.h">
      <Filter>kxf\UI\Controls\&lt;Controls&gt;</Filter>
    </ClInclude>
    <ClInclude Include="kxf\UI\Controls\DataViewComboBox.h">
      <Filter>kxf\UI\Controls\&lt;Controls&gt;</Filter>
    </ClInclude>
    <ClInclude Include="kxf\UI\Controls\HTMLWindow.h">
      <Filter>kxf\UI\Controls\&lt;Controls&gt;</Filter>
    </ClInclude>
    <ClInclude Include="kxf\UI\Controls\ImageView.h">
      <Filter>kxf\UI\Controls\&lt;Controls&gt;</Filter>
    </ClInclude>
    <ClInclude Include="kxf\UI\Controls\IProgressMeter.h">
      <Filter>kxf\UI\Controls\&lt;Controls&gt;</Filter>
    </ClInclude>
    <ClInclude Include="kxf\UI\Controls\Label.h">
      <Filter>kxf\UI\Controls\&lt;Controls&gt;</Filter>
    </ClInclude>
    <ClInclude Include="kxf\UI\Controls\Notebook.h">
      <Filter>kxf\UI\Controls\&lt;Controls&gt;</Filter>
    </ClInclude>
    <ClInclude Include="kxf\UI\Controls\ProgressBar.h">
      <Filter>kxf\UI\Controls\&lt;Controls&gt;</Filter>
    </ClInclude>
    <ClInclude Include="kxf\UI\Controls\RadioButton.h">
      <Filter>kxf\UI\Controls\&lt;Controls&gt;</Filter>
    </ClInclude>
    <ClInclude Include="kxf\UI\Controls\SearchBox.h">
      <Filter>kxf\UI\Controls\&lt;Controls&gt;</Filter>
    </ClInclude>
    <ClInclude Include="kxf\UI\Controls\Simplebook.h">
      <Filter>kxf\UI\Controls\&lt;Controls&gt;</Filter>
    </ClInclude>
    <ClInclude Include="kxf\UI\Controls\Slider.h">
      <Filter>kxf\UI\Controls\&lt;Controls&gt;</Filter>
    </ClInclude>
    <ClInclude Include="kxf\UI\Controls\StaticBitmap.h">
      <Filter>kxf\UI\Controls\&lt;Controls&gt;</Filter>
    </ClInclude>
    <ClInclude Include="kxf\UI\Controls\StaticText.h">
      <Filter>kxf\UI\Controls\&lt;Controls&gt;</Filter>
    </ClInclude>
    <ClInclude Include="kxf\UI\Controls\StatusBar.h">
      <Filter>kxf\UI\Controls\&lt;Controls&gt;</Filter>
    </ClInclude>
    <ClInclude Include="kxf\UI\Controls\StatusBarEx.h">
      <Filter>kxf\UI\Controls\&lt;Controls&gt;</Filter>
    </ClInclude>
    <ClInclude Include="kxf\UI\Controls\StyledTextBox.h">
      <Filter>kxf\UI\Controls\&lt;Controls&gt;</Filter>
    </ClInclude>
    <ClInclude Include="kxf\UI\Controls\TextBox.h">
      <Filter>kxf\UI\Controls\&lt;Controls&gt;</Filter>
    </ClInclude>
    <ClInclude Include="kxf\UI\Controls\ThumbView.h">
      <Filter>kxf\UI\Controls\&lt;Controls&gt;</Filter>
    </ClInclude>
    <ClInclude Include="kxf\UI\Controls\WebView.h">
      <Filter>kxf\UI\Controls\&lt;Controls&gt;</Filter>
    </ClInclude>
    <ClInclude Include="kxf\UI\HiDPIEnabledWindow.h">
      <Filter>kxf\UI\&lt;UI&gt;</Filter>
    </ClInclude>
    <ClInclude Include="kxf\UI\StdButton.h">
      <Filter>kxf\UI\&lt;UI&gt;</Filter>
    </ClInclude>
    <ClInclude Include="kxf\UI\StdDialogButtonSizer.h">
      <Filter>kxf\UI\&lt;UI&gt;</Filter>
    </ClInclude>
    <ClInclude Include="kxf\UI\StdIcon.h">
      <Filter>kxf\UI\&lt;UI&gt;</Filter>
    </ClInclude>
    <ClInclude Include="kxf\UI\Validator.h">
      <Filter>kxf\UI\&lt;UI&gt;</Filter>
    </ClInclude>
    <ClInclude Include="kxf\UI\WindowRefreshScheduler.h">
      <Filter>kxf\UI\&lt;UI&gt;</Filter>
    </ClInclude>
    <ClInclude Include="kxf\UI\WindowUpdateLocker.h">
      <Filter>kxf\UI\&lt;UI&gt;</Filter>
    </ClInclude>
    <ClInclude Include="kxf\UI\WithDropdownMenu.h">
      <Filter>kxf\UI\&lt;UI&gt;</Filter>
    </ClInclude>
    <ClInclude Include="kxf\UI\Controls\DataView\CellAttribute.h">
      <Filter>kxf\UI\Controls\DataView</Filter>
    </ClInclude>
    <ClInclude Include="kxf\Localization\LocalizationPackage.h">
      <Filter>kxf\Localization</Filter>
    </ClInclude>
    <ClInclude Include="kxf\System\Private\SystemInformationDefinesMapping.h">
      <Filter>kxf\System\Private</Filter>
    </ClInclude>
    <ClInclude Include="kxf\General\DateTime\TimeClock.h">
      <Filter>kxf\General\DateTime</Filter>
    </ClInclude>
    <ClInclude Include="kxf\General\DateTime\TimeSpan.h">
      <Filter>kxf\General\DateTime</Filter>
    </ClInclude>
    <ClInclude Include="kxf\General\DateTime\ITimeClock.h">
      <Filter>kxf\General\DateTime</Filter>
    </ClInclude>
    <ClInclude Include="kxf\General\DateTime.h">
      <Filter>kxf\General</Filter>
    </ClInclude>
    <ClInclude Include="kxf\General\DateTime\Common.h">
      <Filter>kxf\General\DateTime</Filter>
    </ClInclude>
    <ClInclude Include="kxf\General\DateTime\DateTime.h">
      <Filter>kxf\General\DateTime</Filter>
    </ClInclude>
    <ClInclude Include="kxf\General\DateTime\TimeZone.h">
      <Filter>kxf\General\DateTime</Filter>
    </ClInclude>
    <ClInclude Include="kxf\General\DateTime\Private\Mapping.h">
      <Filter>kxf\General\DateTime\Private</Filter>
    </ClInclude>
    <ClInclude Include="kxf\pch.hpp">
      <Filter>kxf</Filter>
    </ClInclude>
    <ClInclude Include="kxf\General\DateTime\DateSpan.h">
      <Filter>kxf\General\DateTime</Filter>
    </ClInclude>
    <ClInclude Include="kxf\General\RegEx.h">
      <Filter>kxf\General</Filter>
    </ClInclude>
    <ClInclude Include="kxf\Crypto\UserCredentials.h">
      <Filter>kxf\Crypto</Filter>
    </ClInclude>
    <ClInclude Include="kxf\System\UserName.h">
      <Filter>kxf\System</Filter>
    </ClInclude>
    <ClInclude Include="kxf\Threading\ThreadEvent.h">
      <Filter>kxf\Threading</Filter>
    </ClInclude>
    <ClInclude Include="kxf\UI\Controls\DataView\DataView.h">
      <Filter>kxf\UI\Controls\DataView</Filter>
    </ClInclude>
    <ClInclude Include="kxf\UI\Controls\DataView.h">
      <Filter>kxf\UI\Controls</Filter>
    </ClInclude>
    <ClInclude Include="kxf\UI\Controls\AUI.h">
      <Filter>kxf\UI\Controls</Filter>
    </ClInclude>
    <ClInclude Include="kxf\wxWidgets\SystemOptions.h">
      <Filter>kxf\wxWidgets</Filter>
    </ClInclude>
    <ClInclude Include="kxf\wxWidgets\Common.h">
      <Filter>kxf\wxWidgets</Filter>
    </ClInclude>
    <ClInclude Include="kxf\System\SystemAppearance.h">
      <Filter>kxf\System</Filter>
    </ClInclude>
    <ClInclude Include="kxf\Drawing\Geometry.h">
      <Filter>kxf\Drawing</Filter>
    </ClInclude>
    <ClInclude Include="kxf\UI\Common.h">
      <Filter>kxf\UI</Filter>
    </ClInclude>
    <ClInclude Include="kxf\General\FlagSet.h">
      <Filter>kxf\General</Filter>
    </ClInclude>
    <ClInclude Include="kxf\UI\WindowWithStyles.h">
      <Filter>kxf\UI\&lt;UI&gt;</Filter>
    </ClInclude>
    <ClInclude Include="kxf\System\DynamicLibraryEvent.h">
      <Filter>kxf\System</Filter>
    </ClInclude>
    <ClInclude Include="kxf\System\VariantProperty.h">
      <Filter>kxf\System</Filter>
    </ClInclude>
    <ClInclude Include="kxf\FileSystem\Private\NativeFSUtility.h">
      <Filter>kxf\FileSystem\Private</Filter>
    </ClInclude>
    <ClInclude Include="kxf\General\LocallyUniqueID.h">
      <Filter>kxf\General</Filter>
    </ClInclude>
    <ClInclude Include="kxf\Compression\SevenZip\Common.h">
      <Filter>kxf\Compression\SevenZip</Filter>
    </ClInclude>
    <ClInclude Include="kxf\Compression\SevenZip\Private\GUIDs.h">
      <Filter>kxf\Compression\SevenZip\Private</Filter>
    </ClInclude>
    <ClInclude Include="kxf\Compression\SevenZip\Private\Utility.h">
      <Filter>kxf\Compression\SevenZip\Private</Filter>
    </ClInclude>
    <ClInclude Include="kxf\Compression\SevenZip\Private\InStreamWrapper.h">
      <Filter>kxf\Compression\SevenZip\Private\&lt;Streams&gt;</Filter>
    </ClInclude>
    <ClInclude Include="kxf\Compression\SevenZip\Private\OutStreamWrapper.h">
      <Filter>kxf\Compression\SevenZip\Private\&lt;Streams&gt;</Filter>
    </ClInclude>
    <ClInclude Include="kxf\Compression\SevenZip\Private\ArchiveExtractCallback.h">
      <Filter>kxf\Compression\SevenZip\Private\&lt;Callbacks&gt;</Filter>
    </ClInclude>
    <ClInclude Include="kxf\Compression\SevenZip\Private\ArchiveOpenCallback.h">
      <Filter>kxf\Compression\SevenZip\Private\&lt;Callbacks&gt;</Filter>
    </ClInclude>
    <ClInclude Include="kxf\Compression\SevenZip\Private\ArchiveUpdateCallback.h">
      <Filter>kxf\Compression\SevenZip\Private\&lt;Callbacks&gt;</Filter>
    </ClInclude>
    <ClInclude Include="kxf\Compression\SevenZip\Private\WithEvtHandler.h">
      <Filter>kxf\Compression\SevenZip\Private</Filter>
    </ClInclude>
    <ClInclude Include="kxf\Compression\SevenZip\Private\PasswordHandler.h">
      <Filter>kxf\Compression\SevenZip\Private</Filter>
    </ClInclude>
    <ClInclude Include="kxf\Compression\SevenZip\Library.h">
      <Filter>kxf\Compression\SevenZip</Filter>
    </ClInclude>
    <ClInclude Include="kxf\Compression\SevenZip\Archive.h">
      <Filter>kxf\Compression\SevenZip</Filter>
    </ClInclude>
    <ClInclude Include="kxf\General\AlignedStorage.h">
      <Filter>kxf\General</Filter>
    </ClInclude>
    <ClInclude Include="kxf\Threading\CriticalSection.h">
      <Filter>kxf\Threading</Filter>
    </ClInclude>
    <ClInclude Include="kxf\Compression\IArchiveCallbacks.h">
      <Filter>kxf\Compression</Filter>
    </ClInclude>
    <ClInclude Include="kxf\IO\Common.h">
      <Filter>kxf\IO</Filter>
    </ClInclude>
    <ClInclude Include="kxf\IO.hpp">
      <Filter>kxf/Modules</Filter>
    </ClInclude>
    <ClInclude Include="kxf\IO\MemoryStream.h">
      <Filter>kxf\IO</Filter>
    </ClInclude>
    <ClInclude Include="kxf\IO\StreamDelegate.h">
      <Filter>kxf\IO</Filter>
    </ClInclude>
    <ClInclude Include="kxf\IO\StreamWrappers.h">
      <Filter>kxf\IO</Filter>
    </ClInclude>
    <ClInclude Include="kxf\IO\FileStream.h">
      <Filter>kxf\IO</Filter>
    </ClInclude>
    <ClInclude Include="kxf\Serialization\TextDocument.h">
      <Filter>kxf\Serialization</Filter>
    </ClInclude>
    <ClInclude Include="kxf\Serialization\XDocument.h">
      <Filter>kxf\Serialization</Filter>
    </ClInclude>
    <ClInclude Include="kxf\Serialization\Common.h">
      <Filter>kxf\Serialization</Filter>
    </ClInclude>
    <ClInclude Include="kxf\Serialization\HTML.h">
      <Filter>kxf\Serialization</Filter>
    </ClInclude>
    <ClInclude Include="kxf\Serialization\HTML\HTMLDocument.h">
      <Filter>kxf\Serialization\HTML</Filter>
    </ClInclude>
    <ClInclude Include="kxf\Serialization\XML.h">
      <Filter>kxf\Serialization</Filter>
    </ClInclude>
    <ClInclude Include="kxf\Serialization\XML\XMLDocument.h">
      <Filter>kxf\Serialization\XML</Filter>
    </ClInclude>
    <ClInclude Include="kxf\Serialization\JSON.h">
      <Filter>kxf\Serialization</Filter>
    </ClInclude>
    <ClInclude Include="kxf\Serialization\INI.h">
      <Filter>kxf\Serialization</Filter>
    </ClInclude>
    <ClInclude Include="kxf\Serialization\INI\INIDocument.h">
      <Filter>kxf\Serialization\INI</Filter>
    </ClInclude>
    <ClInclude Include="kxf\Serialization\JSON\JSONDocument.h">
      <Filter>kxf\Serialization\JSON</Filter>
    </ClInclude>
    <ClInclude Include="kxf\Serialization\Private\XDocument.h">
      <Filter>kxf\Serialization\Private</Filter>
    </ClInclude>
    <ClInclude Include="kxf\Serialization\HTML\Private\error.h">
      <Filter>kxf\Serialization\HTML\Private</Filter>
    </ClInclude>
    <ClInclude Include="kxf\Serialization\HTML\Private\insertion_mode.h">
      <Filter>kxf\Serialization\HTML\Private</Filter>
    </ClInclude>
    <ClInclude Include="kxf\Serialization\HTML\Private\string_buffer.h">
      <Filter>kxf\Serialization\HTML\Private</Filter>
    </ClInclude>
    <ClInclude Include="kxf\Serialization\HTML\Private\token_type.h">
      <Filter>kxf\Serialization\HTML\Private</Filter>
    </ClInclude>
    <ClInclude Include="kxf\Serialization\XML\Private\TinyXML2 HTML5 Printer.h">
      <Filter>kxf\Serialization\XML\Private</Filter>
    </ClInclude>
    <ClInclude Include="kxf\Serialization\XML\Private\Utility.h">
      <Filter>kxf\Serialization\XML\Private</Filter>
    </ClInclude>
    <ClInclude Include="kxf\Serialization.hpp">
      <Filter>kxf/Modules</Filter>
    </ClInclude>
    <ClInclude Include="kxf\Compression\SevenZip.h">
      <Filter>kxf\Compression</Filter>
    </ClInclude>
    <ClInclude Include="kxf\EventSystem\EventID.h">
      <Filter>kxf\EventSystem</Filter>
    </ClInclude>
    <ClInclude Include="kxf\UI\WidgetID.h">
      <Filter>kxf\UI\&lt;UI&gt;</Filter>
    </ClInclude>
    <ClInclude Include="kxf\Threading\ReadWriteLock.h">
      <Filter>kxf\Threading</Filter>
    </ClInclude>
    <ClInclude Include="kxf\Threading\LockGuard.h">
      <Filter>kxf\Threading</Filter>
    </ClInclude>
    <ClInclude Include="kxf\EventSystem\IWithEvtHandler.h">
      <Filter>kxf\EventSystem</Filter>
    </ClInclude>
    <ClInclude Include="kxf\EventSystem\IEventExecutor.h">
      <Filter>kxf\EventSystem</Filter>
    </ClInclude>
    <ClInclude Include="kxf\EventSystem\EvtHandler.h">
      <Filter>kxf\EventSystem</Filter>
    </ClInclude>
    <ClInclude Include="kxf\EventSystem\EventExecutor.h">
      <Filter>kxf\EventSystem</Filter>
    </ClInclude>
    <ClInclude Include="kxf\EventSystem\EventItem.h">
      <Filter>kxf\EventSystem</Filter>
    </ClInclude>
    <ClInclude Include="kxf\EventSystem\IEventFilter.h">
      <Filter>kxf\EventSystem</Filter>
    </ClInclude>
    <ClInclude Include="kxf\wxWidgets\Application.h">
      <Filter>kxf\wxWidgets</Filter>
    </ClInclude>
    <ClInclude Include="kxf\Threading\RecursiveRWLock.h">
      <Filter>kxf\Threading</Filter>
    </ClInclude>
    <ClInclude Include="kxf\EventSystem\CRTP\CallAfter.h">
      <Filter>kxf\EventSystem\CRTP</Filter>
    </ClInclude>
    <ClInclude Include="kxf\EventSystem\CRTP\ProcessEvent.h">
      <Filter>kxf\EventSystem\CRTP</Filter>
    </ClInclude>
    <ClInclude Include="kxf\EventSystem\CRTP\Bind.h">
      <Filter>kxf\EventSystem\CRTP</Filter>
    </ClInclude>
    <ClInclude Include="kxf\EventSystem\CRTP\QueueEvent.h">
      <Filter>kxf\EventSystem\CRTP</Filter>
    </ClInclude>
    <ClInclude Include="kxf\EventSystem\EvtHandlerDelegate.h">
      <Filter>kxf\EventSystem</Filter>
    </ClInclude>
    <ClInclude Include="kxf\EventSystem\IEventLoop.h">
      <Filter>kxf\EventSystem</Filter>
    </ClInclude>
    <ClInclude Include="kxf\EventSystem\CommonEventLoop.h">
      <Filter>kxf\EventSystem</Filter>
    </ClInclude>
    <ClInclude Include="kxf\Threading\SynchronizedCondition.h">
      <Filter>kxf\Threading</Filter>
    </ClInclude>
    <ClInclude Include="kxf\EventSystem\Private\Win32GUIEventLoop.h">
      <Filter>kxf\EventSystem\Private</Filter>
    </ClInclude>
    <ClInclude Include="kxf\wxWidgets\EventLoopWrapper.h">
      <Filter>kxf\wxWidgets</Filter>
    </ClInclude>
    <ClInclude Include="kxf\EventSystem\Private\Win32ConsoleEventLoop.h">
      <Filter>kxf\EventSystem\Private</Filter>
    </ClInclude>
    <ClInclude Include="kxf\Utility\WithOptionalOwnership.h">
      <Filter>kxf\Utility</Filter>
    </ClInclude>
    <ClInclude Include="kxf\EventSystem\Private\Win32CommonEventLoop.h">
      <Filter>kxf\EventSystem\Private</Filter>
    </ClInclude>
    <ClInclude Include="kxf\EventSystem\ActivateEvent.h">
      <Filter>kxf\EventSystem\&lt;Events&gt;</Filter>
    </ClInclude>
    <ClInclude Include="kxf\EventSystem\AsyncEvent.h">
      <Filter>kxf\EventSystem\&lt;Events&gt;</Filter>
    </ClInclude>
    <ClInclude Include="kxf\EventSystem\IdleEvent.h">
      <Filter>kxf\EventSystem\&lt;Events&gt;</Filter>
    </ClInclude>
    <ClInclude Include="kxf\Application.hpp">
      <Filter>kxf/Modules</Filter>
    </ClInclude>
    <ClInclude Include="kxf\Application\Common.h">
      <Filter>kxf\Application</Filter>
    </ClInclude>
    <ClInclude Include="kxf\Application\ApplicationInitializer.h">
      <Filter>kxf\Application</Filter>
    </ClInclude>
    <ClInclude Include="kxf\Application\CoreApplication.h">
      <Filter>kxf\Application</Filter>
    </ClInclude>
    <ClInclude Include="kxf\Application\GUIApplication.h">
      <Filter>kxf\Application</Filter>
    </ClInclude>
    <ClInclude Include="kxf\Application\ICoreApplication.h">
      <Filter>kxf\Application</Filter>
    </ClInclude>
    <ClInclude Include="kxf\Application\IGUIApplication.h">
      <Filter>kxf\Application</Filter>
    </ClInclude>
    <ClInclude Include="kxf\Application\Private\NativeApp.h">
      <Filter>kxf\Application\Private</Filter>
    </ClInclude>
    <ClInclude Include="kxf\EventSystem\IEvent.h">
      <Filter>kxf\EventSystem</Filter>
    </ClInclude>
    <ClInclude Include="kxf\wxWidgets\EvtHandlerWrapper.h">
      <Filter>kxf\wxWidgets</Filter>
    </ClInclude>
    <ClInclude Include="kxf\EventSystem\WidgetEvent.h">
      <Filter>kxf\EventSystem\&lt;Events&gt;</Filter>
    </ClInclude>
    <ClInclude Include="kxf\EventSystem\BasicEvent.h">
      <Filter>kxf\EventSystem\&lt;Events&gt;</Filter>
    </ClInclude>
    <ClInclude Include="kxf\EventSystem\Event.h">
      <Filter>kxf\EventSystem\&lt;Events&gt;</Filter>
    </ClInclude>
    <ClInclude Include="kxf\wxWidgets\EventWrapper.h">
      <Filter>kxf\wxWidgets</Filter>
    </ClInclude>
    <ClInclude Include="kxf\wxWidgets\ClientObject.h">
      <Filter>kxf\wxWidgets</Filter>
    </ClInclude>
    <ClInclude Include="kxf\Application\Private\Utility.h">
      <Filter>kxf\Application\Private</Filter>
    </ClInclude>
    <ClInclude Include="kxf\wxWidgets\IWithEvent.h">
      <Filter>kxf\wxWidgets</Filter>
    </ClInclude>
    <ClInclude Include="kxf\EventSystem\IEvtHandler.h">
      <Filter>kxf\EventSystem</Filter>
    </ClInclude>
    <ClInclude Include="kxf\EventSystem\EventAccessor.h">
      <Filter>kxf\EventSystem</Filter>
    </ClInclude>
    <ClInclude Include="kxf\EventSystem\EvtHandlerAccessor.h">
      <Filter>kxf\EventSystem</Filter>
    </ClInclude>
  </ItemGroup>
  <ItemGroup>
    <ClCompile Include="kxf\EventSystem\BroadcastProcessor.cpp">
      <Filter>kxf\EventSystem</Filter>
    </ClCompile>
    <ClCompile Include="kxf\EventSystem\EventBuilder.cpp">
      <Filter>kxf\EventSystem</Filter>
    </ClCompile>
    <ClCompile Include="kxf\Async\Coroutine\CoroutineImpl.cpp">
      <Filter>kxf\Async\Coroutine</Filter>
    </ClCompile>
    <ClCompile Include="kxf\Sciter\Node.cpp">
      <Filter>kxf\Sciter</Filter>
    </ClCompile>
    <ClCompile Include="kxf\Sciter\Element.cpp">
      <Filter>kxf\Sciter</Filter>
    </ClCompile>
    <ClCompile Include="kxf\Sciter\Controls\Label.cpp">
      <Filter>kxf\Sciter\Controls</Filter>
    </ClCompile>
    <ClCompile Include="kxf\Sciter\Host.cpp">
      <Filter>kxf\Sciter</Filter>
    </ClCompile>
    <ClCompile Include="kxf\Sciter\Common.cpp">
      <Filter>kxf\Sciter</Filter>
    </ClCompile>
    <ClCompile Include="kxf\Sciter\SciterAPI.cpp">
      <Filter>kxf\Sciter</Filter>
    </ClCompile>
    <ClCompile Include="kxf\Sciter\Internal.cpp">
      <Filter>kxf\Sciter</Filter>
    </ClCompile>
    <ClCompile Include="kxf\Sciter\Events\Event.cpp">
      <Filter>kxf\Sciter\Events</Filter>
    </ClCompile>
    <ClCompile Include="kxf\Sciter\IWindowRenderer.cpp">
      <Filter>kxf\Sciter</Filter>
    </ClCompile>
    <ClCompile Include="kxf\Sciter\Renderers\DirectX.cpp">
      <Filter>kxf\Sciter\Renderers</Filter>
    </ClCompile>
    <ClCompile Include="kxf\Sciter\Renderers\FPSCounter.cpp">
      <Filter>kxf\Sciter\Renderers</Filter>
    </ClCompile>
    <ClCompile Include="kxf\Sciter\Widget.cpp">
      <Filter>kxf\Sciter</Filter>
    </ClCompile>
    <ClCompile Include="kxf\EventSystem\EventHandlerStack.cpp">
      <Filter>kxf\EventSystem</Filter>
    </ClCompile>
    <ClCompile Include="kxf\Sciter\EventDispatcher.cpp">
      <Filter>kxf\Sciter</Filter>
    </ClCompile>
    <ClCompile Include="kxf\Sciter\WidgetFactory.cpp">
      <Filter>kxf\Sciter</Filter>
    </ClCompile>
    <ClCompile Include="kxf\Sciter\ScriptValue.cpp">
      <Filter>kxf\Sciter</Filter>
    </ClCompile>
    <ClCompile Include="kxf\Sciter\GraphicsRenderer\GraphicsBitmap.cpp">
      <Filter>kxf\Sciter\GraphicsRenderer</Filter>
    </ClCompile>
    <ClCompile Include="kxf\Sciter\GraphicsRenderer\GraphicsText.cpp">
      <Filter>kxf\Sciter\GraphicsRenderer</Filter>
    </ClCompile>
    <ClCompile Include="kxf\Sciter\GraphicsRenderer\GraphicsPath.cpp">
      <Filter>kxf\Sciter\GraphicsRenderer</Filter>
    </ClCompile>
    <ClCompile Include="kxf\Sciter\GraphicsRenderer\GraphicsContext.cpp">
      <Filter>kxf\Sciter\GraphicsRenderer</Filter>
    </ClCompile>
    <ClCompile Include="kxf\Sciter\Events\PaintEvent.cpp">
      <Filter>kxf\Sciter\Events</Filter>
    </ClCompile>
    <ClCompile Include="kxf\FileSystem\FSPath.cpp">
      <Filter>kxf\FileSystem</Filter>
    </ClCompile>
    <ClCompile Include="kxf\FileSystem\Common.cpp">
      <Filter>kxf\FileSystem</Filter>
    </ClCompile>
    <ClCompile Include="kxf\System\ShellFileType.cpp">
      <Filter>kxf\System</Filter>
    </ClCompile>
    <ClCompile Include="kxf\System\ShellFileTypeInfo.cpp">
      <Filter>kxf\System</Filter>
    </ClCompile>
    <ClCompile Include="kxf\System\ShellFileTypeManager.cpp">
      <Filter>kxf\System</Filter>
    </ClCompile>
    <ClCompile Include="kxf\Threading\JoinableThread.cpp">
      <Filter>kxf\Threading</Filter>
    </ClCompile>
    <ClCompile Include="kxf\FileSystem\FileOperations.cpp">
      <Filter>kxf\FileSystem</Filter>
    </ClCompile>
    <ClCompile Include="kxf\General\BinarySize.cpp">
      <Filter>kxf\General</Filter>
    </ClCompile>
    <ClCompile Include="kxf\FileSystem\FileItem.cpp">
      <Filter>kxf\FileSystem</Filter>
    </ClCompile>
    <ClCompile Include="kxf\FileSystem\NativeFileSystem.cpp">
      <Filter>kxf\FileSystem</Filter>
    </ClCompile>
    <ClCompile Include="kxf\FileSystem\LegacyVolume.cpp">
      <Filter>kxf\FileSystem</Filter>
    </ClCompile>
    <ClCompile Include="kxf\FileSystem\StorageVolume.cpp">
      <Filter>kxf\FileSystem</Filter>
    </ClCompile>
    <ClCompile Include="kxf\FileSystem\RecycleBin.cpp">
      <Filter>kxf\FileSystem</Filter>
    </ClCompile>
    <ClCompile Include="kxf\System\ShellOperations.cpp">
      <Filter>kxf\System</Filter>
    </ClCompile>
    <ClCompile Include="kxf\System\COM.cpp">
      <Filter>kxf\System</Filter>
    </ClCompile>
    <ClCompile Include="kxf\System\ErrorCodeValue.cpp">
      <Filter>kxf\System</Filter>
    </ClCompile>
    <ClCompile Include="kxf\System\ErrorCode.cpp">
      <Filter>kxf\System</Filter>
    </ClCompile>
    <ClCompile Include="kxf\Compression\ZLibStream.cpp">
      <Filter>kxf\Compression</Filter>
    </ClCompile>
    <ClCompile Include="kxf\Compression\LZ4Stream.cpp">
      <Filter>kxf\Compression</Filter>
    </ClCompile>
    <ClCompile Include="kxf\General\Version.cpp">
      <Filter>kxf\General</Filter>
    </ClCompile>
    <ClCompile Include="kxf\General\Private\VersionImpl.cpp">
      <Filter>kxf\General\Private</Filter>
    </ClCompile>
    <ClCompile Include="kxf\General\Any.cpp">
      <Filter>kxf\General</Filter>
    </ClCompile>
    <ClCompile Include="kxf\General\Color.cpp">
      <Filter>kxf\General</Filter>
    </ClCompile>
    <ClCompile Include="kxf\General\UniversallyUniqueID.cpp">
      <Filter>kxf\General</Filter>
    </ClCompile>
    <ClCompile Include="kxf\General\String.cpp">
      <Filter>kxf\General</Filter>
    </ClCompile>
    <ClCompile Include="kxf\General\StringFormater.cpp">
      <Filter>kxf\General</Filter>
    </ClCompile>
    <ClCompile Include="kxf\System\NativeAPI.cpp">
      <Filter>kxf\System</Filter>
    </ClCompile>
    <ClCompile Include="kxf\System\SystemInformation.cpp">
      <Filter>kxf\System</Filter>
    </ClCompile>
    <ClCompile Include="kxf\System\CredentialStore.cpp">
      <Filter>kxf\System</Filter>
    </ClCompile>
    <ClCompile Include="kxf\Crypto\Crypto.cpp">
      <Filter>kxf\Crypto</Filter>
    </ClCompile>
    <ClCompile Include="kxf\Crypto\Common.cpp">
      <Filter>kxf\Crypto</Filter>
    </ClCompile>
    <ClCompile Include="kxf\Crypto\SecretValue.cpp">
      <Filter>kxf\Crypto</Filter>
    </ClCompile>
    <ClCompile Include="kxf\System\CFunctionCompiler.cpp">
      <Filter>kxf\System</Filter>
    </ClCompile>
    <ClCompile Include="kxf\System\Registry.cpp">
      <Filter>kxf\System</Filter>
    </ClCompile>
    <ClCompile Include="kxf\Network\Common.cpp">
      <Filter>kxf\Network</Filter>
    </ClCompile>
    <ClCompile Include="kxf\Utility\String.cpp">
      <Filter>kxf\Utility</Filter>
    </ClCompile>
    <ClCompile Include="kxf\Utility\System.cpp">
      <Filter>kxf\Utility</Filter>
    </ClCompile>
    <ClCompile Include="kxf\Network\URI.cpp">
      <Filter>kxf\Network</Filter>
    </ClCompile>
    <ClCompile Include="kxf\Network\URL.cpp">
      <Filter>kxf\Network</Filter>
    </ClCompile>
    <ClCompile Include="kxf\Network\CURL.cpp">
      <Filter>kxf\Network</Filter>
    </ClCompile>
    <ClCompile Include="kxf\Network\WebSocket.cpp">
      <Filter>kxf\Network</Filter>
    </ClCompile>
    <ClCompile Include="kxf\Network\WebSocket\SecureClient.cpp">
      <Filter>kxf\Network\WebSocket</Filter>
    </ClCompile>
    <ClCompile Include="kxf\Network\WebSocket\Event.cpp">
      <Filter>kxf\Network\WebSocket</Filter>
    </ClCompile>
    <ClCompile Include="kxf\Network\CURL\Private\CURL.cpp">
      <Filter>kxf\Network\CURL\Private</Filter>
    </ClCompile>
    <ClCompile Include="kxf\Network\CURL\Event.cpp">
      <Filter>kxf\Network\CURL</Filter>
    </ClCompile>
    <ClCompile Include="kxf\Network\CURL\Session.cpp">
      <Filter>kxf\Network\CURL</Filter>
    </ClCompile>
    <ClCompile Include="kxf\Network\CURL\Reply.cpp">
      <Filter>kxf\Network\CURL</Filter>
    </ClCompile>
    <ClCompile Include="kxf\Drawing\Common.cpp">
      <Filter>kxf\Drawing</Filter>
    </ClCompile>
    <ClCompile Include="kxf\Drawing\ImageList.cpp">
      <Filter>kxf\Drawing</Filter>
    </ClCompile>
    <ClCompile Include="kxf\Drawing\ImageSet.cpp">
      <Filter>kxf\Drawing</Filter>
    </ClCompile>
    <ClCompile Include="kxf\Drawing\DCOperations.cpp">
      <Filter>kxf\Drawing</Filter>
    </ClCompile>
    <ClCompile Include="kxf\Drawing\UxTheme.cpp">
      <Filter>kxf\Drawing</Filter>
    </ClCompile>
    <ClCompile Include="kxf\General\Math.cpp">
      <Filter>kxf\General</Filter>
    </ClCompile>
    <ClCompile Include="kxf\System\DPIAwareness.cpp">
      <Filter>kxf\System</Filter>
    </ClCompile>
    <ClCompile Include="kxf\System\WOW64FSRedirection.cpp">
      <Filter>kxf\System</Filter>
    </ClCompile>
    <ClCompile Include="kxf\Localization\Common.cpp">
      <Filter>kxf\Localization</Filter>
    </ClCompile>
    <ClCompile Include="kxf\Localization\Private\StandardLocalization.cpp">
      <Filter>kxf\Localization\Private</Filter>
    </ClCompile>
    <ClCompile Include="kxf\Localization\Locale.cpp">
      <Filter>kxf\Localization</Filter>
    </ClCompile>
    <ClCompile Include="kxf\Localization\Private\LocaleOptions.cpp">
      <Filter>kxf\Localization\Private</Filter>
    </ClCompile>
    <ClCompile Include="kxf\System\ShellLink.cpp">
      <Filter>kxf\System</Filter>
    </ClCompile>
    <ClCompile Include="kxf\System\Private\Shell.cpp">
      <Filter>kxf\System\Private</Filter>
    </ClCompile>
    <ClCompile Include="kxf\System\TaskScheduler.cpp">
      <Filter>kxf\System</Filter>
    </ClCompile>
    <ClCompile Include="kxf\System\SharedMemory.cpp">
      <Filter>kxf\System</Filter>
    </ClCompile>
    <ClCompile Include="stdafx.cpp" />
    <ClCompile Include="kxf\RTTI\ComponentSystem.cpp">
      <Filter>kxf\RTTI</Filter>
    </ClCompile>
    <ClCompile Include="kxf\System\DynamicLibrary.cpp">
      <Filter>kxf\System</Filter>
    </ClCompile>
    <ClCompile Include="kxf\System\Private\System.cpp">
      <Filter>kxf\System\Private</Filter>
    </ClCompile>
    <ClCompile Include="kxf\System\ExecutableVersionResource.cpp">
      <Filter>kxf\System</Filter>
    </ClCompile>
    <ClCompile Include="kxf\System\SystemProcess\RunningSystemProcess.cpp">
      <Filter>kxf\System\SystemProcess</Filter>
    </ClCompile>
    <ClCompile Include="kxf\System\SystemProcess\SystemProcessInfo.cpp">
      <Filter>kxf\System\SystemProcess</Filter>
    </ClCompile>
    <ClCompile Include="kxf\System\SystemProcess\RunningSystemProcessStdIO.cpp">
      <Filter>kxf\System\SystemProcess</Filter>
    </ClCompile>
    <ClCompile Include="kxf\System\SystemProcess\CreateProcessExecutor.cpp">
      <Filter>kxf\System\SystemProcess</Filter>
    </ClCompile>
    <ClCompile Include="kxf\System\SystemProcess.cpp">
      <Filter>kxf\System</Filter>
    </ClCompile>
    <ClCompile Include="kxf\UI\Windows\SplashWindow.cpp">
      <Filter>kxf\UI\Windows</Filter>
    </ClCompile>
    <ClCompile Include="kxf\UI\Windows\SplitterWindow.cpp">
      <Filter>kxf\UI\Windows</Filter>
    </ClCompile>
    <ClCompile Include="kxf\UI\Windows\TopLevelWindow.cpp">
      <Filter>kxf\UI\Windows</Filter>
    </ClCompile>
    <ClCompile Include="kxf\UI\Windows\ToolTipEx.cpp">
      <Filter>kxf\UI\Windows</Filter>
    </ClCompile>
    <ClCompile Include="kxf\UI\Windows\RichToolTip.cpp">
      <Filter>kxf\UI\Windows</Filter>
    </ClCompile>
    <ClCompile Include="kxf\UI\Windows\CollapsiblePane.cpp">
      <Filter>kxf\UI\Windows</Filter>
    </ClCompile>
    <ClCompile Include="kxf\UI\Windows\Panel.cpp">
      <Filter>kxf\UI\Windows</Filter>
    </ClCompile>
    <ClCompile Include="kxf\UI\Windows\DrawablePanel.cpp">
      <Filter>kxf\UI\Windows</Filter>
    </ClCompile>
    <ClCompile Include="kxf\UI\Windows\Frame.cpp">
      <Filter>kxf\UI\Windows</Filter>
    </ClCompile>
    <ClCompile Include="kxf\UI\Controls\AUI\AuiNotebook.cpp">
      <Filter>kxf\UI\Controls\AUI</Filter>
    </ClCompile>
    <ClCompile Include="kxf\UI\Controls\AUI\AuiToolBarEvent.cpp">
      <Filter>kxf\UI\Controls\AUI</Filter>
    </ClCompile>
    <ClCompile Include="kxf\UI\Controls\AUI\AuiToolBarItem.cpp">
      <Filter>kxf\UI\Controls\AUI</Filter>
    </ClCompile>
    <ClCompile Include="kxf\UI\Controls\AUI\AuiToolBar.cpp">
      <Filter>kxf\UI\Controls\AUI</Filter>
    </ClCompile>
    <ClCompile Include="kxf\UI\Dialogs\Dialog.cpp">
      <Filter>kxf\UI\Dialogs</Filter>
    </ClCompile>
    <ClCompile Include="kxf\UI\Dialogs\StdDialog.cpp">
      <Filter>kxf\UI\Dialogs</Filter>
    </ClCompile>
    <ClCompile Include="kxf\UI\Dialogs\ComboBoxDialog.cpp">
      <Filter>kxf\UI\Dialogs</Filter>
    </ClCompile>
    <ClCompile Include="kxf\UI\Dialogs\SimpleStdDialog.cpp">
      <Filter>kxf\UI\Dialogs</Filter>
    </ClCompile>
    <ClCompile Include="kxf\UI\Dialogs\TextBoxDialog.cpp">
      <Filter>kxf\UI\Dialogs</Filter>
    </ClCompile>
    <ClCompile Include="kxf\UI\Dialogs\ProgressDialog.cpp">
      <Filter>kxf\UI\Dialogs</Filter>
    </ClCompile>
    <ClCompile Include="kxf\UI\Dialogs\CredentialsDialog.cpp">
      <Filter>kxf\UI\Dialogs</Filter>
    </ClCompile>
    <ClCompile Include="kxf\Utility\Memory.cpp">
      <Filter>kxf\Utility</Filter>
    </ClCompile>
    <ClCompile Include="kxf\UI\Dialogs\FileBrowseDialog.cpp">
      <Filter>kxf\UI\Dialogs</Filter>
    </ClCompile>
    <ClCompile Include="kxf\UI\Dialogs\Private\FileBrowseDialogEvents.cpp">
      <Filter>kxf\UI\Dialogs\Private</Filter>
    </ClCompile>
    <ClCompile Include="kxf\UI\Dialogs\TaskDialog.cpp">
      <Filter>kxf\UI\Dialogs</Filter>
    </ClCompile>
    <ClCompile Include="kxf\UI\Dialogs\Private\TaskDialogNativeInfo.cpp">
      <Filter>kxf\UI\Dialogs\Private</Filter>
    </ClCompile>
    <ClCompile Include="kxf\UI\Menus\MenuEvent.cpp">
      <Filter>kxf\UI\Menus</Filter>
    </ClCompile>
    <ClCompile Include="kxf\UI\Menus\MenuItem.cpp">
      <Filter>kxf\UI\Menus</Filter>
    </ClCompile>
    <ClCompile Include="kxf\UI\Menus\Menu.cpp">
      <Filter>kxf\UI\Menus</Filter>
    </ClCompile>
    <ClCompile Include="kxf\UI\Menus\ShellMenu.cpp">
      <Filter>kxf\UI\Menus</Filter>
    </ClCompile>
    <ClCompile Include="kxf\UI\Controls\DataView\CellState.cpp">
      <Filter>kxf\UI\Controls\DataView</Filter>
    </ClCompile>
    <ClCompile Include="kxf\UI\Controls\DataView\Column.cpp">
      <Filter>kxf\UI\Controls\DataView</Filter>
    </ClCompile>
    <ClCompile Include="kxf\UI\Controls\DataView\Common.cpp">
      <Filter>kxf\UI\Controls\DataView</Filter>
    </ClCompile>
    <ClCompile Include="kxf\UI\Controls\DataView\DragAndDrop.cpp">
      <Filter>kxf\UI\Controls\DataView</Filter>
    </ClCompile>
    <ClCompile Include="kxf\UI\Controls\DataView\Editor.cpp">
      <Filter>kxf\UI\Controls\DataView</Filter>
    </ClCompile>
    <ClCompile Include="kxf\UI\Controls\DataView\Event.cpp">
      <Filter>kxf\UI\Controls\DataView</Filter>
    </ClCompile>
    <ClCompile Include="kxf\UI\Controls\DataView\HeaderCtrl.cpp">
      <Filter>kxf\UI\Controls\DataView</Filter>
    </ClCompile>
    <ClCompile Include="kxf\UI\Controls\DataView\HeaderCtrl2.cpp">
      <Filter>kxf\UI\Controls\DataView</Filter>
    </ClCompile>
    <ClCompile Include="kxf\UI\Controls\DataView\MainWindow.cpp">
      <Filter>kxf\UI\Controls\DataView</Filter>
    </ClCompile>
    <ClCompile Include="kxf\UI\Controls\DataView\Model.cpp">
      <Filter>kxf\UI\Controls\DataView</Filter>
    </ClCompile>
    <ClCompile Include="kxf\UI\Controls\DataView\Node.cpp">
      <Filter>kxf\UI\Controls\DataView</Filter>
    </ClCompile>
    <ClCompile Include="kxf\UI\Controls\DataView\RenderEngine.cpp">
      <Filter>kxf\UI\Controls\DataView</Filter>
    </ClCompile>
    <ClCompile Include="kxf\UI\Controls\DataView\Renderer.cpp">
      <Filter>kxf\UI\Controls\DataView</Filter>
    </ClCompile>
    <ClCompile Include="kxf\UI\Controls\DataView\ToolTip.cpp">
      <Filter>kxf\UI\Controls\DataView</Filter>
    </ClCompile>
    <ClCompile Include="kxf\UI\Controls\DataView\View.cpp">
      <Filter>kxf\UI\Controls\DataView</Filter>
    </ClCompile>
    <ClCompile Include="kxf\UI\Controls\DataView\Editors\ColorEditor.cpp">
      <Filter>kxf\UI\Controls\DataView\Editors</Filter>
    </ClCompile>
    <ClCompile Include="kxf\UI\Controls\DataView\Editors\ComboBoxEditor.cpp">
      <Filter>kxf\UI\Controls\DataView\Editors</Filter>
    </ClCompile>
    <ClCompile Include="kxf\UI\Controls\DataView\Editors\DateEditor.cpp">
      <Filter>kxf\UI\Controls\DataView\Editors</Filter>
    </ClCompile>
    <ClCompile Include="kxf\UI\Controls\DataView\Editors\SpinEditor.cpp">
      <Filter>kxf\UI\Controls\DataView\Editors</Filter>
    </ClCompile>
    <ClCompile Include="kxf\UI\Controls\DataView\Editors\TextEditor.cpp">
      <Filter>kxf\UI\Controls\DataView\Editors</Filter>
    </ClCompile>
    <ClCompile Include="kxf\UI\Controls\DataView\Editors\TimeEditor.cpp">
      <Filter>kxf\UI\Controls\DataView\Editors</Filter>
    </ClCompile>
    <ClCompile Include="kxf\UI\Controls\DataView\Renderers\BitmapRenderer.cpp">
      <Filter>kxf\UI\Controls\DataView\Renderers</Filter>
    </ClCompile>
    <ClCompile Include="kxf\UI\Controls\DataView\Renderers\BitmapTextRenderer.cpp">
      <Filter>kxf\UI\Controls\DataView\Renderers</Filter>
    </ClCompile>
    <ClCompile Include="kxf\UI\Controls\DataView\Renderers\BitmapTextToggleRenderer.cpp">
      <Filter>kxf\UI\Controls\DataView\Renderers</Filter>
    </ClCompile>
    <ClCompile Include="kxf\UI\Controls\DataView\Renderers\HTMLRenderer.cpp">
      <Filter>kxf\UI\Controls\DataView\Renderers</Filter>
    </ClCompile>
    <ClCompile Include="kxf\UI\Controls\DataView\Renderers\ImageListRenderer.cpp">
      <Filter>kxf\UI\Controls\DataView\Renderers</Filter>
    </ClCompile>
    <ClCompile Include="kxf\UI\Controls\DataView\Renderers\ProgressRenderer.cpp">
      <Filter>kxf\UI\Controls\DataView\Renderers</Filter>
    </ClCompile>
    <ClCompile Include="kxf\UI\Controls\DataView\Renderers\TextRenderer.cpp">
      <Filter>kxf\UI\Controls\DataView\Renderers</Filter>
    </ClCompile>
    <ClCompile Include="kxf\UI\Controls\DataView\Renderers\ToggleRenderer.cpp">
      <Filter>kxf\UI\Controls\DataView\Renderers</Filter>
    </ClCompile>
    <ClCompile Include="kxf\UI\Controls\DataView\Renderers\BitmapListRenderer.cpp">
      <Filter>kxf\UI\Controls\DataView\Renderers</Filter>
    </ClCompile>
    <ClCompile Include="kxf\UI\Controls\BitmapComboBox.cpp">
      <Filter>kxf\UI\Controls\&lt;Controls&gt;</Filter>
    </ClCompile>
    <ClCompile Include="kxf\UI\Controls\Button.cpp">
      <Filter>kxf\UI\Controls\&lt;Controls&gt;</Filter>
    </ClCompile>
    <ClCompile Include="kxf\UI\Controls\CheckBox.cpp">
      <Filter>kxf\UI\Controls\&lt;Controls&gt;</Filter>
    </ClCompile>
    <ClCompile Include="kxf\UI\Controls\ClusterMap.cpp">
      <Filter>kxf\UI\Controls\&lt;Controls&gt;</Filter>
    </ClCompile>
    <ClCompile Include="kxf\UI\Controls\ComboBox.cpp">
      <Filter>kxf\UI\Controls\&lt;Controls&gt;</Filter>
    </ClCompile>
    <ClCompile Include="kxf\UI\Controls\ComboControl.cpp">
      <Filter>kxf\UI\Controls\&lt;Controls&gt;</Filter>
    </ClCompile>
    <ClCompile Include="kxf\UI\Controls\DataViewComboBox.cpp">
      <Filter>kxf\UI\Controls\&lt;Controls&gt;</Filter>
    </ClCompile>
    <ClCompile Include="kxf\UI\Controls\HTMLWindow.cpp">
      <Filter>kxf\UI\Controls\&lt;Controls&gt;</Filter>
    </ClCompile>
    <ClCompile Include="kxf\UI\Controls\ImageView.cpp">
      <Filter>kxf\UI\Controls\&lt;Controls&gt;</Filter>
    </ClCompile>
    <ClCompile Include="kxf\UI\Controls\Label.cpp">
      <Filter>kxf\UI\Controls\&lt;Controls&gt;</Filter>
    </ClCompile>
    <ClCompile Include="kxf\UI\Controls\Notebook.cpp">
      <Filter>kxf\UI\Controls\&lt;Controls&gt;</Filter>
    </ClCompile>
    <ClCompile Include="kxf\UI\Controls\ProgressBar.cpp">
      <Filter>kxf\UI\Controls\&lt;Controls&gt;</Filter>
    </ClCompile>
    <ClCompile Include="kxf\UI\Controls\RadioButton.cpp">
      <Filter>kxf\UI\Controls\&lt;Controls&gt;</Filter>
    </ClCompile>
    <ClCompile Include="kxf\UI\Controls\SearchBox.cpp">
      <Filter>kxf\UI\Controls\&lt;Controls&gt;</Filter>
    </ClCompile>
    <ClCompile Include="kxf\UI\Controls\Simplebook.cpp">
      <Filter>kxf\UI\Controls\&lt;Controls&gt;</Filter>
    </ClCompile>
    <ClCompile Include="kxf\UI\Controls\Slider.cpp">
      <Filter>kxf\UI\Controls\&lt;Controls&gt;</Filter>
    </ClCompile>
    <ClCompile Include="kxf\UI\Controls\StaticBitmap.cpp">
      <Filter>kxf\UI\Controls\&lt;Controls&gt;</Filter>
    </ClCompile>
    <ClCompile Include="kxf\UI\Controls\StaticText.cpp">
      <Filter>kxf\UI\Controls\&lt;Controls&gt;</Filter>
    </ClCompile>
    <ClCompile Include="kxf\UI\Controls\StatusBar.cpp">
      <Filter>kxf\UI\Controls\&lt;Controls&gt;</Filter>
    </ClCompile>
    <ClCompile Include="kxf\UI\Controls\StatusBarEx.cpp">
      <Filter>kxf\UI\Controls\&lt;Controls&gt;</Filter>
    </ClCompile>
    <ClCompile Include="kxf\UI\Controls\StyledTextBox.cpp">
      <Filter>kxf\UI\Controls\&lt;Controls&gt;</Filter>
    </ClCompile>
    <ClCompile Include="kxf\UI\Controls\TextBox.cpp">
      <Filter>kxf\UI\Controls\&lt;Controls&gt;</Filter>
    </ClCompile>
    <ClCompile Include="kxf\UI\Controls\ThumbView.cpp">
      <Filter>kxf\UI\Controls\&lt;Controls&gt;</Filter>
    </ClCompile>
    <ClCompile Include="kxf\UI\Controls\WebView.cpp">
      <Filter>kxf\UI\Controls\&lt;Controls&gt;</Filter>
    </ClCompile>
    <ClCompile Include="kxf\UI\HiDPIEnabledWindow.cpp">
      <Filter>kxf\UI\&lt;UI&gt;</Filter>
    </ClCompile>
    <ClCompile Include="kxf\UI\StdDialogButtonSizer.cpp">
      <Filter>kxf\UI\&lt;UI&gt;</Filter>
    </ClCompile>
    <ClCompile Include="kxf\UI\Validator.cpp">
      <Filter>kxf\UI\&lt;UI&gt;</Filter>
    </ClCompile>
    <ClCompile Include="kxf\UI\Controls\DataView\CellAttribute.cpp">
      <Filter>kxf\UI\Controls\DataView</Filter>
    </ClCompile>
    <ClCompile Include="kxf\Utility\Drawing.cpp">
      <Filter>kxf\Utility</Filter>
    </ClCompile>
    <ClCompile Include="kxf\Localization\LocalizationPackage.cpp">
      <Filter>kxf\Localization</Filter>
    </ClCompile>
    <ClCompile Include="kxf\General\DateTime\TimeSpan.cpp">
      <Filter>kxf\General\DateTime</Filter>
    </ClCompile>
    <ClCompile Include="kxf\General\DateTime\TimeClock.cpp">
      <Filter>kxf\General\DateTime</Filter>
    </ClCompile>
    <ClCompile Include="kxf\General\DateTime\DateTime.cpp">
      <Filter>kxf\General\DateTime</Filter>
    </ClCompile>
    <ClCompile Include="kxf\General\DateTime\TimeZone.cpp">
      <Filter>kxf\General\DateTime</Filter>
    </ClCompile>
    <ClCompile Include="kxf\General\DateTime\DateSpan.cpp">
      <Filter>kxf\General\DateTime</Filter>
    </ClCompile>
    <ClCompile Include="kxf\System\UserName.cpp">
      <Filter>kxf\System</Filter>
    </ClCompile>
    <ClCompile Include="kxf\System\SystemAppearance.cpp">
      <Filter>kxf\System</Filter>
    </ClCompile>
    <ClCompile Include="kxf\UI\Common.cpp">
      <Filter>kxf\UI</Filter>
    </ClCompile>
    <ClCompile Include="kxf\System\DynamicLibraryEvent.cpp">
      <Filter>kxf\System</Filter>
    </ClCompile>
    <ClCompile Include="kxf\System\VariantProperty.cpp">
      <Filter>kxf\System</Filter>
    </ClCompile>
    <ClCompile Include="kxf\FileSystem\Private\NativeFSUtility.cpp">
      <Filter>kxf\FileSystem\Private</Filter>
    </ClCompile>
    <ClCompile Include="kxf\General\LocallyUniqueID.cpp">
      <Filter>kxf\General</Filter>
    </ClCompile>
    <ClCompile Include="kxf\Compression\SevenZip\Common.cpp">
      <Filter>kxf\Compression\SevenZip</Filter>
    </ClCompile>
    <ClCompile Include="kxf\Compression\SevenZip\Private\Utility.cpp">
      <Filter>kxf\Compression\SevenZip\Private</Filter>
    </ClCompile>
    <ClCompile Include="kxf\Compression\SevenZip\Private\InStreamWrapper.cpp">
      <Filter>kxf\Compression\SevenZip\Private\&lt;Streams&gt;</Filter>
    </ClCompile>
    <ClCompile Include="kxf\Compression\SevenZip\Private\OutStreamWrapper.cpp">
      <Filter>kxf\Compression\SevenZip\Private\&lt;Streams&gt;</Filter>
    </ClCompile>
    <ClCompile Include="kxf\Compression\SevenZip\Private\ArchiveExtractCallback.cpp">
      <Filter>kxf\Compression\SevenZip\Private\&lt;Callbacks&gt;</Filter>
    </ClCompile>
    <ClCompile Include="kxf\Compression\SevenZip\Private\ArchiveOpenCallback.cpp">
      <Filter>kxf\Compression\SevenZip\Private\&lt;Callbacks&gt;</Filter>
    </ClCompile>
    <ClCompile Include="kxf\Compression\SevenZip\Private\ArchiveUpdateCallback.cpp">
      <Filter>kxf\Compression\SevenZip\Private\&lt;Callbacks&gt;</Filter>
    </ClCompile>
    <ClCompile Include="kxf\Compression\SevenZip\Private\PasswordHandler.cpp">
      <Filter>kxf\Compression\SevenZip\Private</Filter>
    </ClCompile>
    <ClCompile Include="kxf\Compression\SevenZip\Library.cpp">
      <Filter>kxf\Compression\SevenZip</Filter>
    </ClCompile>
    <ClCompile Include="kxf\Compression\SevenZip\Archive.cpp">
      <Filter>kxf\Compression\SevenZip</Filter>
    </ClCompile>
    <ClCompile Include="kxf\Threading\CriticalSection.cpp">
      <Filter>kxf\Threading</Filter>
    </ClCompile>
    <ClCompile Include="kxf\IO\Common.cpp">
      <Filter>kxf\IO</Filter>
    </ClCompile>
    <ClCompile Include="kxf\IO\MemoryStream.cpp">
      <Filter>kxf\IO</Filter>
    </ClCompile>
    <ClCompile Include="kxf\IO\FileStream.cpp">
      <Filter>kxf\IO</Filter>
    </ClCompile>
    <ClCompile Include="kxf\Serialization\TextDocument.cpp">
      <Filter>kxf\Serialization</Filter>
    </ClCompile>
    <ClCompile Include="kxf\Serialization\XDocument.cpp">
      <Filter>kxf\Serialization</Filter>
    </ClCompile>
    <ClCompile Include="kxf\Serialization\HTML\HTMLNode.cpp">
      <Filter>kxf\Serialization\HTML</Filter>
    </ClCompile>
    <ClCompile Include="kxf\Serialization\HTML\HTMLDocument.cpp">
      <Filter>kxf\Serialization\HTML</Filter>
    </ClCompile>
    <ClCompile Include="kxf\Serialization\XML\XMLNode.cpp">
      <Filter>kxf\Serialization\XML</Filter>
    </ClCompile>
    <ClCompile Include="kxf\Serialization\XML\XMLAttribute.cpp">
      <Filter>kxf\Serialization\XML</Filter>
    </ClCompile>
    <ClCompile Include="kxf\Serialization\XML\XMLDocument.cpp">
      <Filter>kxf\Serialization\XML</Filter>
    </ClCompile>
    <ClCompile Include="kxf\Serialization\INI\INIDocument.cpp">
      <Filter>kxf\Serialization\INI</Filter>
    </ClCompile>
    <ClCompile Include="kxf\Serialization\JSON\JSONDocument.cpp">
      <Filter>kxf\Serialization\JSON</Filter>
    </ClCompile>
    <ClCompile Include="kxf\Serialization\HTML\Private\serialize.cpp">
      <Filter>kxf\Serialization\HTML\Private</Filter>
    </ClCompile>
    <ClCompile Include="kxf\Serialization\HTML\Private\clean_text.cpp">
      <Filter>kxf\Serialization\HTML\Private</Filter>
    </ClCompile>
    <ClCompile Include="kxf\EventSystem\EventID.cpp">
      <Filter>kxf\EventSystem</Filter>
    </ClCompile>
    <ClCompile Include="kxf\Threading\ReadWriteLock.cpp">
      <Filter>kxf\Threading</Filter>
    </ClCompile>
    <ClCompile Include="kxf\EventSystem\EvtHandler.cpp">
      <Filter>kxf\EventSystem</Filter>
    </ClCompile>
    <ClCompile Include="kxf\Threading\Common.cpp">
      <Filter>kxf\Threading</Filter>
    </ClCompile>
    <ClCompile Include="kxf\EventSystem\IEventLoop.cpp">
      <Filter>kxf\EventSystem</Filter>
    </ClCompile>
    <ClCompile Include="kxf\EventSystem\CommonEventLoop.cpp">
      <Filter>kxf\EventSystem</Filter>
    </ClCompile>
    <ClCompile Include="kxf\Threading\SynchronizedCondition.cpp">
      <Filter>kxf\Threading</Filter>
    </ClCompile>
    <ClCompile Include="kxf\EventSystem\Private\Win32GUIEventLoop.cpp">
      <Filter>kxf\EventSystem\Private</Filter>
    </ClCompile>
    <ClCompile Include="kxf\EventSystem\Private\Win32ConsoleEventLoop.cpp">
      <Filter>kxf\EventSystem\Private</Filter>
    </ClCompile>
    <ClCompile Include="kxf\EventSystem\Private\Win32CommonEventLoop.cpp">
      <Filter>kxf\EventSystem\Private</Filter>
    </ClCompile>
    <ClCompile Include="kxf\Application\ApplicationInitializer.cpp">
      <Filter>kxf\Application</Filter>
    </ClCompile>
    <ClCompile Include="kxf\Application\CoreApplication.cpp">
      <Filter>kxf\Application</Filter>
    </ClCompile>
    <ClCompile Include="kxf\Application\GUIApplication.cpp">
      <Filter>kxf\Application</Filter>
    </ClCompile>
    <ClCompile Include="kxf\Application\ICoreApplication.cpp">
      <Filter>kxf\Application</Filter>
    </ClCompile>
    <ClCompile Include="kxf\Application\Private\NativeApp.cpp">
      <Filter>kxf\Application\Private</Filter>
    </ClCompile>
    <ClCompile Include="kxf\Application\Private\Utility.cpp">
      <Filter>kxf\Application\Private</Filter>
    </ClCompile>
  </ItemGroup>
  <ItemGroup>
    <None Include="kxf\System\Private\ErrorCodeNtStatus.i">
      <Filter>kxf\System\Private</Filter>
    </None>
    <None Include=".gitattributes">
      <Filter>Resource Files</Filter>
    </None>
    <None Include=".gitignore">
      <Filter>Resource Files</Filter>
    </None>
    <None Include="Copyright header template">
      <Filter>Resource Files</Filter>
    </None>
    <None Include="LICENSE">
      <Filter>Resource Files</Filter>
    </None>
    <None Include="README.md">
      <Filter>Resource Files</Filter>
    </None>
    <None Include="cpp.hint">
      <Filter>Resource Files</Filter>
    </None>
    <None Include="VCPkg\ports\kxframework\portfile.cmake">
      <Filter>VCPkg\ports\kxframework</Filter>
    </None>
    <None Include="VCPkg\ports\kxframework\vcpkg.targets">
      <Filter>VCPkg\ports\kxframework</Filter>
    </None>
    <None Include="VCPkg\ports\kxframework\CONTROL">
      <Filter>VCPkg\ports\kxframework</Filter>
    </None>
    <None Include="VCPkg\triplets\community\x64-default.cmake">
      <Filter>VCPkg\triplets\community</Filter>
    </None>
    <None Include="VCPkg\triplets\community\x86-default.cmake">
      <Filter>VCPkg\triplets\community</Filter>
    </None>
  </ItemGroup>
  <ItemGroup>
    <Natvis Include="kxf\General\Color.natvis">
      <Filter>kxf\General</Filter>
    </Natvis>
  </ItemGroup>
</Project>